<?xml version="1.0" encoding="utf-8"?>
<Project ToolsVersion="4.0" xmlns="http://schemas.microsoft.com/developer/msbuild/2003">
  <ItemGroup>
    <Filter Include="image">
      <UniqueIdentifier>{7a1924f3-f759-4e1c-af30-ef49b18ae438}</UniqueIdentifier>
    </Filter>
    <Filter Include="SeaInterface">
      <UniqueIdentifier>{5e41a3a0-cee7-4167-bcfa-61f64b3ea4b3}</UniqueIdentifier>
    </Filter>
    <Filter Include="Spyglass">
      <UniqueIdentifier>{58a02658-f87b-4dad-ba28-44c6b4f98195}</UniqueIdentifier>
    </Filter>
    <Filter Include="LandInterface">
      <UniqueIdentifier>{caae4f20-fe52-49ac-9f63-4069ce8b9d14}</UniqueIdentifier>
    </Filter>
    <Filter Include="Timer">
      <UniqueIdentifier>{7a2987b5-72cf-4347-bfad-609cfe4dbd81}</UniqueIdentifier>
    </Filter>
    <Filter Include="ItemEntity">
      <UniqueIdentifier>{c6c5ae25-2abf-439c-9222-ea7237a72e84}</UniqueIdentifier>
    </Filter>
    <Filter Include="EnemyStatShower">
      <UniqueIdentifier>{764a73d4-07d0-4c1a-a490-96c17fb4e4b5}</UniqueIdentifier>
    </Filter>
    <Filter Include="CommonInterface">
      <UniqueIdentifier>{917c0415-b3f9-4074-a5d8-de48cbce6190}</UniqueIdentifier>
    </Filter>
    <Filter Include="WorldMapInterface">
      <UniqueIdentifier>{5bac1ed8-3141-49ba-b004-f5a74200c01b}</UniqueIdentifier>
    </Filter>
    <Filter Include="InterfaceManager">
      <UniqueIdentifier>{bf8eb3a8-f76e-4be2-8353-516390126a22}</UniqueIdentifier>
    </Filter>
    <Filter Include="InterfaceManager\InterfaceNode">
      <UniqueIdentifier>{85590eab-f259-4305-b34a-6786033a139e}</UniqueIdentifier>
    </Filter>
    <Filter Include="InterfaceManager\InterfaceGroup">
      <UniqueIdentifier>{fdbdaaf2-ce81-4abc-845d-33df0432fba2}</UniqueIdentifier>
    </Filter>
  </ItemGroup>
  <ItemGroup>
    <ClInclude Include="image\defines.h">
      <Filter>image</Filter>
    </ClInclude>
    <ClInclude Include="image\image.h">
      <Filter>image</Filter>
    </ClInclude>
    <ClInclude Include="image\imgrender.h">
      <Filter>image</Filter>
    </ClInclude>
    <ClInclude Include="image\material.h">
      <Filter>image</Filter>
    </ClInclude>
    <ClInclude Include="image\string.h">
      <Filter>image</Filter>
    </ClInclude>
    <ClInclude Include="sea\battle_navigator.h">
      <Filter>SeaInterface</Filter>
    </ClInclude>
    <ClInclude Include="sea\battle_shipcommand.h">
      <Filter>SeaInterface</Filter>
    </ClInclude>
    <ClInclude Include="sea\battle_shipsign.h">
      <Filter>SeaInterface</Filter>
    </ClInclude>
    <ClInclude Include="sea\ibattle.h">
      <Filter>SeaInterface</Filter>
    </ClInclude>
    <ClInclude Include="sea\island_descr.h">
      <Filter>SeaInterface</Filter>
    </ClInclude>
    <ClInclude Include="sea\ShipInfoImages.h">
      <Filter>SeaInterface</Filter>
    </ClInclude>
    <ClInclude Include="sea\ShipPointer.h">
      <Filter>SeaInterface</Filter>
    </ClInclude>
    <ClInclude Include="sea\ships_list.h">
      <Filter>SeaInterface</Filter>
    </ClInclude>
    <ClInclude Include="spyglass\spyglass.h">
      <Filter>Spyglass</Filter>
    </ClInclude>
    <ClInclude Include="land\battle_land.h">
      <Filter>LandInterface</Filter>
    </ClInclude>
    <ClInclude Include="land\battle_mancommand.h">
      <Filter>LandInterface</Filter>
    </ClInclude>
    <ClInclude Include="land\battle_mansign.h">
      <Filter>LandInterface</Filter>
    </ClInclude>
    <ClInclude Include="land\IBoardingStatus.h">
      <Filter>LandInterface</Filter>
    </ClInclude>
    <ClInclude Include="timer\Timer.h">
      <Filter>Timer</Filter>
    </ClInclude>
    <ClInclude Include="ItemEntity\itementity.h">
      <Filter>ItemEntity</Filter>
    </ClInclude>
    <ClInclude Include="EnemyStatShower\enemystatshower.h">
      <Filter>EnemyStatShower</Filter>
    </ClInclude>
    <ClInclude Include="ActivePerkShower.h">
      <Filter>CommonInterface</Filter>
    </ClInclude>
    <ClInclude Include="battle_command.h">
      <Filter>CommonInterface</Filter>
    </ClInclude>
    <ClInclude Include="battle_sign.h">
      <Filter>CommonInterface</Filter>
    </ClInclude>
    <ClInclude Include="defines.h">
      <Filter>CommonInterface</Filter>
    </ClInclude>
    <ClInclude Include="LogAndAction.h">
      <Filter>CommonInterface</Filter>
    </ClInclude>
    <ClInclude Include="MessageIcons.h">
      <Filter>CommonInterface</Filter>
    </ClInclude>
    <ClInclude Include="..\ENGINE\PROGRAM\BATTLE_INTERFACE\msg_control.h">
      <Filter>CommonInterface</Filter>
    </ClInclude>
    <ClInclude Include="Utils.h">
      <Filter>CommonInterface</Filter>
    </ClInclude>
    <ClInclude Include="WorldMapInterface\interface.h">
      <Filter>WorldMapInterface</Filter>
    </ClInclude>
    <ClInclude Include="WorldMapInterface\shipcommand.h">
      <Filter>WorldMapInterface</Filter>
    </ClInclude>
    <ClInclude Include="WorldMapInterface\shipsign.h">
      <Filter>WorldMapInterface</Filter>
    </ClInclude>
    <ClInclude Include="InterfaceManager\BaseManager.h">
      <Filter>InterfaceManager</Filter>
    </ClInclude>
    <ClInclude Include="InterfaceManager\InterfaceManager.h">
      <Filter>InterfaceManager</Filter>
    </ClInclude>
    <ClInclude Include="InterfaceManager\MousePointer.h">
      <Filter>InterfaceManager</Filter>
    </ClInclude>
    <ClInclude Include="InterfaceManager\InterfaceNode\AllNodes.h">
      <Filter>InterfaceManager\InterfaceNode</Filter>
    </ClInclude>
    <ClInclude Include="InterfaceManager\InterfaceNode\BaseNode.h">
      <Filter>InterfaceManager\InterfaceNode</Filter>
    </ClInclude>
    <ClInclude Include="InterfaceManager\InterfaceNode\ImageNode.h">
      <Filter>InterfaceManager\InterfaceNode</Filter>
    </ClInclude>
    <ClInclude Include="InterfaceManager\InterfaceNode\StringNode.h">
      <Filter>InterfaceManager\InterfaceNode</Filter>
    </ClInclude>
    <ClInclude Include="InterfaceManager\InterfaceGroup\BaseGroup.h">
      <Filter>InterfaceManager\InterfaceGroup</Filter>
    </ClInclude>
    <ClInclude Include="InterfaceManager\InterfaceGroup\SeaGroup.h">
      <Filter>InterfaceManager\InterfaceGroup</Filter>
    </ClInclude>
  </ItemGroup>
  <ItemGroup>
    <ClCompile Include="image\image.cpp">
      <Filter>image</Filter>
    </ClCompile>
    <ClCompile Include="image\imgrender.cpp">
      <Filter>image</Filter>
    </ClCompile>
    <ClCompile Include="image\material.cpp">
      <Filter>image</Filter>
    </ClCompile>
    <ClCompile Include="image\string.cpp">
      <Filter>image</Filter>
    </ClCompile>
    <ClCompile Include="sea\battle_navigator.cpp">
      <Filter>SeaInterface</Filter>
    </ClCompile>
    <ClCompile Include="sea\battle_shipcommand.cpp">
      <Filter>SeaInterface</Filter>
    </ClCompile>
    <ClCompile Include="sea\battle_shipsign.cpp">
      <Filter>SeaInterface</Filter>
    </ClCompile>
    <ClCompile Include="sea\ibattle.cpp">
      <Filter>SeaInterface</Filter>
    </ClCompile>
    <ClCompile Include="sea\island_descr.cpp">
      <Filter>SeaInterface</Filter>
    </ClCompile>
    <ClCompile Include="sea\ShipInfoImages.cpp">
      <Filter>SeaInterface</Filter>
    </ClCompile>
    <ClCompile Include="sea\ShipPointer.cpp">
      <Filter>SeaInterface</Filter>
    </ClCompile>
    <ClCompile Include="sea\ships_list.cpp">
      <Filter>SeaInterface</Filter>
    </ClCompile>
    <ClCompile Include="spyglass\spyglass.cpp">
      <Filter>Spyglass</Filter>
    </ClCompile>
    <ClCompile Include="land\battle_land.cpp">
      <Filter>LandInterface</Filter>
    </ClCompile>
    <ClCompile Include="land\battle_mancommand.cpp">
      <Filter>LandInterface</Filter>
    </ClCompile>
    <ClCompile Include="land\battle_mansign.cpp">
      <Filter>LandInterface</Filter>
    </ClCompile>
    <ClCompile Include="land\IBoardingStatus.cpp">
      <Filter>LandInterface</Filter>
    </ClCompile>
    <ClCompile Include="timer\Timer.cpp">
      <Filter>Timer</Filter>
    </ClCompile>
    <ClCompile Include="ItemEntity\itementity.cpp">
      <Filter>ItemEntity</Filter>
    </ClCompile>
    <ClCompile Include="EnemyStatShower\enemystatshower.cpp">
      <Filter>EnemyStatShower</Filter>
    </ClCompile>
    <ClCompile Include="ActivePerkShower.cpp">
      <Filter>CommonInterface</Filter>
    </ClCompile>
    <ClCompile Include="battle_command.cpp">
      <Filter>CommonInterface</Filter>
    </ClCompile>
    <ClCompile Include="battle_sign.cpp">
      <Filter>CommonInterface</Filter>
    </ClCompile>
    <ClCompile Include="LogAndAction.cpp">
      <Filter>CommonInterface</Filter>
    </ClCompile>
    <ClCompile Include="MessageIcons.cpp">
      <Filter>CommonInterface</Filter>
    </ClCompile>
    <ClCompile Include="Utils.cpp">
      <Filter>CommonInterface</Filter>
    </ClCompile>
    <ClCompile Include="WorldMapInterface\interface.cpp">
      <Filter>WorldMapInterface</Filter>
    </ClCompile>
    <ClCompile Include="WorldMapInterface\shipcommand.cpp">
      <Filter>WorldMapInterface</Filter>
    </ClCompile>
    <ClCompile Include="WorldMapInterface\shipsign.cpp">
      <Filter>WorldMapInterface</Filter>
    </ClCompile>
    <ClCompile Include="InterfaceManager\InterfaceManager.cpp">
      <Filter>InterfaceManager</Filter>
    </ClCompile>
    <ClCompile Include="InterfaceManager\MousePointer.cpp">
      <Filter>InterfaceManager</Filter>
    </ClCompile>
    <ClCompile Include="InterfaceManager\InterfaceNode\BaseNode.cpp">
      <Filter>InterfaceManager\InterfaceNode</Filter>
    </ClCompile>
    <ClCompile Include="InterfaceManager\InterfaceNode\ImageNode.cpp">
      <Filter>InterfaceManager\InterfaceNode</Filter>
    </ClCompile>
    <ClCompile Include="InterfaceManager\InterfaceNode\StringNode.cpp">
      <Filter>InterfaceManager\InterfaceNode</Filter>
    </ClCompile>
    <ClCompile Include="InterfaceManager\InterfaceGroup\BaseGroup.cpp">
      <Filter>InterfaceManager\InterfaceGroup</Filter>
    </ClCompile>
    <ClCompile Include="InterfaceManager\InterfaceGroup\SeaGroup.cpp">
      <Filter>InterfaceManager\InterfaceGroup</Filter>
    </ClCompile>
  </ItemGroup>
</Project>