<?xml version="1.0" encoding="utf-8"?>
<Project ToolsVersion="4.0" xmlns="http://schemas.microsoft.com/developer/msbuild/2003">
  <ItemGroup>
    <Filter Include="Source Files">
      <UniqueIdentifier>{ab86e98e-4ff6-44dc-8f3c-777a30eb3f63}</UniqueIdentifier>
      <Extensions>cpp;c;cxx;rc;def;r;odl;idl;hpj;bat</Extensions>
    </Filter>
    <Filter Include="Ship Files">
      <UniqueIdentifier>{dc2ac9aa-998e-430f-a398-0f410b86e3b0}</UniqueIdentifier>
    </Filter>
    <Filter Include="Ship Files\AIShip Controller Files">
      <UniqueIdentifier>{b752362b-73ae-4fda-a006-06e6b26e76d4}</UniqueIdentifier>
    </Filter>
    <Filter Include="Ship Files\AIShip Controller Files\AIShipTask Files">
      <UniqueIdentifier>{049dafb0-4a18-4973-8d8b-0d861b1eaf58}</UniqueIdentifier>
    </Filter>
    <Filter Include="Ship Files\AIShip Controller Files\AIShipCannon Files">
      <UniqueIdentifier>{98c35679-9f38-4c6c-89e7-785702212ced}</UniqueIdentifier>
    </Filter>
    <Filter Include="Ship Files\AIShip Controller Files\AIShipCamera Files">
      <UniqueIdentifier>{df969208-889f-4143-b7d4-42673458be5e}</UniqueIdentifier>
    </Filter>
    <Filter Include="Ship Files\AIShip Controller Files\AIShipTouch Files">
      <UniqueIdentifier>{f73d6bd5-24b0-47a1-a148-78bffb970a7a}</UniqueIdentifier>
    </Filter>
    <Filter Include="Ship Files\AIShip Controller Files\AIShipMove Files">
      <UniqueIdentifier>{bbe07fac-f446-499e-97e5-33e1d266d58e}</UniqueIdentifier>
    </Filter>
    <Filter Include="Ship Files\AIShip Controller Files\AIShipRotate Files">
      <UniqueIdentifier>{d345514e-713e-417e-9965-0218d75b3906}</UniqueIdentifier>
    </Filter>
    <Filter Include="Ship Files\AIShip Controller Files\AIShipSpeed Files">
      <UniqueIdentifier>{e581bb8d-bb18-4228-a029-9622bd8df523}</UniqueIdentifier>
    </Filter>
    <Filter Include="Group Files">
      <UniqueIdentifier>{2e1dce16-5ce7-414e-bbcc-eebdd0acd5a5}</UniqueIdentifier>
    </Filter>
    <Filter Include="Cannon Files">
      <UniqueIdentifier>{d6d17d23-5bc8-406a-a102-058a99f4614e}</UniqueIdentifier>
    </Filter>
    <Filter Include="Fort Files">
      <UniqueIdentifier>{84bce2af-07d3-47ed-a766-a75ae761d835}</UniqueIdentifier>
    </Filter>
    <Filter Include="Balls Files">
      <UniqueIdentifier>{0293e8e5-febf-489c-9cfb-ef78c6180b5c}</UniqueIdentifier>
    </Filter>
    <Filter Include="Helper Files">
      <UniqueIdentifier>{aef2529c-2a6e-44f1-be35-8cb04e6da4d5}</UniqueIdentifier>
    </Filter>
    <Filter Include="SeaLocatorShow Files">
      <UniqueIdentifier>{28d271a1-3b41-488a-84be-8dcefb3b9ab4}</UniqueIdentifier>
    </Filter>
    <Filter Include="Goods Files">
      <UniqueIdentifier>{ac9493a8-2d31-446b-b494-eed6c64cfd18}</UniqueIdentifier>
    </Filter>
  </ItemGroup>
  <ItemGroup>
    <ClInclude Include="AIFlowGraph.h">
      <Filter>Source Files</Filter>
    </ClInclude>
    <ClInclude Include="SEA_AI.h">
      <Filter>Source Files</Filter>
    </ClInclude>
    <ClInclude Include="..\COMMON_H\SD2_H\VAI_ObjBase.h">
      <Filter>Source Files</Filter>
    </ClInclude>
    <ClInclude Include="AIShip.h">
      <Filter>Ship Files</Filter>
    </ClInclude>
    <ClInclude Include="AIShipTaskController.h">
      <Filter>Ship Files\AIShip Controller Files\AIShipTask Files</Filter>
    </ClInclude>
    <ClInclude Include="AIShipCannonController.h">
      <Filter>Ship Files\AIShip Controller Files\AIShipCannon Files</Filter>
    </ClInclude>
    <ClInclude Include="AIShipCameraController.h">
      <Filter>Ship Files\AIShip Controller Files\AIShipCamera Files</Filter>
    </ClInclude>
    <ClInclude Include="AIShipTouchController.h">
      <Filter>Ship Files\AIShip Controller Files\AIShipTouch Files</Filter>
    </ClInclude>
    <ClInclude Include="AIShipMoveController.h">
      <Filter>Ship Files\AIShip Controller Files\AIShipMove Files</Filter>
    </ClInclude>
    <ClInclude Include="AIShipRotateController.h">
      <Filter>Ship Files\AIShip Controller Files\AIShipRotate Files</Filter>
    </ClInclude>
    <ClInclude Include="AIShipSpeedController.h">
      <Filter>Ship Files\AIShip Controller Files\AIShipSpeed Files</Filter>
    </ClInclude>
    <ClInclude Include="AIGroup.h">
      <Filter>Group Files</Filter>
    </ClInclude>
    <ClInclude Include="AICannon.h">
      <Filter>Cannon Files</Filter>
    </ClInclude>
    <ClInclude Include="AIFort.h">
      <Filter>Fort Files</Filter>
    </ClInclude>
    <ClInclude Include="AIBalls.h">
      <Filter>Balls Files</Filter>
    </ClInclude>
    <ClInclude Include="AIHelper.h">
      <Filter>Helper Files</Filter>
    </ClInclude>
    <ClInclude Include="LocatorShow.h">
      <Filter>SeaLocatorShow Files</Filter>
    </ClInclude>
    <ClInclude Include="AISeaGoods.h">
      <Filter>Goods Files</Filter>
    </ClInclude>
  </ItemGroup>
  <ItemGroup>
    <ClCompile Include="SEA_AI.cpp">
      <Filter>Source Files</Filter>
    </ClCompile>
    <ClCompile Include="SeaSaveLoad.cpp">
      <Filter>Source Files</Filter>
    </ClCompile>
    <ClCompile Include="AIShip.cpp">
      <Filter>Ship Files</Filter>
    </ClCompile>
    <ClCompile Include="AIShipBoat.cpp">
      <Filter>Ship Files</Filter>
    </ClCompile>
    <ClCompile Include="AIShipTrade.cpp">
      <Filter>Ship Files</Filter>
    </ClCompile>
    <ClCompile Include="AIShipWar.cpp">
      <Filter>Ship Files</Filter>
    </ClCompile>
    <ClCompile Include="AIShipTaskController.cpp">
      <Filter>Ship Files\AIShip Controller Files\AIShipTask Files</Filter>
    </ClCompile>
    <ClCompile Include="AIShipCannonController.cpp">
      <Filter>Ship Files\AIShip Controller Files\AIShipCannon Files</Filter>
    </ClCompile>
    <ClCompile Include="AIShipCameraController.cpp">
      <Filter>Ship Files\AIShip Controller Files\AIShipCamera Files</Filter>
    </ClCompile>
    <ClCompile Include="AIShipTouchController.cpp">
      <Filter>Ship Files\AIShip Controller Files\AIShipTouch Files</Filter>
    </ClCompile>
    <ClCompile Include="AIShipMoveController.cpp">
      <Filter>Ship Files\AIShip Controller Files\AIShipMove Files</Filter>
    </ClCompile>
    <ClCompile Include="AIShipRotateController.cpp">
      <Filter>Ship Files\AIShip Controller Files\AIShipRotate Files</Filter>
    </ClCompile>
    <ClCompile Include="AIShipSpeedController.cpp">
      <Filter>Ship Files\AIShip Controller Files\AIShipSpeed Files</Filter>
    </ClCompile>
    <ClCompile Include="AIGroup.cpp">
      <Filter>Group Files</Filter>
    </ClCompile>
    <ClCompile Include="AICannon.cpp">
      <Filter>Cannon Files</Filter>
    </ClCompile>
    <ClCompile Include="AIFort.cpp">
      <Filter>Fort Files</Filter>
    </ClCompile>
    <ClCompile Include="AIBalls.cpp">
      <Filter>Balls Files</Filter>
    </ClCompile>
    <ClCompile Include="AIHelper.cpp">
      <Filter>Helper Files</Filter>
    </ClCompile>
    <ClCompile Include="LocatorShow.cpp">
      <Filter>SeaLocatorShow Files</Filter>
    </ClCompile>
    <ClCompile Include="AISeaGoods.cpp">
      <Filter>Goods Files</Filter>
    </ClCompile>
  </ItemGroup>
</Project>