<?xml version="1.0" encoding="utf-8"?>
<Project ToolsVersion="4.0" xmlns="http://schemas.microsoft.com/developer/msbuild/2003">
  <ItemGroup>
    <Filter Include="Source Files">
      <UniqueIdentifier>{eaf829c1-5efb-4f44-b0c5-f15fed285fd2}</UniqueIdentifier>
      <Extensions>cpp;c;cxx;rc;def;r;odl;idl;hpj;bat</Extensions>
    </Filter>
    <Filter Include="Header Files">
      <UniqueIdentifier>{cb6dc100-2bc1-4178-9164-c444d2e91d13}</UniqueIdentifier>
      <Extensions>h;hpp;hxx;hm;inl</Extensions>
    </Filter>
    <Filter Include="Resource Files">
      <UniqueIdentifier>{072be505-d8df-4ceb-b83d-367089bf492f}</UniqueIdentifier>
      <Extensions>ico;cur;bmp;dlg;rc2;rct;bin;rgs;gif;jpg;jpeg;jpe</Extensions>
    </Filter>
    <Filter Include="Data">
      <UniqueIdentifier>{3ae277d3-06ec-4b8f-85ea-f8f941999a83}</UniqueIdentifier>
    </Filter>
    <Filter Include="Data\Techniques">
      <UniqueIdentifier>{c5b22b1a-378c-43fb-aaf5-aa9e3bd21910}</UniqueIdentifier>
    </Filter>
  </ItemGroup>
  <ItemGroup>
    <ClCompile Include="Font.cpp">
      <Filter>Source Files</Filter>
    </ClCompile>
    <ClCompile Include="Screenshot.cpp">
      <Filter>Source Files</Filter>
    </ClCompile>
    <ClCompile Include="sdevice.cpp">
      <Filter>Source Files</Filter>
    </ClCompile>
    <ClCompile Include="Technique.cpp">
      <Filter>Source Files</Filter>
    </ClCompile>
  </ItemGroup>
  <ItemGroup>
    <ClInclude Include="..\Common_h\dx8render.h">
      <Filter>Header Files</Filter>
    </ClInclude>
    <ClInclude Include="Font.h">
      <Filter>Header Files</Filter>
    </ClInclude>
    <ClInclude Include="sdevice.h">
      <Filter>Header Files</Filter>
    </ClInclude>
    <ClInclude Include="Technique.h">
      <Filter>Header Files</Filter>
    </ClInclude>
    <ClInclude Include="texture.h">
      <Filter>Header Files</Filter>
    </ClInclude>
    <ClInclude Include="..\COMMON_H\VideoTexture.h">
      <Filter>Header Files</Filter>
    </ClInclude>
  </ItemGroup>
  <ItemGroup>
    <None Include="..\Engine\modules\techniques\PostProcess\blur.sha">
      <Filter>Data\Techniques</Filter>
    </None>
    <None Include="..\Engine\modules\techniques\PostProcess\glow.sha">
      <Filter>Data\Techniques</Filter>
    </None>
    <None Include="..\Engine\modules\techniques\PostProcess\pp.sha">
      <Filter>Data\Techniques</Filter>
    </None>
    <None Include="..\Engine\Modules\Techniques\RDebug\Vector.sha">
      <Filter>Data\Techniques</Filter>
    </None>
    <None Include="..\Engine\glow.txt" />
  </ItemGroup>
</Project>