<?xml version="1.0" encoding="utf-8"?>
<Project ToolsVersion="4.0" xmlns="http://schemas.microsoft.com/developer/msbuild/2003">
  <ItemGroup>
    <Filter Include="Source Files">
      <UniqueIdentifier>{6e272720-7b89-465c-80ed-d08fbcb24d31}</UniqueIdentifier>
    </Filter>
    <Filter Include="FreeCamera Files">
      <UniqueIdentifier>{abbb2bcb-1cb3-4412-934f-a592ca623b2b}</UniqueIdentifier>
    </Filter>
    <Filter Include="ShipCamera Files">
      <UniqueIdentifier>{429f5bd8-8df0-44a4-b11f-e94c6f19ac9d}</UniqueIdentifier>
    </Filter>
    <Filter Include="DeckCamera">
      <UniqueIdentifier>{b41e0654-ddb7-4d23-a826-ec5cd302eb13}</UniqueIdentifier>
    </Filter>
  </ItemGroup>
  <ItemGroup>
    <ClInclude Include="Common_Camera.h">
      <Filter>Source Files</Filter>
    </ClInclude>
    <ClInclude Include="SEA_CAMERAS.h">
      <Filter>Source Files</Filter>
    </ClInclude>
    <ClInclude Include="FreeCamera.h">
      <Filter>FreeCamera Files</Filter>
    </ClInclude>
    <ClInclude Include="ShipCamera.h">
      <Filter>ShipCamera Files</Filter>
    </ClInclude>
    <ClInclude Include="DeckCamera.h">
      <Filter>DeckCamera</Filter>
    </ClInclude>
  </ItemGroup>
  <ItemGroup>
    <ClCompile Include="SEA_CAMERAS.cpp">
      <Filter>Source Files</Filter>
    </ClCompile>
    <ClCompile Include="FreeCamera.cpp">
      <Filter>FreeCamera Files</Filter>
    </ClCompile>
    <ClCompile Include="ShipCamera.cpp">
      <Filter>ShipCamera Files</Filter>
    </ClCompile>
    <ClCompile Include="DeckCamera.cpp">
      <Filter>DeckCamera</Filter>
    </ClCompile>
  </ItemGroup>
</Project>