<?xml version="1.0" encoding="utf-8"?>
<Project ToolsVersion="4.0" xmlns="http://schemas.microsoft.com/developer/msbuild/2003">
  <ItemGroup>
    <Filter Include="Flag">
      <UniqueIdentifier>{6ae0987c-b1c3-4b47-aa44-dc963f46897d}</UniqueIdentifier>
    </Filter>
    <Filter Include="Sail">
      <UniqueIdentifier>{3b34ec5c-fe41-44f6-9b8d-65d34af28af2}</UniqueIdentifier>
    </Filter>
    <Filter Include="Rope">
      <UniqueIdentifier>{d2502943-adf4-453e-8406-dba094f5e36c}</UniqueIdentifier>
    </Filter>
    <Filter Include="Vant">
      <UniqueIdentifier>{9fb6308b-b0b9-4669-a43f-2864747c009b}</UniqueIdentifier>
    </Filter>
    <Filter Include="ScriptFunctions">
      <UniqueIdentifier>{33401fcc-b168-4762-b4c4-2cce3451b924}</UniqueIdentifier>
    </Filter>
    <Filter Include="rig">
      <UniqueIdentifier>{fb2a72d3-2bd1-42d2-8432-7c24c878d73f}</UniqueIdentifier>
    </Filter>
    <Filter Include="common">
      <UniqueIdentifier>{4980f818-d6fb-4bdf-bf46-07e1cb4c2df4}</UniqueIdentifier>
    </Filter>
  </ItemGroup>
  <ItemGroup>
    <ClCompile Include="Flag.cpp">
      <Filter>Flag</Filter>
    </ClCompile>
    <ClCompile Include="sail.cpp">
      <Filter>Sail</Filter>
    </ClCompile>
    <ClCompile Include="SAILONE.cpp">
      <Filter>Sail</Filter>
    </ClCompile>
    <ClCompile Include="Rope.cpp">
      <Filter>Rope</Filter>
    </ClCompile>
    <ClCompile Include="Vant.cpp">
      <Filter>Vant</Filter>
    </ClCompile>
    <ClCompile Include="script_func.cpp">
      <Filter>ScriptFunctions</Filter>
    </ClCompile>
    <ClCompile Include="rigging_main.cpp">
      <Filter>rig</Filter>
    </ClCompile>
  </ItemGroup>
  <ItemGroup>
    <ClInclude Include="Flag.h">
      <Filter>Flag</Filter>
    </ClInclude>
    <ClInclude Include="sail.h">
      <Filter>Sail</Filter>
    </ClInclude>
    <ClInclude Include="SAILONE.h">
      <Filter>Sail</Filter>
    </ClInclude>
    <ClInclude Include="Rope.h">
      <Filter>Rope</Filter>
    </ClInclude>
    <ClInclude Include="Vant.h">
      <Filter>Vant</Filter>
    </ClInclude>
    <ClInclude Include="script_func.h">
      <Filter>ScriptFunctions</Filter>
    </ClInclude>
    <ClInclude Include="rigging_define.h">
      <Filter>rig</Filter>
    </ClInclude>
    <ClInclude Include="..\Common_h\sail_base.h">
      <Filter>common</Filter>
    </ClInclude>
    <ClInclude Include="..\Common_h\sail_msg.h">
      <Filter>common</Filter>
    </ClInclude>
  </ItemGroup>
</Project>