<?xml version="1.0" encoding="utf-8"?>
<Project ToolsVersion="16.0" xmlns="http://schemas.microsoft.com/developer/msbuild/2003">
  <ItemGroup>
    <ClCompile Include="C:\Source\storm-engine\src\libs\Battle_interface\EnemyStatShower\enemystatshower.cpp">
      <Filter>Source Files</Filter>
    </ClCompile>
    <ClCompile Include="C:\Source\storm-engine\src\libs\Battle_interface\image\image.cpp">
      <Filter>Source Files</Filter>
    </ClCompile>
    <ClCompile Include="C:\Source\storm-engine\src\libs\Battle_interface\image\imgrender.cpp">
      <Filter>Source Files</Filter>
    </ClCompile>
    <ClCompile Include="C:\Source\storm-engine\src\libs\Battle_interface\image\material.cpp">
      <Filter>Source Files</Filter>
    </ClCompile>
    <ClCompile Include="C:\Source\storm-engine\src\libs\Battle_interface\image\string.cpp">
      <Filter>Source Files</Filter>
    </ClCompile>
    <ClCompile Include="C:\Source\storm-engine\src\libs\Battle_interface\interfacemanager\interfacegroup\BaseGroup.cpp">
      <Filter>Source Files</Filter>
    </ClCompile>
    <ClCompile Include="C:\Source\storm-engine\src\libs\Battle_interface\interfacemanager\interfacegroup\SeaGroup.cpp">
      <Filter>Source Files</Filter>
    </ClCompile>
    <ClCompile Include="C:\Source\storm-engine\src\libs\Battle_interface\interfacemanager\interfacenode\BaseNode.cpp">
      <Filter>Source Files</Filter>
    </ClCompile>
    <ClCompile Include="C:\Source\storm-engine\src\libs\Battle_interface\interfacemanager\interfacenode\ImageNode.cpp">
      <Filter>Source Files</Filter>
    </ClCompile>
    <ClCompile Include="C:\Source\storm-engine\src\libs\Battle_interface\interfacemanager\interfacenode\StringNode.cpp">
      <Filter>Source Files</Filter>
    </ClCompile>
    <ClCompile Include="C:\Source\storm-engine\src\libs\Battle_interface\interfacemanager\InterfaceManager.cpp">
      <Filter>Source Files</Filter>
    </ClCompile>
    <ClCompile Include="C:\Source\storm-engine\src\libs\Battle_interface\interfacemanager\MousePointer.cpp">
      <Filter>Source Files</Filter>
    </ClCompile>
    <ClCompile Include="C:\Source\storm-engine\src\libs\Battle_interface\ItemEntity\itementity.cpp">
      <Filter>Source Files</Filter>
    </ClCompile>
    <ClCompile Include="C:\Source\storm-engine\src\libs\Battle_interface\land\battle_land.cpp">
      <Filter>Source Files</Filter>
    </ClCompile>
    <ClCompile Include="C:\Source\storm-engine\src\libs\Battle_interface\land\battle_mancommand.cpp">
      <Filter>Source Files</Filter>
    </ClCompile>
    <ClCompile Include="C:\Source\storm-engine\src\libs\Battle_interface\land\battle_mansign.cpp">
      <Filter>Source Files</Filter>
    </ClCompile>
    <ClCompile Include="C:\Source\storm-engine\src\libs\Battle_interface\land\IBoardingStatus.cpp">
      <Filter>Source Files</Filter>
    </ClCompile>
    <ClCompile Include="C:\Source\storm-engine\src\libs\Battle_interface\sea\battle_navigator.cpp">
      <Filter>Source Files</Filter>
    </ClCompile>
    <ClCompile Include="C:\Source\storm-engine\src\libs\Battle_interface\sea\battle_shipcommand.cpp">
      <Filter>Source Files</Filter>
    </ClCompile>
    <ClCompile Include="C:\Source\storm-engine\src\libs\Battle_interface\sea\battle_shipsign.cpp">
      <Filter>Source Files</Filter>
    </ClCompile>
    <ClCompile Include="C:\Source\storm-engine\src\libs\Battle_interface\sea\ibattle.cpp">
      <Filter>Source Files</Filter>
    </ClCompile>
    <ClCompile Include="C:\Source\storm-engine\src\libs\Battle_interface\sea\island_descr.cpp">
      <Filter>Source Files</Filter>
    </ClCompile>
    <ClCompile Include="C:\Source\storm-engine\src\libs\Battle_interface\sea\ShipInfoImages.cpp">
      <Filter>Source Files</Filter>
    </ClCompile>
    <ClCompile Include="C:\Source\storm-engine\src\libs\Battle_interface\sea\ShipPointer.cpp">
      <Filter>Source Files</Filter>
    </ClCompile>
    <ClCompile Include="C:\Source\storm-engine\src\libs\Battle_interface\sea\ships_list.cpp">
      <Filter>Source Files</Filter>
    </ClCompile>
    <ClCompile Include="C:\Source\storm-engine\src\libs\Battle_interface\spyglass\spyglass.cpp">
      <Filter>Source Files</Filter>
    </ClCompile>
    <ClCompile Include="C:\Source\storm-engine\src\libs\Battle_interface\timer\Timer.cpp">
      <Filter>Source Files</Filter>
    </ClCompile>
    <ClCompile Include="C:\Source\storm-engine\src\libs\Battle_interface\WorldMapInterface\interface.cpp">
      <Filter>Source Files</Filter>
    </ClCompile>
    <ClCompile Include="C:\Source\storm-engine\src\libs\Battle_interface\WorldMapInterface\shipcommand.cpp">
      <Filter>Source Files</Filter>
    </ClCompile>
    <ClCompile Include="C:\Source\storm-engine\src\libs\Battle_interface\WorldMapInterface\shipsign.cpp">
      <Filter>Source Files</Filter>
    </ClCompile>
    <ClCompile Include="C:\Source\storm-engine\src\libs\Battle_interface\ActivePerkShower.cpp">
      <Filter>Source Files</Filter>
    </ClCompile>
    <ClCompile Include="C:\Source\storm-engine\src\libs\Battle_interface\battle_command.cpp">
      <Filter>Source Files</Filter>
    </ClCompile>
    <ClCompile Include="C:\Source\storm-engine\src\libs\Battle_interface\battle_sign.cpp">
      <Filter>Source Files</Filter>
    </ClCompile>
    <ClCompile Include="C:\Source\storm-engine\src\libs\Battle_interface\LogAndAction.cpp">
      <Filter>Source Files</Filter>
    </ClCompile>
    <ClCompile Include="C:\Source\storm-engine\src\libs\Battle_interface\MessageIcons.cpp">
      <Filter>Source Files</Filter>
    </ClCompile>
    <ClCompile Include="C:\Source\storm-engine\src\libs\Battle_interface\Utils.cpp">
      <Filter>Source Files</Filter>
    </ClCompile>
  </ItemGroup>
  <ItemGroup>
    <ClInclude Include="C:\Source\storm-engine\src\libs\Battle_interface\EnemyStatShower\enemystatshower.h">
      <Filter>Header Files</Filter>
    </ClInclude>
    <ClInclude Include="C:\Source\storm-engine\src\libs\Battle_interface\image\image.h">
      <Filter>Header Files</Filter>
    </ClInclude>
    <ClInclude Include="C:\Source\storm-engine\src\libs\Battle_interface\image\image_defines.h">
      <Filter>Header Files</Filter>
    </ClInclude>
    <ClInclude Include="C:\Source\storm-engine\src\libs\Battle_interface\image\imgrender.h">
      <Filter>Header Files</Filter>
    </ClInclude>
    <ClInclude Include="C:\Source\storm-engine\src\libs\Battle_interface\image\material.h">
      <Filter>Header Files</Filter>
    </ClInclude>
    <ClInclude Include="C:\Source\storm-engine\src\libs\Battle_interface\image\string.h">
      <Filter>Header Files</Filter>
    </ClInclude>
    <ClInclude Include="C:\Source\storm-engine\src\libs\Battle_interface\interfacemanager\interfacegroup\BaseGroup.h">
      <Filter>Header Files</Filter>
    </ClInclude>
    <ClInclude Include="C:\Source\storm-engine\src\libs\Battle_interface\interfacemanager\interfacegroup\SeaGroup.h">
      <Filter>Header Files</Filter>
    </ClInclude>
    <ClInclude Include="C:\Source\storm-engine\src\libs\Battle_interface\interfacemanager\interfacenode\AllNodes.h">
      <Filter>Header Files</Filter>
    </ClInclude>
    <ClInclude Include="C:\Source\storm-engine\src\libs\Battle_interface\interfacemanager\interfacenode\BaseNode.h">
      <Filter>Header Files</Filter>
    </ClInclude>
    <ClInclude Include="C:\Source\storm-engine\src\libs\Battle_interface\interfacemanager\interfacenode\ImageNode.h">
      <Filter>Header Files</Filter>
    </ClInclude>
    <ClInclude Include="C:\Source\storm-engine\src\libs\Battle_interface\interfacemanager\interfacenode\StringNode.h">
      <Filter>Header Files</Filter>
    </ClInclude>
    <ClInclude Include="C:\Source\storm-engine\src\libs\Battle_interface\interfacemanager\BaseManager.h">
      <Filter>Header Files</Filter>
    </ClInclude>
    <ClInclude Include="C:\Source\storm-engine\src\libs\Battle_interface\interfacemanager\InterfaceManager.h">
      <Filter>Header Files</Filter>
    </ClInclude>
    <ClInclude Include="C:\Source\storm-engine\src\libs\Battle_interface\interfacemanager\MousePointer.h">
      <Filter>Header Files</Filter>
    </ClInclude>
    <ClInclude Include="C:\Source\storm-engine\src\libs\Battle_interface\ItemEntity\itementity.h">
      <Filter>Header Files</Filter>
    </ClInclude>
    <ClInclude Include="C:\Source\storm-engine\src\libs\Battle_interface\land\battle_land.h">
      <Filter>Header Files</Filter>
    </ClInclude>
    <ClInclude Include="C:\Source\storm-engine\src\libs\Battle_interface\land\battle_mancommand.h">
      <Filter>Header Files</Filter>
    </ClInclude>
    <ClInclude Include="C:\Source\storm-engine\src\libs\Battle_interface\land\battle_mansign.h">
      <Filter>Header Files</Filter>
    </ClInclude>
    <ClInclude Include="C:\Source\storm-engine\src\libs\Battle_interface\land\IBoardingStatus.h">
      <Filter>Header Files</Filter>
    </ClInclude>
    <ClInclude Include="C:\Source\storm-engine\src\libs\Battle_interface\sea\battle_navigator.h">
      <Filter>Header Files</Filter>
    </ClInclude>
    <ClInclude Include="C:\Source\storm-engine\src\libs\Battle_interface\sea\battle_shipcommand.h">
      <Filter>Header Files</Filter>
    </ClInclude>
    <ClInclude Include="C:\Source\storm-engine\src\libs\Battle_interface\sea\battle_shipsign.h">
      <Filter>Header Files</Filter>
    </ClInclude>
    <ClInclude Include="C:\Source\storm-engine\src\libs\Battle_interface\sea\ibattle.h">
      <Filter>Header Files</Filter>
    </ClInclude>
    <ClInclude Include="C:\Source\storm-engine\src\libs\Battle_interface\sea\island_descr.h">
      <Filter>Header Files</Filter>
    </ClInclude>
    <ClInclude Include="C:\Source\storm-engine\src\libs\Battle_interface\sea\ShipInfoImages.h">
      <Filter>Header Files</Filter>
    </ClInclude>
    <ClInclude Include="C:\Source\storm-engine\src\libs\Battle_interface\sea\ShipPointer.h">
      <Filter>Header Files</Filter>
    </ClInclude>
    <ClInclude Include="C:\Source\storm-engine\src\libs\Battle_interface\sea\ships_list.h">
      <Filter>Header Files</Filter>
    </ClInclude>
    <ClInclude Include="C:\Source\storm-engine\src\libs\Battle_interface\spyglass\spyglass.h">
      <Filter>Header Files</Filter>
    </ClInclude>
    <ClInclude Include="C:\Source\storm-engine\src\libs\Battle_interface\timer\Timer.h">
      <Filter>Header Files</Filter>
    </ClInclude>
    <ClInclude Include="C:\Source\storm-engine\src\libs\Battle_interface\WorldMapInterface\interface.h">
      <Filter>Header Files</Filter>
    </ClInclude>
    <ClInclude Include="C:\Source\storm-engine\src\libs\Battle_interface\WorldMapInterface\shipcommand.h">
      <Filter>Header Files</Filter>
    </ClInclude>
    <ClInclude Include="C:\Source\storm-engine\src\libs\Battle_interface\WorldMapInterface\shipsign.h">
      <Filter>Header Files</Filter>
    </ClInclude>
    <ClInclude Include="C:\Source\storm-engine\src\libs\Battle_interface\ActivePerkShower.h">
      <Filter>Header Files</Filter>
    </ClInclude>
    <ClInclude Include="C:\Source\storm-engine\src\libs\Battle_interface\battle_command.h">
      <Filter>Header Files</Filter>
    </ClInclude>
    <ClInclude Include="C:\Source\storm-engine\src\libs\Battle_interface\battle_sign.h">
      <Filter>Header Files</Filter>
    </ClInclude>
    <ClInclude Include="C:\Source\storm-engine\src\libs\Battle_interface\bi_defines.h">
      <Filter>Header Files</Filter>
    </ClInclude>
    <ClInclude Include="C:\Source\storm-engine\src\libs\Battle_interface\LogAndAction.h">
      <Filter>Header Files</Filter>
    </ClInclude>
    <ClInclude Include="C:\Source\storm-engine\src\libs\Battle_interface\MessageIcons.h">
      <Filter>Header Files</Filter>
    </ClInclude>
    <ClInclude Include="C:\Source\storm-engine\src\libs\Battle_interface\Utils.h">
      <Filter>Header Files</Filter>
    </ClInclude>
  </ItemGroup>
  <ItemGroup>
    <CustomBuild Include="C:\Source\storm-engine\src\libs\Battle_interface\CMakeLists.txt" />
  </ItemGroup>
  <ItemGroup>
    <Filter Include="Header Files">
      <UniqueIdentifier>{CDD6755F-4D0F-3B12-B32A-D47DAF79F630}</UniqueIdentifier>
    </Filter>
    <Filter Include="Source Files">
      <UniqueIdentifier>{D270B47B-1C4E-327F-AD9D-6B10CA9C257F}</UniqueIdentifier>
    </Filter>
  </ItemGroup>
</Project>
