Microsoft Visual Studio Solution File, Format Version 8.00
Project("{8BC9CEB8-8B4A-11D0-8D11-00A0C91BC942}") = "Animals", "Animals\Animals.vcproj", "{BB9DB2D4-9E38-4A5E-ABB7-2A5F88B6B356}"
	ProjectSection(ProjectDependencies) = postProject
	EndProjectSection
EndProject
Project("{8BC9CEB8-8B4A-11D0-8D11-00A0C91BC942}") = "Animation", "Animation\Animation.vcproj", "{3B443716-AE9B-4248-A312-E41F79AC3761}"
	ProjectSection(ProjectDependencies) = postProject
	EndProjectSection
EndProject
Project("{8BC9CEB8-8B4A-11D0-8D11-00A0C91BC942}") = "Artifact", "Artifact\Artifact.vcproj", "{B14C645B-FC96-479F-BF20-3E8A3AEC93EA}"
	ProjectSection(ProjectDependencies) = postProject
	EndProjectSection
EndProject
Project("{8BC9CEB8-8B4A-11D0-8D11-00A0C91BC942}") = "BATTLE_INTERFACE", "BATTLE_INTERFACE\ibattle.vcproj", "{6708983C-85E8-4FB4-B625-AC6EB831F8DA}"
	ProjectSection(ProjectDependencies) = postProject
	EndProjectSection
EndProject
Project("{8BC9CEB8-8B4A-11D0-8D11-00A0C91BC942}") = "BallSplash", "BALLSPLASH\BallSplash.vcproj", "{E2C5D6F7-D929-4132-A291-74E1C47AFE64}"
	ProjectSection(ProjectDependencies) = postProject
	EndProjectSection
EndProject
Project("{8BC9CEB8-8B4A-11D0-8D11-00A0C91BC942}") = "Blot", "Blot\Blot.vcproj", "{39CB30D9-7537-49C7-B606-3BE4E5FF3390}"
	ProjectSection(ProjectDependencies) = postProject
	EndProjectSection
EndProject
Project("{8BC9CEB8-8B4A-11D0-8D11-00A0C91BC942}") = "COLLIDE", "COLLIDE\COLLIDE.vcproj", "{F1DB79E7-95A2-4DF3-8807-D4CE5662B48C}"
	ProjectSection(ProjectDependencies) = postProject
	EndProjectSection
EndProject
Project("{8BC9CEB8-8B4A-11D0-8D11-00A0C91BC942}") = "CameraDialog", "CameraDialog\CameraDialog.vcproj", "{13120F6C-BEC8-4146-B193-C8C8EA96A864}"
	ProjectSection(ProjectDependencies) = postProject
	EndProjectSection
EndProject
Project("{8BC9CEB8-8B4A-11D0-8D11-00A0C91BC942}") = "DIALOG", "DIALOG\DIALOG.vcproj", "{13C0FDFB-F9E7-464A-A4C8-574551366024}"
	ProjectSection(ProjectDependencies) = postProject
	EndProjectSection
EndProject
Project("{8BC9CEB8-8B4A-11D0-8D11-00A0C91BC942}") = "DX8RENDER", "DX8RENDER\DX8RENDER.vcproj", "{EED7E533-1F3C-4833-8CFC-87E53B5B538A}"
	ProjectSection(ProjectDependencies) = postProject
	EndProjectSection
EndProject
Project("{8BC9CEB8-8B4A-11D0-8D11-00A0C91BC942}") = "ENGINE", "ENGINE\ENGINE.vcproj", "{17496BE2-7346-46FA-96C2-6BBF440A106A}"
	ProjectSection(ProjectDependencies) = postProject
	EndProjectSection
EndProject
Project("{8BC9CEB8-8B4A-11D0-8D11-00A0C91BC942}") = "GEOMETRY", "GEOMETRY\GEOMETRY.vcproj", "{8D933582-CE95-4A3D-B65D-FE312E4B6CDB}"
	ProjectSection(ProjectDependencies) = postProject
	EndProjectSection
EndProject
Project("{8BC9CEB8-8B4A-11D0-8D11-00A0C91BC942}") = "ISLAND", "ISLAND\ISLAND.vcproj", "{A88FB37E-4969-44CF-A073-FE718C675D53}"
	ProjectSection(ProjectDependencies) = postProject
	EndProjectSection
EndProject
Project("{8BC9CEB8-8B4A-11D0-8D11-00A0C91BC942}") = "LOCATOR", "LOCATOR\LOCATOR.vcproj", "{06023B6E-F152-45CE-8C54-821E11730867}"
	ProjectSection(ProjectDependencies) = postProject
	EndProjectSection
EndProject
Project("{8BC9CEB8-8B4A-11D0-8D11-00A0C91BC942}") = "Lighter", "Lighter\Lighter.vcproj", "{DE525F15-43F8-48E5-99FE-4B3D7925A284}"
	ProjectSection(ProjectDependencies) = postProject
	EndProjectSection
EndProject
Project("{8BC9CEB8-8B4A-11D0-8D11-00A0C91BC942}") = "Location", "Location\Location.vcproj", "{7621A1AC-5C05-4180-914C-DC777F1F658C}"
	ProjectSection(ProjectDependencies) = postProject
	EndProjectSection
EndProject
Project("{8BC9CEB8-8B4A-11D0-8D11-00A0C91BC942}") = "MAST", "Mast\mast.vcproj", "{5A7E6F0A-7C3F-4FDC-A806-25D64FC0D49E}"
	ProjectSection(ProjectDependencies) = postProject
	EndProjectSection
EndProject
Project("{8BC9CEB8-8B4A-11D0-8D11-00A0C91BC942}") = "MLeaks", "MLeaks\MLeaks.vcproj", "{3E5EEE9B-BDCC-4F84-8072-CB97602916E2}"
	ProjectSection(ProjectDependencies) = postProject
	EndProjectSection
EndProject
Project("{8BC9CEB8-8B4A-11D0-8D11-00A0C91BC942}") = "MODEL", "MODEL\MODEL.vcproj", "{A69AE3B4-9B14-4041-9414-5B3A58BEF59B}"
	ProjectSection(ProjectDependencies) = postProject
	EndProjectSection
EndProject
Project("{8BC9CEB8-8B4A-11D0-8D11-00A0C91BC942}") = "PARTICLES", "PARTICLES\PARTICLES.vcproj", "{E4D9495E-57E2-4058-BEAB-8E239038F73A}"
	ProjectSection(ProjectDependencies) = postProject
	EndProjectSection
EndProject
Project("{8BC9CEB8-8B4A-11D0-8D11-00A0C91BC942}") = "PCS_CONTROLS", "PCS_CONTROLS\PCS_CONTROLS.vcproj", "{E7E9D269-73DD-4AC1-A710-AF635E48FB66}"
	ProjectSection(ProjectDependencies) = postProject
	EndProjectSection
EndProject
Project("{8BC9CEB8-8B4A-11D0-8D11-00A0C91BC942}") = "PEOPLES_ON_SHIP", "PEOPLES_ON_SHIP\PEOPLES_ON_SHIP.vcproj", "{BF1948FF-AA78-49C3-8015-7AF392B19D1C}"
	ProjectSection(ProjectDependencies) = postProject
	EndProjectSection
EndProject
Project("{8BC9CEB8-8B4A-11D0-8D11-00A0C91BC942}") = "RIGGING", "RIGGING\RIGGING.vcproj", "{E38DCA56-63E1-4FD5-9451-276117830AB9}"
	ProjectSection(ProjectDependencies) = postProject
	EndProjectSection
EndProject
Project("{8BC9CEB8-8B4A-11D0-8D11-00A0C91BC942}") = "SCRIPT_LIBRIARY", "SCRIPT_LIBRIARY\SCRIPT_LIBRIARY.vcproj", "{F59D3291-62AC-494E-B854-C7402159160C}"
	ProjectSection(ProjectDependencies) = postProject
	EndProjectSection
EndProject
Project("{8BC9CEB8-8B4A-11D0-8D11-00A0C91BC942}") = "SEA", "SEA\SEA.vcproj", "{4967A077-384E-44A8-8CC2-B78DF9AE7878}"
	ProjectSection(ProjectDependencies) = postProject
	EndProjectSection
EndProject
Project("{8BC9CEB8-8B4A-11D0-8D11-00A0C91BC942}") = "SEA_AI", "SEA_AI\SEA_AI.vcproj", "{BB4FA88C-A1E1-4F1D-B6FF-D9B404ECCC4F}"
	ProjectSection(ProjectDependencies) = postProject
	EndProjectSection
EndProject
Project("{8BC9CEB8-8B4A-11D0-8D11-00A0C91BC942}") = "SEA_CAMERAS", "SEA_CAMERAS\SEA_CAMERAS.vcproj", "{BE66FC7F-C162-4902-BF64-A2921F58509E}"
	ProjectSection(ProjectDependencies) = postProject
	EndProjectSection
EndProject
Project("{8BC9CEB8-8B4A-11D0-8D11-00A0C91BC942}") = "SEA_OPERATOR", "SEA_OPERATOR\SEA_OPERATOR.vcproj", "{0637662A-2207-4EE8-A34B-8D6129443833}"
	ProjectSection(ProjectDependencies) = postProject
	EndProjectSection
EndProject
Project("{8BC9CEB8-8B4A-11D0-8D11-00A0C91BC942}") = "SHIP", "SHIP\SHIP.vcproj", "{20906332-3A7F-4F0C-86B5-3429A839755D}"
	ProjectSection(ProjectDependencies) = postProject
	EndProjectSection
EndProject
Project("{8BC9CEB8-8B4A-11D0-8D11-00A0C91BC942}") = "SINK_EFFECT", "SINK_EFFECT\SINK_EFFECT.vcproj", "{E0519964-267F-4468-B269-E15A14DD3FB3}"
	ProjectSection(ProjectDependencies) = postProject
	EndProjectSection
EndProject
Project("{8BC9CEB8-8B4A-11D0-8D11-00A0C91BC942}") = "SOUND", "SOUND\SOUND.vcproj", "{D8B50E7E-0E8F-45AC-9768-BF420978E5C2}"
	ProjectSection(ProjectDependencies) = postProject
	EndProjectSection
EndProject
Project("{8BC9CEB8-8B4A-11D0-8D11-00A0C91BC942}") = "SeaCreatures", "SeaCreatures\SeaCreatures.vcproj", "{19ABEEB2-12FC-44E7-8AD9-DA27E36C30AD}"
	ProjectSection(ProjectDependencies) = postProject
	EndProjectSection
EndProject
Project("{8BC9CEB8-8B4A-11D0-8D11-00A0C91BC942}") = "TOUCH", "TOUCH\TOUCH.vcproj", "{AC696CCA-F30D-454F-86F8-D4DEFB15CD86}"
	ProjectSection(ProjectDependencies) = postProject
	EndProjectSection
EndProject
Project("{8BC9CEB8-8B4A-11D0-8D11-00A0C91BC942}") = "Teleport", "Teleport\Teleport.vcproj", "{CFE1CBFB-F18B-4FC4-894A-9A7A4FDD3C18}"
	ProjectSection(ProjectDependencies) = postProject
	EndProjectSection
EndProject
Project("{8BC9CEB8-8B4A-11D0-8D11-00A0C91BC942}") = "Tornado", "Tornado\Tornado.vcproj", "{66454C96-DE44-415A-97A1-D1B8036B3B08}"
	ProjectSection(ProjectDependencies) = postProject
	EndProjectSection
EndProject
Project("{8BC9CEB8-8B4A-11D0-8D11-00A0C91BC942}") = "WaterRings", "WaterRings\WaterRings.vcproj", "{A0015EE4-2245-4859-B30E-058A1C8FB3E1}"
	ProjectSection(ProjectDependencies) = postProject
	EndProjectSection
EndProject
Project("{8BC9CEB8-8B4A-11D0-8D11-00A0C91BC942}") = "XINTERFACE", "XINTERFACE\XINTERFACE.vcproj", "{C046F1E9-53F4-44DF-B885-37D3E88FA2D3}"
	ProjectSection(ProjectDependencies) = postProject
	EndProjectSection
EndProject
Project("{8BC9CEB8-8B4A-11D0-8D11-00A0C91BC942}") = "blade", "blade\blade.vcproj", "{8A666519-A603-45DA-9645-D77753ADF79F}"
	ProjectSection(ProjectDependencies) = postProject
	EndProjectSection
EndProject
Project("{8BC9CEB8-8B4A-11D0-8D11-00A0C91BC942}") = "shadow", "shadow\shadow.vcproj", "{703D802F-1902-446A-91BE-E7511F6FB3E0}"
	ProjectSection(ProjectDependencies) = postProject
	EndProjectSection
EndProject
Project("{8BC9CEB8-8B4A-11D0-8D11-00A0C91BC942}") = "PROGRAM", "ENGINE\PROGRAM\PROGRAM.vcproj", "{50ECEE95-0ECC-4EC1-8830-65C13AB337E3}"
	ProjectSection(ProjectDependencies) = postProject
	EndProjectSection
EndProject
Project("{8BC9CEB8-8B4A-11D0-8D11-00A0C91BC942}") = "SoundService", "SoundService\SoundService.vcproj", "{4E291F07-A947-455D-A78D-7382A9519888}"
	ProjectSection(ProjectDependencies) = postProject
	EndProjectSection
EndProject
Project("{8BC9CEB8-8B4A-11D0-8D11-00A0C91BC942}") = "WEATHER", "WEATHER\WEATHER.vcproj", "{28F1EB90-A7C5-4B45-8315-0847AC899B0A}"
	ProjectSection(ProjectDependencies) = postProject
	EndProjectSection
EndProject
Project("{8BC9CEB8-8B4A-11D0-8D11-00A0C91BC942}") = "InterfaceEditor", "InterfaceEditor\InterfaceEditor.vcproj", "{3D8EB4FD-4876-45A1-AB0B-4AC5700460C2}"
	ProjectSection(ProjectDependencies) = postProject
	EndProjectSection
EndProject
Project("{8BC9CEB8-8B4A-11D0-8D11-00A0C91BC942}") = "NET", "NET\NET.vcproj", "{58128499-F2F8-412A-93AB-83761EF3BB21}"
	ProjectSection(ProjectDependencies) = postProject
	EndProjectSection
EndProject
Project("{8BC9CEB8-8B4A-11D0-8D11-00A0C91BC942}") = "WorldMap", "WORLDMAP\WorldMap.vcproj", "{3D6E283E-2DE9-4419-8169-4261B75F4A28}"
	ProjectSection(ProjectDependencies) = postProject
	EndProjectSection
EndProject
Project("{8BC9CEB8-8B4A-11D0-8D11-00A0C91BC942}") = "Sailors", "Sailors\Sailors.vcproj", "{050FD297-5314-43E8-9C98-0004EAEA9A58}"
	ProjectSection(ProjectDependencies) = postProject
	EndProjectSection
EndProject
Project("{8BC9CEB8-8B4A-11D0-8D11-00A0C91BC942}") = "INI", "ENGINE\RESOURCE\INI\INI.vcproj", "{42EB8C99-8E77-4265-B8CA-6BC5522410FC}"
	ProjectSection(ProjectDependencies) = postProject
	EndProjectSection
EndProject
Project("{8BC9CEB8-8B4A-11D0-8D11-00A0C91BC942}") = "BackgroundShipTask", "BackgroundShipTask\BackgroundShipTask.vcproj", "{EAF0598B-2846-491E-BB66-D322BCD70969}"
	ProjectSection(ProjectDependencies) = postProject
	EndProjectSection
EndProject
Project("{8BC9CEB8-8B4A-11D0-8D11-00A0C91BC942}") = "GAMEUTILS", "GAMEUTILS\GAMEUTILS.vcproj", "{CB0AD71F-D45E-47D2-A019-5E7782E021D7}"
	ProjectSection(ProjectDependencies) = postProject
	EndProjectSection
EndProject
Project("{8BC9CEB8-8B4A-11D0-8D11-00A0C91BC942}") = "MasterServer", "MasterServer\MasterServer.vcproj", "{80869244-0A8A-4BB9-90F2-6FA1F001E2D9}"
	ProjectSection(ProjectDependencies) = postProject
	EndProjectSection
EndProject
Project("{8BC9CEB8-8B4A-11D0-8D11-00A0C91BC942}") = "Seafoam", "Seafoam\Seafoam.vcproj", "{39C03A7A-DC0F-4177-880B-BDCADCD0A1D8}"
	ProjectSection(ProjectDependencies) = postProject
	EndProjectSection
EndProject
Project("{8BC9CEB8-8B4A-11D0-8D11-00A0C91BC942}") = "Setup", "Setup\Setup.vcproj", "{8DF3C2B8-9E3C-4DF3-A887-8ADC34577A02}"
	ProjectSection(ProjectDependencies) = postProject
	EndProjectSection
EndProject
Global
	GlobalSection(SourceCodeControl) = preSolution
		SccNumberOfProjects = 53
		SccLocalPath0 = .
		CanCheckoutShared = false
		SolutionUniqueID = {BD8157E1-6A41-4AD5-A620-777A9D1BB7AF}
		SccProjectUniqueName1 = Animals\\Animals.vcproj
		SccLocalPath1 = .
		CanCheckoutShared = false
		SccProjectFilePathRelativizedFromConnection1 = Animals\\
		SccProjectUniqueName2 = Animation\\Animation.vcproj
		SccLocalPath2 = .
		CanCheckoutShared = false
		SccProjectFilePathRelativizedFromConnection2 = Animation\\
		SccProjectUniqueName3 = Artifact\\Artifact.vcproj
		SccLocalPath3 = .
		CanCheckoutShared = false
		SccProjectFilePathRelativizedFromConnection3 = Artifact\\
		SccProjectUniqueName4 = BALLSPLASH\\BallSplash.vcproj
		SccLocalPath4 = .
		CanCheckoutShared = false
		SccProjectFilePathRelativizedFromConnection4 = BALLSPLASH\\
		SccProjectUniqueName5 = BATTLE_INTERFACE\\ibattle.vcproj
		SccLocalPath5 = .
		CanCheckoutShared = false
		SccProjectFilePathRelativizedFromConnection5 = BATTLE_INTERFACE\\
		SccProjectUniqueName6 = blade\\blade.vcproj
		SccLocalPath6 = .
		CanCheckoutShared = false
		SccProjectFilePathRelativizedFromConnection6 = blade\\
		SccProjectUniqueName7 = Blot\\Blot.vcproj
		SccLocalPath7 = .
		CanCheckoutShared = false
		SccProjectFilePathRelativizedFromConnection7 = Blot\\
		SccProjectUniqueName8 = CameraDialog\\CameraDialog.vcproj
		SccLocalPath8 = .
		CanCheckoutShared = false
		SccProjectFilePathRelativizedFromConnection8 = CameraDialog\\
		SccProjectUniqueName9 = COLLIDE\\COLLIDE.vcproj
		SccLocalPath9 = .
		CanCheckoutShared = false
		SccProjectFilePathRelativizedFromConnection9 = COLLIDE\\
		SccProjectUniqueName10 = DIALOG\\DIALOG.vcproj
		SccLocalPath10 = .
		CanCheckoutShared = false
		SccProjectFilePathRelativizedFromConnection10 = DIALOG\\
		SccProjectUniqueName11 = DX8RENDER\\DX8RENDER.vcproj
		SccLocalPath11 = .
		CanCheckoutShared = false
		SccProjectFilePathRelativizedFromConnection11 = DX8RENDER\\
		SccProjectUniqueName12 = GEOMETRY\\GEOMETRY.vcproj
		SccLocalPath12 = .
		CanCheckoutShared = false
		SccProjectFilePathRelativizedFromConnection12 = GEOMETRY\\
		SccProjectUniqueName13 = ISLAND\\ISLAND.vcproj
		SccLocalPath13 = .
		CanCheckoutShared = false
		SccProjectFilePathRelativizedFromConnection13 = ISLAND\\
		SccProjectUniqueName14 = Lighter\\Lighter.vcproj
		SccLocalPath14 = .
		CanCheckoutShared = false
		SccProjectFilePathRelativizedFromConnection14 = Lighter\\
		SccProjectUniqueName15 = Location\\Location.vcproj
		SccLocalPath15 = .
		CanCheckoutShared = false
		SccProjectFilePathRelativizedFromConnection15 = Location\\
		SccProjectUniqueName16 = LOCATOR\\LOCATOR.vcproj
		SccLocalPath16 = .
		CanCheckoutShared = false
		SccProjectFilePathRelativizedFromConnection16 = LOCATOR\\
		SccProjectUniqueName17 = Mast\\mast.vcproj
		SccLocalPath17 = .
		CanCheckoutShared = false
		SccProjectFilePathRelativizedFromConnection17 = Mast\\
		SccProjectUniqueName18 = MLeaks\\MLeaks.vcproj
		SccLocalPath18 = .
		CanCheckoutShared = false
		SccProjectFilePathRelativizedFromConnection18 = MLeaks\\
		SccProjectUniqueName19 = MODEL\\MODEL.vcproj
		SccLocalPath19 = .
		CanCheckoutShared = false
		SccProjectFilePathRelativizedFromConnection19 = MODEL\\
		SccProjectUniqueName20 = PCS_CONTROLS\\PCS_CONTROLS.vcproj
		SccLocalPath20 = .
		CanCheckoutShared = false
		SccProjectFilePathRelativizedFromConnection20 = PCS_CONTROLS\\
		SccProjectUniqueName21 = PEOPLES_ON_SHIP\\PEOPLES_ON_SHIP.vcproj
		SccLocalPath21 = .
		CanCheckoutShared = false
		SccProjectFilePathRelativizedFromConnection21 = PEOPLES_ON_SHIP\\
		SccProjectUniqueName22 = SCRIPT_LIBRIARY\\SCRIPT_LIBRIARY.vcproj
		SccLocalPath22 = .
		CanCheckoutShared = false
		SccProjectFilePathRelativizedFromConnection22 = SCRIPT_LIBRIARY\\
		SccProjectUniqueName23 = SEA_AI\\SEA_AI.vcproj
		SccLocalPath23 = .
		CanCheckoutShared = false
		SccProjectFilePathRelativizedFromConnection23 = SEA_AI\\
		SccProjectUniqueName24 = SEA_CAMERAS\\SEA_CAMERAS.vcproj
		SccLocalPath24 = .
		CanCheckoutShared = false
		SccProjectFilePathRelativizedFromConnection24 = SEA_CAMERAS\\
		SccProjectUniqueName25 = SEA_OPERATOR\\SEA_OPERATOR.vcproj
		SccLocalPath25 = .
		CanCheckoutShared = false
		SccProjectFilePathRelativizedFromConnection25 = SEA_OPERATOR\\
		SccProjectUniqueName26 = SeaCreatures\\SeaCreatures.vcproj
		SccLocalPath26 = .
		CanCheckoutShared = false
		SccProjectFilePathRelativizedFromConnection26 = SeaCreatures\\
		SccProjectUniqueName27 = shadow\\shadow.vcproj
		SccLocalPath27 = .
		CanCheckoutShared = false
		SccProjectFilePathRelativizedFromConnection27 = shadow\\
		SccProjectUniqueName28 = SINK_EFFECT\\SINK_EFFECT.vcproj
		SccLocalPath28 = .
		CanCheckoutShared = false
		SccProjectFilePathRelativizedFromConnection28 = SINK_EFFECT\\
		SccProjectUniqueName29 = SOUND\\SOUND.vcproj
		SccLocalPath29 = .
		CanCheckoutShared = false
		SccProjectFilePathRelativizedFromConnection29 = SOUND\\
		SccProjectUniqueName30 = Teleport\\Teleport.vcproj
		SccLocalPath30 = .
		CanCheckoutShared = false
		SccProjectFilePathRelativizedFromConnection30 = Teleport\\
		SccProjectUniqueName31 = Tornado\\Tornado.vcproj
		SccLocalPath31 = .
		CanCheckoutShared = false
		SccProjectFilePathRelativizedFromConnection31 = Tornado\\
		SccProjectUniqueName32 = TOUCH\\TOUCH.vcproj
		SccLocalPath32 = .
		CanCheckoutShared = false
		SccProjectFilePathRelativizedFromConnection32 = TOUCH\\
		SccProjectUniqueName33 = WaterRings\\WaterRings.vcproj
		SccLocalPath33 = .
		CanCheckoutShared = false
		SccProjectFilePathRelativizedFromConnection33 = WaterRings\\
		SccProjectUniqueName34 = XINTERFACE\\XINTERFACE.vcproj
		SccLocalPath34 = .
		CanCheckoutShared = false
		SccProjectFilePathRelativizedFromConnection34 = XINTERFACE\\
		SccProjectUniqueName35 = ENGINE\\PROGRAM\\PROGRAM.vcproj
		SccProjectName35 = \u0022$/PROGRAM\u0022,\u0020TDEAAAAA
		SccLocalPath35 = ENGINE\\PROGRAM
		CanCheckoutShared = false
		SccProjectUniqueName36 = SoundService\\SoundService.vcproj
		SccLocalPath36 = .
		CanCheckoutShared = false
		SccProjectFilePathRelativizedFromConnection36 = SoundService\\
		SccProjectUniqueName37 = WEATHER\\WEATHER.vcproj
		SccLocalPath37 = .
		CanCheckoutShared = false
		SccProjectFilePathRelativizedFromConnection37 = WEATHER\\
		SccProjectUniqueName38 = InterfaceEditor\\InterfaceEditor.vcproj
		SccLocalPath38 = .
		CanCheckoutShared = false
		SccProjectFilePathRelativizedFromConnection38 = InterfaceEditor\\
		SccProjectUniqueName39 = NET\\NET.vcproj
		SccLocalPath39 = .
		CanCheckoutShared = false
		SccProjectFilePathRelativizedFromConnection39 = NET\\
		SccProjectUniqueName40 = WORLDMAP\\WorldMap.vcproj
		SccLocalPath40 = .
		CanCheckoutShared = false
		SccProjectFilePathRelativizedFromConnection40 = WORLDMAP\\
		SccProjectUniqueName41 = Sailors\\Sailors.vcproj
		SccLocalPath41 = .
		CanCheckoutShared = false
		SccProjectFilePathRelativizedFromConnection41 = Sailors\\
		SccProjectUniqueName42 = ENGINE\\RESOURCE\\INI\\INI.vcproj
		SccProjectName42 = \u0022$/INI\u0022,\u0020PDZAAAAA
		SccLocalPath42 = ENGINE\\RESOURCE\\INI
		CanCheckoutShared = false
		SccProjectUniqueName43 = BackgroundShipTask\\BackgroundShipTask.vcproj
		SccLocalPath43 = .
		CanCheckoutShared = false
		SccProjectFilePathRelativizedFromConnection43 = BackgroundShipTask\\
		SccProjectUniqueName44 = ENGINE\\ENGINE.vcproj
		SccLocalPath44 = .
		CanCheckoutShared = false
		SccProjectFilePathRelativizedFromConnection44 = ENGINE\\
		SccProjectUniqueName45 = SHIP\\SHIP.vcproj
		SccLocalPath45 = .
		CanCheckoutShared = false
		SccProjectFilePathRelativizedFromConnection45 = SHIP\\
		SccProjectUniqueName46 = RIGGING\\RIGGING.vcproj
		SccLocalPath46 = .
		CanCheckoutShared = false
		SccProjectFilePathRelativizedFromConnection46 = RIGGING\\
		SccProjectUniqueName47 = PARTICLES\\PARTICLES.vcproj
		SccProjectName47 = \u0022$/DRIVE_V2/PARTICLES\u0022,\u0020PIDAAAAA
		SccLocalPath47 = PARTICLES
		CanCheckoutShared = false
		SccProjectUniqueName48 = GAMEUTILS\\GAMEUTILS.vcproj
		SccLocalPath48 = GAMEUTILS
		CanCheckoutShared = false
		SccProjectUniqueName49 = SEA\\SEA.vcproj
		SccProjectName49 = \u0022$/DRIVE_V2/SEA\u0022,\u0020VKDAAAAA
		SccLocalPath49 = SEA
		CanCheckoutShared = false
		SccProjectUniqueName50 = MasterServer\\MasterServer.vcproj
		SccLocalPath50 = .
		CanCheckoutShared = false
		SccProjectFilePathRelativizedFromConnection50 = MasterServer\\
		SccProjectUniqueName51 = Seafoam\\Seafoam.vcproj
		SccProjectName51 = \u0022$/DRIVE_V2/Seafoam\u0022,\u0020TODAAAAA
		SccLocalPath51 = Seafoam
		CanCheckoutShared = false
		SccProjectUniqueName52 = Setup\\Setup.vcproj
		SccLocalPath52 = Setup
		CanCheckoutShared = false
	EndGlobalSection
	GlobalSection(SolutionConfiguration) = preSolution
		Debug = Debug
		Release = Release
	EndGlobalSection
	GlobalSection(ProjectConfiguration) = postSolution
		{BB9DB2D4-9E38-4A5E-ABB7-2A5F88B6B356}.Debug.ActiveCfg = Debug|Win32
		{BB9DB2D4-9E38-4A5E-ABB7-2A5F88B6B356}.Debug.Build.0 = Debug|Win32
		{BB9DB2D4-9E38-4A5E-ABB7-2A5F88B6B356}.Release.ActiveCfg = Release|Win32
		{BB9DB2D4-9E38-4A5E-ABB7-2A5F88B6B356}.Release.Build.0 = Release|Win32
		{3B443716-AE9B-4248-A312-E41F79AC3761}.Debug.ActiveCfg = Debug|Win32
		{3B443716-AE9B-4248-A312-E41F79AC3761}.Debug.Build.0 = Debug|Win32
		{3B443716-AE9B-4248-A312-E41F79AC3761}.Release.ActiveCfg = Release|Win32
		{3B443716-AE9B-4248-A312-E41F79AC3761}.Release.Build.0 = Release|Win32
		{B14C645B-FC96-479F-BF20-3E8A3AEC93EA}.Debug.ActiveCfg = Debug|Win32
		{B14C645B-FC96-479F-BF20-3E8A3AEC93EA}.Debug.Build.0 = Debug|Win32
		{B14C645B-FC96-479F-BF20-3E8A3AEC93EA}.Release.ActiveCfg = Release|Win32
		{B14C645B-FC96-479F-BF20-3E8A3AEC93EA}.Release.Build.0 = Release|Win32
		{6708983C-85E8-4FB4-B625-AC6EB831F8DA}.Debug.ActiveCfg = Debug|Win32
		{6708983C-85E8-4FB4-B625-AC6EB831F8DA}.Debug.Build.0 = Debug|Win32
		{6708983C-85E8-4FB4-B625-AC6EB831F8DA}.Release.ActiveCfg = Release|Win32
		{6708983C-85E8-4FB4-B625-AC6EB831F8DA}.Release.Build.0 = Release|Win32
		{E2C5D6F7-D929-4132-A291-74E1C47AFE64}.Debug.ActiveCfg = Debug|Win32
		{E2C5D6F7-D929-4132-A291-74E1C47AFE64}.Debug.Build.0 = Debug|Win32
		{E2C5D6F7-D929-4132-A291-74E1C47AFE64}.Release.ActiveCfg = Release|Win32
		{E2C5D6F7-D929-4132-A291-74E1C47AFE64}.Release.Build.0 = Release|Win32
		{39CB30D9-7537-49C7-B606-3BE4E5FF3390}.Debug.ActiveCfg = Debug|Win32
		{39CB30D9-7537-49C7-B606-3BE4E5FF3390}.Debug.Build.0 = Debug|Win32
		{39CB30D9-7537-49C7-B606-3BE4E5FF3390}.Release.ActiveCfg = Release|Win32
		{39CB30D9-7537-49C7-B606-3BE4E5FF3390}.Release.Build.0 = Release|Win32
		{F1DB79E7-95A2-4DF3-8807-D4CE5662B48C}.Debug.ActiveCfg = Debug|Win32
		{F1DB79E7-95A2-4DF3-8807-D4CE5662B48C}.Debug.Build.0 = Debug|Win32
		{F1DB79E7-95A2-4DF3-8807-D4CE5662B48C}.Release.ActiveCfg = Release|Win32
		{F1DB79E7-95A2-4DF3-8807-D4CE5662B48C}.Release.Build.0 = Release|Win32
		{13120F6C-BEC8-4146-B193-C8C8EA96A864}.Debug.ActiveCfg = Debug|Win32
		{13120F6C-BEC8-4146-B193-C8C8EA96A864}.Debug.Build.0 = Debug|Win32
		{13120F6C-BEC8-4146-B193-C8C8EA96A864}.Release.ActiveCfg = Release|Win32
		{13120F6C-BEC8-4146-B193-C8C8EA96A864}.Release.Build.0 = Release|Win32
		{13C0FDFB-F9E7-464A-A4C8-574551366024}.Debug.ActiveCfg = Debug|Win32
		{13C0FDFB-F9E7-464A-A4C8-574551366024}.Debug.Build.0 = Debug|Win32
		{13C0FDFB-F9E7-464A-A4C8-574551366024}.Release.ActiveCfg = Release|Win32
		{13C0FDFB-F9E7-464A-A4C8-574551366024}.Release.Build.0 = Release|Win32
		{EED7E533-1F3C-4833-8CFC-87E53B5B538A}.Debug.ActiveCfg = Debug|Win32
		{EED7E533-1F3C-4833-8CFC-87E53B5B538A}.Debug.Build.0 = Debug|Win32
		{EED7E533-1F3C-4833-8CFC-87E53B5B538A}.Release.ActiveCfg = Release|Win32
		{EED7E533-1F3C-4833-8CFC-87E53B5B538A}.Release.Build.0 = Release|Win32
		{17496BE2-7346-46FA-96C2-6BBF440A106A}.Debug.ActiveCfg = Debug|Win32
		{17496BE2-7346-46FA-96C2-6BBF440A106A}.Debug.Build.0 = Debug|Win32
		{17496BE2-7346-46FA-96C2-6BBF440A106A}.Release.ActiveCfg = Release|Win32
		{17496BE2-7346-46FA-96C2-6BBF440A106A}.Release.Build.0 = Release|Win32
		{8D933582-CE95-4A3D-B65D-FE312E4B6CDB}.Debug.ActiveCfg = Debug|Win32
		{8D933582-CE95-4A3D-B65D-FE312E4B6CDB}.Debug.Build.0 = Debug|Win32
		{8D933582-CE95-4A3D-B65D-FE312E4B6CDB}.Release.ActiveCfg = Release|Win32
		{8D933582-CE95-4A3D-B65D-FE312E4B6CDB}.Release.Build.0 = Release|Win32
		{A88FB37E-4969-44CF-A073-FE718C675D53}.Debug.ActiveCfg = Debug|Win32
		{A88FB37E-4969-44CF-A073-FE718C675D53}.Debug.Build.0 = Debug|Win32
		{A88FB37E-4969-44CF-A073-FE718C675D53}.Release.ActiveCfg = Release|Win32
		{A88FB37E-4969-44CF-A073-FE718C675D53}.Release.Build.0 = Release|Win32
		{06023B6E-F152-45CE-8C54-821E11730867}.Debug.ActiveCfg = Debug|Win32
		{06023B6E-F152-45CE-8C54-821E11730867}.Debug.Build.0 = Debug|Win32
		{06023B6E-F152-45CE-8C54-821E11730867}.Release.ActiveCfg = Release|Win32
		{06023B6E-F152-45CE-8C54-821E11730867}.Release.Build.0 = Release|Win32
		{DE525F15-43F8-48E5-99FE-4B3D7925A284}.Debug.ActiveCfg = Debug|Win32
		{DE525F15-43F8-48E5-99FE-4B3D7925A284}.Debug.Build.0 = Debug|Win32
		{DE525F15-43F8-48E5-99FE-4B3D7925A284}.Release.ActiveCfg = Release|Win32
		{DE525F15-43F8-48E5-99FE-4B3D7925A284}.Release.Build.0 = Release|Win32
		{7621A1AC-5C05-4180-914C-DC777F1F658C}.Debug.ActiveCfg = Debug|Win32
		{7621A1AC-5C05-4180-914C-DC777F1F658C}.Debug.Build.0 = Debug|Win32
		{7621A1AC-5C05-4180-914C-DC777F1F658C}.Release.ActiveCfg = Release|Win32
		{7621A1AC-5C05-4180-914C-DC777F1F658C}.Release.Build.0 = Release|Win32
		{5A7E6F0A-7C3F-4FDC-A806-25D64FC0D49E}.Debug.ActiveCfg = Debug|Win32
		{5A7E6F0A-7C3F-4FDC-A806-25D64FC0D49E}.Debug.Build.0 = Debug|Win32
		{5A7E6F0A-7C3F-4FDC-A806-25D64FC0D49E}.Release.ActiveCfg = Release|Win32
		{5A7E6F0A-7C3F-4FDC-A806-25D64FC0D49E}.Release.Build.0 = Release|Win32
		{3E5EEE9B-BDCC-4F84-8072-CB97602916E2}.Debug.ActiveCfg = Debug|Win32
		{3E5EEE9B-BDCC-4F84-8072-CB97602916E2}.Debug.Build.0 = Debug|Win32
		{3E5EEE9B-BDCC-4F84-8072-CB97602916E2}.Release.ActiveCfg = Release|Win32
		{3E5EEE9B-BDCC-4F84-8072-CB97602916E2}.Release.Build.0 = Release|Win32
		{A69AE3B4-9B14-4041-9414-5B3A58BEF59B}.Debug.ActiveCfg = Debug|Win32
		{A69AE3B4-9B14-4041-9414-5B3A58BEF59B}.Debug.Build.0 = Debug|Win32
		{A69AE3B4-9B14-4041-9414-5B3A58BEF59B}.Release.ActiveCfg = Release|Win32
		{A69AE3B4-9B14-4041-9414-5B3A58BEF59B}.Release.Build.0 = Release|Win32
		{E4D9495E-57E2-4058-BEAB-8E239038F73A}.Debug.ActiveCfg = Debug|Win32
		{E4D9495E-57E2-4058-BEAB-8E239038F73A}.Debug.Build.0 = Debug|Win32
		{E4D9495E-57E2-4058-BEAB-8E239038F73A}.Release.ActiveCfg = Release|Win32
		{E4D9495E-57E2-4058-BEAB-8E239038F73A}.Release.Build.0 = Release|Win32
		{E7E9D269-73DD-4AC1-A710-AF635E48FB66}.Debug.ActiveCfg = Debug|Win32
		{E7E9D269-73DD-4AC1-A710-AF635E48FB66}.Debug.Build.0 = Debug|Win32
		{E7E9D269-73DD-4AC1-A710-AF635E48FB66}.Release.ActiveCfg = Release|Win32
		{E7E9D269-73DD-4AC1-A710-AF635E48FB66}.Release.Build.0 = Release|Win32
		{BF1948FF-AA78-49C3-8015-7AF392B19D1C}.Debug.ActiveCfg = Debug|Win32
		{BF1948FF-AA78-49C3-8015-7AF392B19D1C}.Debug.Build.0 = Debug|Win32
		{BF1948FF-AA78-49C3-8015-7AF392B19D1C}.Release.ActiveCfg = Release|Win32
		{BF1948FF-AA78-49C3-8015-7AF392B19D1C}.Release.Build.0 = Release|Win32
		{E38DCA56-63E1-4FD5-9451-276117830AB9}.Debug.ActiveCfg = Debug|Win32
		{E38DCA56-63E1-4FD5-9451-276117830AB9}.Debug.Build.0 = Debug|Win32
		{E38DCA56-63E1-4FD5-9451-276117830AB9}.Release.ActiveCfg = Release|Win32
		{E38DCA56-63E1-4FD5-9451-276117830AB9}.Release.Build.0 = Release|Win32
		{F59D3291-62AC-494E-B854-C7402159160C}.Debug.ActiveCfg = Debug|Win32
		{F59D3291-62AC-494E-B854-C7402159160C}.Debug.Build.0 = Debug|Win32
		{F59D3291-62AC-494E-B854-C7402159160C}.Release.ActiveCfg = Release|Win32
		{F59D3291-62AC-494E-B854-C7402159160C}.Release.Build.0 = Release|Win32
		{4967A077-384E-44A8-8CC2-B78DF9AE7878}.Debug.ActiveCfg = Debug|Win32
		{4967A077-384E-44A8-8CC2-B78DF9AE7878}.Debug.Build.0 = Debug|Win32
		{4967A077-384E-44A8-8CC2-B78DF9AE7878}.Release.ActiveCfg = Release|Win32
		{4967A077-384E-44A8-8CC2-B78DF9AE7878}.Release.Build.0 = Release|Win32
		{BB4FA88C-A1E1-4F1D-B6FF-D9B404ECCC4F}.Debug.ActiveCfg = Debug|Win32
		{BB4FA88C-A1E1-4F1D-B6FF-D9B404ECCC4F}.Debug.Build.0 = Debug|Win32
		{BB4FA88C-A1E1-4F1D-B6FF-D9B404ECCC4F}.Release.ActiveCfg = Release|Win32
		{BB4FA88C-A1E1-4F1D-B6FF-D9B404ECCC4F}.Release.Build.0 = Release|Win32
		{BE66FC7F-C162-4902-BF64-A2921F58509E}.Debug.ActiveCfg = Debug|Win32
		{BE66FC7F-C162-4902-BF64-A2921F58509E}.Debug.Build.0 = Debug|Win32
		{BE66FC7F-C162-4902-BF64-A2921F58509E}.Release.ActiveCfg = Release|Win32
		{BE66FC7F-C162-4902-BF64-A2921F58509E}.Release.Build.0 = Release|Win32
		{0637662A-2207-4EE8-A34B-8D6129443833}.Debug.ActiveCfg = Debug|Win32
		{0637662A-2207-4EE8-A34B-8D6129443833}.Debug.Build.0 = Debug|Win32
		{0637662A-2207-4EE8-A34B-8D6129443833}.Release.ActiveCfg = Release|Win32
		{0637662A-2207-4EE8-A34B-8D6129443833}.Release.Build.0 = Release|Win32
		{20906332-3A7F-4F0C-86B5-3429A839755D}.Debug.ActiveCfg = Debug|Win32
		{20906332-3A7F-4F0C-86B5-3429A839755D}.Debug.Build.0 = Debug|Win32
		{20906332-3A7F-4F0C-86B5-3429A839755D}.Release.ActiveCfg = Release|Win32
		{20906332-3A7F-4F0C-86B5-3429A839755D}.Release.Build.0 = Release|Win32
		{E0519964-267F-4468-B269-E15A14DD3FB3}.Debug.ActiveCfg = Debug|Win32
		{E0519964-267F-4468-B269-E15A14DD3FB3}.Debug.Build.0 = Debug|Win32
		{E0519964-267F-4468-B269-E15A14DD3FB3}.Release.ActiveCfg = Release|Win32
		{E0519964-267F-4468-B269-E15A14DD3FB3}.Release.Build.0 = Release|Win32
		{D8B50E7E-0E8F-45AC-9768-BF420978E5C2}.Debug.ActiveCfg = Debug|Win32
		{D8B50E7E-0E8F-45AC-9768-BF420978E5C2}.Debug.Build.0 = Debug|Win32
		{D8B50E7E-0E8F-45AC-9768-BF420978E5C2}.Release.ActiveCfg = Release|Win32
		{D8B50E7E-0E8F-45AC-9768-BF420978E5C2}.Release.Build.0 = Release|Win32
		{19ABEEB2-12FC-44E7-8AD9-DA27E36C30AD}.Debug.ActiveCfg = Debug|Win32
		{19ABEEB2-12FC-44E7-8AD9-DA27E36C30AD}.Debug.Build.0 = Debug|Win32
		{19ABEEB2-12FC-44E7-8AD9-DA27E36C30AD}.Release.ActiveCfg = Release|Win32
		{19ABEEB2-12FC-44E7-8AD9-DA27E36C30AD}.Release.Build.0 = Release|Win32
		{AC696CCA-F30D-454F-86F8-D4DEFB15CD86}.Debug.ActiveCfg = Debug|Win32
		{AC696CCA-F30D-454F-86F8-D4DEFB15CD86}.Debug.Build.0 = Debug|Win32
		{AC696CCA-F30D-454F-86F8-D4DEFB15CD86}.Release.ActiveCfg = Release|Win32
		{AC696CCA-F30D-454F-86F8-D4DEFB15CD86}.Release.Build.0 = Release|Win32
		{CFE1CBFB-F18B-4FC4-894A-9A7A4FDD3C18}.Debug.ActiveCfg = Debug|Win32
		{CFE1CBFB-F18B-4FC4-894A-9A7A4FDD3C18}.Debug.Build.0 = Debug|Win32
		{CFE1CBFB-F18B-4FC4-894A-9A7A4FDD3C18}.Release.ActiveCfg = Release|Win32
		{CFE1CBFB-F18B-4FC4-894A-9A7A4FDD3C18}.Release.Build.0 = Release|Win32
		{66454C96-DE44-415A-97A1-D1B8036B3B08}.Debug.ActiveCfg = Debug|Win32
		{66454C96-DE44-415A-97A1-D1B8036B3B08}.Debug.Build.0 = Debug|Win32
		{66454C96-DE44-415A-97A1-D1B8036B3B08}.Release.ActiveCfg = Release|Win32
		{66454C96-DE44-415A-97A1-D1B8036B3B08}.Release.Build.0 = Release|Win32
		{A0015EE4-2245-4859-B30E-058A1C8FB3E1}.Debug.ActiveCfg = Debug|Win32
		{A0015EE4-2245-4859-B30E-058A1C8FB3E1}.Debug.Build.0 = Debug|Win32
		{A0015EE4-2245-4859-B30E-058A1C8FB3E1}.Release.ActiveCfg = Release|Win32
		{A0015EE4-2245-4859-B30E-058A1C8FB3E1}.Release.Build.0 = Release|Win32
		{C046F1E9-53F4-44DF-B885-37D3E88FA2D3}.Debug.ActiveCfg = Debug|Win32
		{C046F1E9-53F4-44DF-B885-37D3E88FA2D3}.Debug.Build.0 = Debug|Win32
		{C046F1E9-53F4-44DF-B885-37D3E88FA2D3}.Release.ActiveCfg = Release|Win32
		{C046F1E9-53F4-44DF-B885-37D3E88FA2D3}.Release.Build.0 = Release|Win32
		{8A666519-A603-45DA-9645-D77753ADF79F}.Debug.ActiveCfg = Debug|Win32
		{8A666519-A603-45DA-9645-D77753ADF79F}.Debug.Build.0 = Debug|Win32
		{8A666519-A603-45DA-9645-D77753ADF79F}.Release.ActiveCfg = Release|Win32
		{8A666519-A603-45DA-9645-D77753ADF79F}.Release.Build.0 = Release|Win32
		{703D802F-1902-446A-91BE-E7511F6FB3E0}.Debug.ActiveCfg = Debug|Win32
		{703D802F-1902-446A-91BE-E7511F6FB3E0}.Debug.Build.0 = Debug|Win32
		{703D802F-1902-446A-91BE-E7511F6FB3E0}.Release.ActiveCfg = Release|Win32
		{703D802F-1902-446A-91BE-E7511F6FB3E0}.Release.Build.0 = Release|Win32
		{50ECEE95-0ECC-4EC1-8830-65C13AB337E3}.Debug.ActiveCfg = Debug|Win32
		{50ECEE95-0ECC-4EC1-8830-65C13AB337E3}.Release.ActiveCfg = Release|Win32
		{4E291F07-A947-455D-A78D-7382A9519888}.Debug.ActiveCfg = Debug|Win32
		{4E291F07-A947-455D-A78D-7382A9519888}.Debug.Build.0 = Debug|Win32
		{4E291F07-A947-455D-A78D-7382A9519888}.Release.ActiveCfg = Release|Win32
		{4E291F07-A947-455D-A78D-7382A9519888}.Release.Build.0 = Release|Win32
		{28F1EB90-A7C5-4B45-8315-0847AC899B0A}.Debug.ActiveCfg = Debug|Win32
		{28F1EB90-A7C5-4B45-8315-0847AC899B0A}.Debug.Build.0 = Debug|Win32
		{28F1EB90-A7C5-4B45-8315-0847AC899B0A}.Release.ActiveCfg = Release|Win32
		{28F1EB90-A7C5-4B45-8315-0847AC899B0A}.Release.Build.0 = Release|Win32
		{3D8EB4FD-4876-45A1-AB0B-4AC5700460C2}.Debug.ActiveCfg = Debug|Win32
		{3D8EB4FD-4876-45A1-AB0B-4AC5700460C2}.Debug.Build.0 = Debug|Win32
		{3D8EB4FD-4876-45A1-AB0B-4AC5700460C2}.Release.ActiveCfg = Release|Win32
		{3D8EB4FD-4876-45A1-AB0B-4AC5700460C2}.Release.Build.0 = Release|Win32
		{58128499-F2F8-412A-93AB-83761EF3BB21}.Debug.ActiveCfg = Debug|Win32
		{58128499-F2F8-412A-93AB-83761EF3BB21}.Debug.Build.0 = Debug|Win32
		{58128499-F2F8-412A-93AB-83761EF3BB21}.Release.ActiveCfg = Release|Win32
		{58128499-F2F8-412A-93AB-83761EF3BB21}.Release.Build.0 = Release|Win32
		{3D6E283E-2DE9-4419-8169-4261B75F4A28}.Debug.ActiveCfg = Debug|Win32
		{3D6E283E-2DE9-4419-8169-4261B75F4A28}.Debug.Build.0 = Debug|Win32
		{3D6E283E-2DE9-4419-8169-4261B75F4A28}.Release.ActiveCfg = Release|Win32
		{3D6E283E-2DE9-4419-8169-4261B75F4A28}.Release.Build.0 = Release|Win32
		{050FD297-5314-43E8-9C98-0004EAEA9A58}.Debug.ActiveCfg = Debug|Win32
		{050FD297-5314-43E8-9C98-0004EAEA9A58}.Debug.Build.0 = Debug|Win32
		{050FD297-5314-43E8-9C98-0004EAEA9A58}.Release.ActiveCfg = Release|Win32
		{050FD297-5314-43E8-9C98-0004EAEA9A58}.Release.Build.0 = Release|Win32
		{42EB8C99-8E77-4265-B8CA-6BC5522410FC}.Debug.ActiveCfg = Debug|Win32
		{42EB8C99-8E77-4265-B8CA-6BC5522410FC}.Debug.Build.0 = Debug|Win32
		{42EB8C99-8E77-4265-B8CA-6BC5522410FC}.Release.ActiveCfg = Release|Win32
		{EAF0598B-2846-491E-BB66-D322BCD70969}.Debug.ActiveCfg = Debug|Win32
		{EAF0598B-2846-491E-BB66-D322BCD70969}.Debug.Build.0 = Debug|Win32
		{EAF0598B-2846-491E-BB66-D322BCD70969}.Release.ActiveCfg = Release|Win32
		{EAF0598B-2846-491E-BB66-D322BCD70969}.Release.Build.0 = Release|Win32
		{CB0AD71F-D45E-47D2-A019-5E7782E021D7}.Debug.ActiveCfg = Debug|Win32
		{CB0AD71F-D45E-47D2-A019-5E7782E021D7}.Debug.Build.0 = Debug|Win32
		{CB0AD71F-D45E-47D2-A019-5E7782E021D7}.Release.ActiveCfg = Release|Win32
		{CB0AD71F-D45E-47D2-A019-5E7782E021D7}.Release.Build.0 = Release|Win32
		{80869244-0A8A-4BB9-90F2-6FA1F001E2D9}.Debug.ActiveCfg = Debug|Win32
		{80869244-0A8A-4BB9-90F2-6FA1F001E2D9}.Debug.Build.0 = Debug|Win32
		{80869244-0A8A-4BB9-90F2-6FA1F001E2D9}.Release.ActiveCfg = Release|Win32
		{80869244-0A8A-4BB9-90F2-6FA1F001E2D9}.Release.Build.0 = Release|Win32
		{39C03A7A-DC0F-4177-880B-BDCADCD0A1D8}.Debug.ActiveCfg = Debug|Win32
		{39C03A7A-DC0F-4177-880B-BDCADCD0A1D8}.Debug.Build.0 = Debug|Win32
		{39C03A7A-DC0F-4177-880B-BDCADCD0A1D8}.Release.ActiveCfg = Release|Win32
		{39C03A7A-DC0F-4177-880B-BDCADCD0A1D8}.Release.Build.0 = Release|Win32
		{8DF3C2B8-9E3C-4DF3-A887-8ADC34577A02}.Debug.ActiveCfg = Debug|Win32
		{8DF3C2B8-9E3C-4DF3-A887-8ADC34577A02}.Debug.Build.0 = Debug|Win32
		{8DF3C2B8-9E3C-4DF3-A887-8ADC34577A02}.Release.ActiveCfg = Release|Win32
		{8DF3C2B8-9E3C-4DF3-A887-8ADC34577A02}.Release.Build.0 = Release|Win32
	EndGlobalSection
	GlobalSection(ExtensibilityGlobals) = postSolution
	EndGlobalSection
	GlobalSection(ExtensibilityAddIns) = postSolution
	EndGlobalSection
EndGlobal
