<?xml version="1.0" encoding="utf-8"?>
<Project ToolsVersion="4.0" xmlns="http://schemas.microsoft.com/developer/msbuild/2003">
  <ItemGroup>
    <Filter Include="Source Files">
      <UniqueIdentifier>{251fe9b6-eaae-4ac6-8e60-c1fa231f6be6}</UniqueIdentifier>
      <Extensions>cpp;c;cxx;rc;def;r;odl;idl;hpj;bat</Extensions>
    </Filter>
    <Filter Include="Header Files">
      <UniqueIdentifier>{8dc2780f-2701-4595-8178-006732bbbd90}</UniqueIdentifier>
      <Extensions>h;hpp;hxx;hm;inl</Extensions>
    </Filter>
    <Filter Include="Resource Files">
      <UniqueIdentifier>{4c63a4a1-9fe1-4643-bc8c-20ff21dbfd31}</UniqueIdentifier>
      <Extensions>ico;cur;bmp;dlg;rc2;rct;bin;rgs;gif;jpg;jpeg;jpe</Extensions>
    </Filter>
  </ItemGroup>
  <ItemGroup>
    <ClCompile Include="blast.cpp">
      <Filter>Source Files</Filter>
    </ClCompile>
    <ClCompile Include="locator.cpp">
      <Filter>Source Files</Filter>
    </ClCompile>
  </ItemGroup>
  <ItemGroup>
    <ClInclude Include="blast.h">
      <Filter>Header Files</Filter>
    </ClInclude>
    <ClInclude Include="locator.h">
      <Filter>Header Files</Filter>
    </ClInclude>
  </ItemGroup>
</Project>