<?xml version="1.0" encoding="utf-8"?>
<Project ToolsVersion="4.0" xmlns="http://schemas.microsoft.com/developer/msbuild/2003">
  <ItemGroup>
    <Filter Include="Source Files">
      <UniqueIdentifier>{1d26ca10-6ceb-4f9c-82cb-0d7d0dc12e23}</UniqueIdentifier>
      <Extensions>cpp;c;cxx;rc;def;r;odl;idl;hpj;bat</Extensions>
    </Filter>
    <Filter Include="Header Files">
      <UniqueIdentifier>{ff7573a7-2f21-4bf5-8326-a5d38d813818}</UniqueIdentifier>
      <Extensions>h;hpp;hxx;hm;inl</Extensions>
    </Filter>
    <Filter Include="Resource Files">
      <UniqueIdentifier>{3ba3bc26-0904-4b2c-be32-cac71d0a595c}</UniqueIdentifier>
      <Extensions>ico;cur;bmp;dlg;rc2;rct;bin;rgs;gif;jpg;jpeg;jpe</Extensions>
    </Filter>
  </ItemGroup>
  <ItemGroup>
    <ClCompile Include="Debris.cpp">
      <Filter>Source Files</Filter>
    </ClCompile>
    <ClCompile Include="NoiseCloud.cpp">
      <Filter>Source Files</Filter>
    </ClCompile>
    <ClCompile Include="Pillar.cpp">
      <Filter>Source Files</Filter>
    </ClCompile>
    <ClCompile Include="Tornado.cpp">
      <Filter>Source Files</Filter>
    </ClCompile>
    <ClCompile Include="TornadoParticles.cpp">
      <Filter>Source Files</Filter>
    </ClCompile>
  </ItemGroup>
  <ItemGroup>
    <ClInclude Include="Debris.h">
      <Filter>Header Files</Filter>
    </ClInclude>
    <ClInclude Include="NoiseCloud.h">
      <Filter>Header Files</Filter>
    </ClInclude>
    <ClInclude Include="Pillar.h">
      <Filter>Header Files</Filter>
    </ClInclude>
    <ClInclude Include="Tornado.h">
      <Filter>Header Files</Filter>
    </ClInclude>
    <ClInclude Include="TornadoParticles.h">
      <Filter>Header Files</Filter>
    </ClInclude>
  </ItemGroup>
</Project>