<?xml version="1.0" encoding="utf-8"?>
<Project ToolsVersion="4.0" xmlns="http://schemas.microsoft.com/developer/msbuild/2003">
  <ItemGroup>
    <Filter Include="common">
      <UniqueIdentifier>{2ca709ae-fde3-4f81-a7a3-ddf905c113cc}</UniqueIdentifier>
    </Filter>
    <Filter Include="aviplayer">
      <UniqueIdentifier>{ebae77a3-0478-46fb-993e-f7675763f26d}</UniqueIdentifier>
      <Extensions>cpp,h</Extensions>
    </Filter>
    <Filter Include="StringService">
      <UniqueIdentifier>{81f4b780-5bf3-4dd6-bd3c-e919d15b8d0f}</UniqueIdentifier>
      <Extensions>cpp,h</Extensions>
    </Filter>
    <Filter Include="TextureSequence">
      <UniqueIdentifier>{4c1e29e3-d221-4e83-90fe-a12a7b8ead44}</UniqueIdentifier>
    </Filter>
    <Filter Include="scrshoter">
      <UniqueIdentifier>{d5d5644f-a915-4b8d-b253-e3f49d8f5bf4}</UniqueIdentifier>
    </Filter>
    <Filter Include="HelpChooser">
      <UniqueIdentifier>{a355c49a-0bdb-4e2d-a9ce-6eba45d6a9ed}</UniqueIdentifier>
    </Filter>
    <Filter Include="InfoShower">
      <UniqueIdentifier>{e36ec641-8430-4dbc-8910-608e6caecd76}</UniqueIdentifier>
    </Filter>
    <Filter Include="main">
      <UniqueIdentifier>{3a84a9e8-6c32-4667-a22f-29eeab8f2739}</UniqueIdentifier>
    </Filter>
    <Filter Include="nodes">
      <UniqueIdentifier>{6a2f13bb-bde3-4bce-8114-8ed460de034a}</UniqueIdentifier>
    </Filter>
    <Filter Include="QuestFileReader">
      <UniqueIdentifier>{da50ea11-2436-4efe-ac00-c545bdc55a1b}</UniqueIdentifier>
    </Filter>
    <Filter Include="templates">
      <UniqueIdentifier>{4fb90cff-72e0-4285-a5d4-85326e3f1fe9}</UniqueIdentifier>
    </Filter>
    <Filter Include="Editor">
      <UniqueIdentifier>{24625eb8-0251-4937-89e1-ec5812ba3079}</UniqueIdentifier>
    </Filter>
    <Filter Include="InterfaceBackScene">
      <UniqueIdentifier>{876f3591-7d3a-4de0-891d-52fc752f34ff}</UniqueIdentifier>
    </Filter>
    <Filter Include="common_data">
      <UniqueIdentifier>{88f493b9-3384-4470-8387-24d8b5528c61}</UniqueIdentifier>
    </Filter>
    <Filter Include="common_data\technique">
      <UniqueIdentifier>{d81674ec-2297-4454-b0d9-b7ab0297776b}</UniqueIdentifier>
    </Filter>
  </ItemGroup>
  <ItemGroup>
    <ClInclude Include="..\common_h\VideoTexture.h">
      <Filter>common</Filter>
    </ClInclude>
    <ClInclude Include="aviplayer\aviplayer.h">
      <Filter>aviplayer</Filter>
    </ClInclude>
    <ClInclude Include="STRINGSERVICE\obj_strservice.h">
      <Filter>StringService</Filter>
    </ClInclude>
    <ClInclude Include="STRINGSERVICE\strservice.h">
      <Filter>StringService</Filter>
    </ClInclude>
    <ClInclude Include="TextureSequence\TextureSequence.h">
      <Filter>TextureSequence</Filter>
    </ClInclude>
    <ClInclude Include="SCRSHOTER\scrshoter.h">
      <Filter>scrshoter</Filter>
    </ClInclude>
    <ClInclude Include="helpchooser\HelpChooser.h">
      <Filter>HelpChooser</Filter>
    </ClInclude>
    <ClInclude Include="InfoHandler.h">
      <Filter>InfoShower</Filter>
    </ClInclude>
    <ClInclude Include="NODES\all_xinode.h">
      <Filter>main</Filter>
    </ClInclude>
    <ClInclude Include="base_video.h">
      <Filter>main</Filter>
    </ClInclude>
    <ClInclude Include="defines.h">
      <Filter>main</Filter>
    </ClInclude>
    <ClInclude Include="inode.h">
      <Filter>main</Filter>
    </ClInclude>
    <ClInclude Include="vxservice.h">
      <Filter>main</Filter>
    </ClInclude>
    <ClInclude Include="xinterface.h">
      <Filter>main</Filter>
    </ClInclude>
    <ClInclude Include="xservice.h">
      <Filter>main</Filter>
    </ClInclude>
    <ClInclude Include="nodes\xi_2picture.h">
      <Filter>nodes</Filter>
    </ClInclude>
    <ClInclude Include="nodes\xi_border.h">
      <Filter>nodes</Filter>
    </ClInclude>
    <ClInclude Include="nodes\xi_bounder.h">
      <Filter>nodes</Filter>
    </ClInclude>
    <ClInclude Include="nodes\xi_button.h">
      <Filter>nodes</Filter>
    </ClInclude>
    <ClInclude Include="nodes\xi_changer.h">
      <Filter>nodes</Filter>
    </ClInclude>
    <ClInclude Include="nodes\xi_checkbuttons.h">
      <Filter>nodes</Filter>
    </ClInclude>
    <ClInclude Include="nodes\xi_conthelp.h">
      <Filter>nodes</Filter>
    </ClInclude>
    <ClInclude Include="nodes\xi_editbox.h">
      <Filter>nodes</Filter>
    </ClInclude>
    <ClInclude Include="nodes\xi_formttext.h">
      <Filter>nodes</Filter>
    </ClInclude>
    <ClInclude Include="nodes\xi_fourimg.h">
      <Filter>nodes</Filter>
    </ClInclude>
    <ClInclude Include="nodes\xi_glowCursor.h">
      <Filter>nodes</Filter>
    </ClInclude>
    <ClInclude Include="nodes\xi_glower.h">
      <Filter>nodes</Filter>
    </ClInclude>
    <ClInclude Include="nodes\xi_image.h">
      <Filter>nodes</Filter>
    </ClInclude>
    <ClInclude Include="nodes\xi_imgcollection.h">
      <Filter>nodes</Filter>
    </ClInclude>
    <ClInclude Include="nodes\xi_keychanger.h">
      <Filter>nodes</Filter>
    </ClInclude>
    <ClInclude Include="nodes\xi_linecollection.h">
      <Filter>nodes</Filter>
    </ClInclude>
    <ClInclude Include="nodes\xi_lrchanger.h">
      <Filter>nodes</Filter>
    </ClInclude>
    <ClInclude Include="nodes\xi_pceditbox.h">
      <Filter>nodes</Filter>
    </ClInclude>
    <ClInclude Include="nodes\xi_picture.h">
      <Filter>nodes</Filter>
    </ClInclude>
    <ClInclude Include="nodes\xi_questtexts.h">
      <Filter>nodes</Filter>
    </ClInclude>
    <ClInclude Include="nodes\xi_questtitles.h">
      <Filter>nodes</Filter>
    </ClInclude>
    <ClInclude Include="nodes\xi_rectangle.h">
      <Filter>nodes</Filter>
    </ClInclude>
    <ClInclude Include="nodes\xi_scrollbar.h">
      <Filter>nodes</Filter>
    </ClInclude>
    <ClInclude Include="nodes\xi_scrolledpic.h">
      <Filter>nodes</Filter>
    </ClInclude>
    <ClInclude Include="nodes\xi_scroller.h">
      <Filter>nodes</Filter>
    </ClInclude>
    <ClInclude Include="nodes\xi_scrollimage.h">
      <Filter>nodes</Filter>
    </ClInclude>
    <ClInclude Include="nodes\xi_scrolltext.h">
      <Filter>nodes</Filter>
    </ClInclude>
    <ClInclude Include="nodes\xi_slideLine.h">
      <Filter>nodes</Filter>
    </ClInclude>
    <ClInclude Include="nodes\xi_slidepicture.h">
      <Filter>nodes</Filter>
    </ClInclude>
    <ClInclude Include="nodes\xi_statusline.h">
      <Filter>nodes</Filter>
    </ClInclude>
    <ClInclude Include="nodes\xi_strcollection.h">
      <Filter>nodes</Filter>
    </ClInclude>
    <ClInclude Include="nodes\xi_table.h">
      <Filter>nodes</Filter>
    </ClInclude>
    <ClInclude Include="nodes\xi_tabsection.h">
      <Filter>nodes</Filter>
    </ClInclude>
    <ClInclude Include="nodes\xi_textbutton.h">
      <Filter>nodes</Filter>
    </ClInclude>
    <ClInclude Include="nodes\xi_title.h">
      <Filter>nodes</Filter>
    </ClInclude>
    <ClInclude Include="nodes\xi_tooltips.h">
      <Filter>nodes</Filter>
    </ClInclude>
    <ClInclude Include="nodes\xi_util.h">
      <Filter>nodes</Filter>
    </ClInclude>
    <ClInclude Include="nodes\xi_video.h">
      <Filter>nodes</Filter>
    </ClInclude>
    <ClInclude Include="nodes\xi_videorect.h">
      <Filter>nodes</Filter>
    </ClInclude>
    <ClInclude Include="nodes\xi_VImgScroll.h">
      <Filter>nodes</Filter>
    </ClInclude>
    <ClInclude Include="nodes\xi_window.h">
      <Filter>nodes</Filter>
    </ClInclude>
    <ClInclude Include="QuestFileReader\QuestFileReader.h">
      <Filter>QuestFileReader</Filter>
    </ClInclude>
    <ClInclude Include="templates\ctext.h">
      <Filter>templates</Filter>
    </ClInclude>
    <ClInclude Include="templates\TDynArray.h">
      <Filter>templates</Filter>
    </ClInclude>
    <ClInclude Include="editor\defines.h">
      <Filter>Editor</Filter>
    </ClInclude>
    <ClInclude Include="editor\editor.h">
      <Filter>Editor</Filter>
    </ClInclude>
    <ClInclude Include="editor\font.h">
      <Filter>Editor</Filter>
    </ClInclude>
    <ClInclude Include="editor\list.h">
      <Filter>Editor</Filter>
    </ClInclude>
    <ClInclude Include="BackScene\backscene.h">
      <Filter>InterfaceBackScene</Filter>
    </ClInclude>
  </ItemGroup>
  <ItemGroup>
    <ClCompile Include="aviplayer\aviplayer.cpp">
      <Filter>aviplayer</Filter>
    </ClCompile>
    <ClCompile Include="STRINGSERVICE\obj_strservice.cpp">
      <Filter>StringService</Filter>
    </ClCompile>
    <ClCompile Include="STRINGSERVICE\strservice.cpp">
      <Filter>StringService</Filter>
    </ClCompile>
    <ClCompile Include="TextureSequence\TextureSequence.cpp">
      <Filter>TextureSequence</Filter>
    </ClCompile>
    <ClCompile Include="SCRSHOTER\scrshoter.cpp">
      <Filter>scrshoter</Filter>
    </ClCompile>
    <ClCompile Include="HelpChooser\HelpChooser.cpp">
      <Filter>HelpChooser</Filter>
    </ClCompile>
    <ClCompile Include="InfoHandler.cpp">
      <Filter>InfoShower</Filter>
    </ClCompile>
    <ClCompile Include="inode.cpp">
      <Filter>main</Filter>
    </ClCompile>
    <ClCompile Include="xinterface.cpp">
      <Filter>main</Filter>
    </ClCompile>
    <ClCompile Include="xiutil.cpp">
      <Filter>main</Filter>
    </ClCompile>
    <ClCompile Include="xservice.cpp">
      <Filter>main</Filter>
    </ClCompile>
    <ClCompile Include="nodes\xi_2picture.cpp">
      <Filter>nodes</Filter>
    </ClCompile>
    <ClCompile Include="nodes\xi_border.cpp">
      <Filter>nodes</Filter>
    </ClCompile>
    <ClCompile Include="nodes\xi_bounder.cpp">
      <Filter>nodes</Filter>
    </ClCompile>
    <ClCompile Include="nodes\xi_button.cpp">
      <Filter>nodes</Filter>
    </ClCompile>
    <ClCompile Include="nodes\xi_changer.cpp">
      <Filter>nodes</Filter>
    </ClCompile>
    <ClCompile Include="nodes\xi_checkbuttons.cpp">
      <Filter>nodes</Filter>
    </ClCompile>
    <ClCompile Include="nodes\xi_conthelp.cpp">
      <Filter>nodes</Filter>
    </ClCompile>
    <ClCompile Include="nodes\xi_editbox.cpp">
      <Filter>nodes</Filter>
    </ClCompile>
    <ClCompile Include="nodes\xi_formttext.cpp">
      <Filter>nodes</Filter>
    </ClCompile>
    <ClCompile Include="nodes\xi_fourimg.cpp">
      <Filter>nodes</Filter>
    </ClCompile>
    <ClCompile Include="nodes\xi_glowCursor.cpp">
      <Filter>nodes</Filter>
    </ClCompile>
    <ClCompile Include="nodes\xi_glower.cpp">
      <Filter>nodes</Filter>
    </ClCompile>
    <ClCompile Include="nodes\xi_image.cpp">
      <Filter>nodes</Filter>
    </ClCompile>
    <ClCompile Include="nodes\xi_imgcollection.cpp">
      <Filter>nodes</Filter>
    </ClCompile>
    <ClCompile Include="nodes\xi_keychanger.cpp">
      <Filter>nodes</Filter>
    </ClCompile>
    <ClCompile Include="nodes\xi_linecollection.cpp">
      <Filter>nodes</Filter>
    </ClCompile>
    <ClCompile Include="nodes\xi_lrchanger.cpp">
      <Filter>nodes</Filter>
    </ClCompile>
    <ClCompile Include="nodes\xi_pceditbox.cpp">
      <Filter>nodes</Filter>
    </ClCompile>
    <ClCompile Include="nodes\xi_picture.cpp">
      <Filter>nodes</Filter>
    </ClCompile>
    <ClCompile Include="nodes\xi_questtexts.cpp">
      <Filter>nodes</Filter>
    </ClCompile>
    <ClCompile Include="nodes\xi_questtitles.cpp">
      <Filter>nodes</Filter>
    </ClCompile>
    <ClCompile Include="nodes\xi_rectangle.cpp">
      <Filter>nodes</Filter>
    </ClCompile>
    <ClCompile Include="nodes\xi_scrollbar.cpp">
      <Filter>nodes</Filter>
    </ClCompile>
    <ClCompile Include="nodes\xi_scrolledpic.cpp">
      <Filter>nodes</Filter>
    </ClCompile>
    <ClCompile Include="nodes\xi_scroller.cpp">
      <Filter>nodes</Filter>
    </ClCompile>
    <ClCompile Include="nodes\xi_scrollimage.cpp">
      <Filter>nodes</Filter>
    </ClCompile>
    <ClCompile Include="nodes\xi_scrolltext.cpp">
      <Filter>nodes</Filter>
    </ClCompile>
    <ClCompile Include="nodes\xi_slideLine.cpp">
      <Filter>nodes</Filter>
    </ClCompile>
    <ClCompile Include="nodes\xi_slidepicture.cpp">
      <Filter>nodes</Filter>
    </ClCompile>
    <ClCompile Include="nodes\xi_statusline.cpp">
      <Filter>nodes</Filter>
    </ClCompile>
    <ClCompile Include="nodes\xi_strcollection.cpp">
      <Filter>nodes</Filter>
    </ClCompile>
    <ClCompile Include="nodes\xi_table.cpp">
      <Filter>nodes</Filter>
    </ClCompile>
    <ClCompile Include="nodes\xi_tabsection.cpp">
      <Filter>nodes</Filter>
    </ClCompile>
    <ClCompile Include="nodes\xi_textbutton.cpp">
      <Filter>nodes</Filter>
    </ClCompile>
    <ClCompile Include="nodes\xi_title.cpp">
      <Filter>nodes</Filter>
    </ClCompile>
    <ClCompile Include="nodes\xi_tooltips.cpp">
      <Filter>nodes</Filter>
    </ClCompile>
    <ClCompile Include="nodes\xi_util.cpp">
      <Filter>nodes</Filter>
    </ClCompile>
    <ClCompile Include="nodes\xi_video.cpp">
      <Filter>nodes</Filter>
    </ClCompile>
    <ClCompile Include="nodes\xi_videorect.cpp">
      <Filter>nodes</Filter>
    </ClCompile>
    <ClCompile Include="nodes\xi_VImgScroll.cpp">
      <Filter>nodes</Filter>
    </ClCompile>
    <ClCompile Include="nodes\xi_window.cpp">
      <Filter>nodes</Filter>
    </ClCompile>
    <ClCompile Include="QuestFileReader\QuestFileReader.cpp">
      <Filter>QuestFileReader</Filter>
    </ClCompile>
    <ClCompile Include="editor\defines.cpp">
      <Filter>Editor</Filter>
    </ClCompile>
    <ClCompile Include="editor\editor.cpp">
      <Filter>Editor</Filter>
    </ClCompile>
    <ClCompile Include="editor\font.cpp">
      <Filter>Editor</Filter>
    </ClCompile>
    <ClCompile Include="editor\list.cpp">
      <Filter>Editor</Filter>
    </ClCompile>
    <ClCompile Include="BackScene\backscene.cpp">
      <Filter>InterfaceBackScene</Filter>
    </ClCompile>
  </ItemGroup>
  <ItemGroup>
    <None Include="..\Engine\modules\Techniques\Interfaces\battle_interface.sha">
      <Filter>common_data\technique</Filter>
    </None>
    <None Include="..\Engine\modules\Techniques\Interfaces\game_interface.sha">
      <Filter>common_data\technique</Filter>
    </None>
    <None Include="..\Engine\modules\Techniques\Interfaces\InterfaceBackScene.sha">
      <Filter>common_data\technique</Filter>
    </None>
    <None Include="..\Engine\modules\Techniques\Interfaces\TextureSequence.sha">
      <Filter>common_data\technique</Filter>
    </None>
    <None Include="..\Engine\modules\Techniques\Interfaces\videoplayer.sha">
      <Filter>common_data\technique</Filter>
    </None>
    <None Include="subscribe.txt" />
  </ItemGroup>
</Project>