<?xml version="1.0" encoding="utf-8"?>
<Project ToolsVersion="4.0" xmlns="http://schemas.microsoft.com/developer/msbuild/2003">
  <ItemGroup>
    <Filter Include="Source Files">
      <UniqueIdentifier>{7f52050a-a988-4a04-b54e-99d1d35fa3f4}</UniqueIdentifier>
      <Extensions>cpp;c;cxx;rc;def;r;odl;idl;hpj;bat</Extensions>
    </Filter>
    <Filter Include="Header Files">
      <UniqueIdentifier>{67b3a13e-4614-48b6-9258-08d9cec1b307}</UniqueIdentifier>
      <Extensions>h;hpp;hxx;hm;inl</Extensions>
    </Filter>
    <Filter Include="common">
      <UniqueIdentifier>{511f5588-a609-4058-ab69-655642281372}</UniqueIdentifier>
    </Filter>
  </ItemGroup>
  <ItemGroup>
    <ClCompile Include="ControlTree.cpp">
      <Filter>Source Files</Filter>
    </ClCompile>
    <ClCompile Include="KeyBuffer.cpp">
      <Filter>Source Files</Filter>
    </ClCompile>
    <ClCompile Include="pcs_controls.cpp">
      <Filter>Source Files</Filter>
    </ClCompile>
  </ItemGroup>
  <ItemGroup>
    <ClInclude Include="ControlTree.h">
      <Filter>Header Files</Filter>
    </ClInclude>
    <ClInclude Include="KeyBuffer.h">
      <Filter>Header Files</Filter>
    </ClInclude>
    <ClInclude Include="pcs_controls.h">
      <Filter>Header Files</Filter>
    </ClInclude>
    <ClInclude Include="..\common_h\controls.h">
      <Filter>common</Filter>
    </ClInclude>
  </ItemGroup>
</Project>