<?xml version="1.0" encoding="utf-8"?>
<Project ToolsVersion="4.0" xmlns="http://schemas.microsoft.com/developer/msbuild/2003">
  <ItemGroup>
    <Filter Include="Location">
      <UniqueIdentifier>{3dfcffbb-23a8-4970-ab2f-3b3cad8edc6b}</UniqueIdentifier>
    </Filter>
    <Filter Include="Location\Location">
      <UniqueIdentifier>{cda7cf52-7ed9-478b-8c25-5d10320cff37}</UniqueIdentifier>
    </Filter>
    <Filter Include="Location\ModelArray">
      <UniqueIdentifier>{649d34c0-87e1-444a-8306-b0d244290b1f}</UniqueIdentifier>
    </Filter>
    <Filter Include="Location\LocatorArray">
      <UniqueIdentifier>{5beb9ead-ccf6-4ef7-9394-8238d2b50383}</UniqueIdentifier>
    </Filter>
    <Filter Include="Location\LocationEffects">
      <UniqueIdentifier>{33eb4689-2836-42ad-974c-3b523d410cf9}</UniqueIdentifier>
    </Filter>
    <Filter Include="Location\Lights">
      <UniqueIdentifier>{137cacb3-5c67-4a2d-9443-84f1745e1fb7}</UniqueIdentifier>
    </Filter>
    <Filter Include="Location\Ptc">
      <UniqueIdentifier>{b85b653f-fbff-494a-913b-c759470665c3}</UniqueIdentifier>
    </Filter>
    <Filter Include="Location\LocationScriptLib">
      <UniqueIdentifier>{99555d77-16c3-43e1-8dee-d1b6de3d34d0}</UniqueIdentifier>
    </Filter>
    <Filter Include="Character">
      <UniqueIdentifier>{21b65e29-69c1-48c6-a8f1-c6444d0df7d8}</UniqueIdentifier>
    </Filter>
    <Filter Include="Character\Character">
      <UniqueIdentifier>{b4056d05-25b1-45ff-9e4f-6069df4d1c07}</UniqueIdentifier>
    </Filter>
    <Filter Include="Character\AICharacter">
      <UniqueIdentifier>{1f87dde1-ac0f-43ef-8214-8ebc747ced4c}</UniqueIdentifier>
    </Filter>
    <Filter Include="Character\NPCharacter">
      <UniqueIdentifier>{0fa6c0c3-a3ca-45b1-927e-97fbc13a3a62}</UniqueIdentifier>
    </Filter>
    <Filter Include="Character\Player">
      <UniqueIdentifier>{f5a70243-8cec-409a-a935-b0dc2fd354be}</UniqueIdentifier>
    </Filter>
    <Filter Include="Character\CharactersGroups">
      <UniqueIdentifier>{7c4e5741-6da1-42a5-800e-f3f3eec14355}</UniqueIdentifier>
    </Filter>
    <Filter Include="Character\Supervisor">
      <UniqueIdentifier>{749b0dc5-8fbc-4a45-b72c-071f9e319f71}</UniqueIdentifier>
    </Filter>
    <Filter Include="Camera">
      <UniqueIdentifier>{77e493c8-f2b8-4907-b674-4dfcb7731e4b}</UniqueIdentifier>
    </Filter>
    <Filter Include="Animals">
      <UniqueIdentifier>{0f868d33-4566-4156-a6b6-0102f52f7526}</UniqueIdentifier>
    </Filter>
    <Filter Include="Animals\LocLife">
      <UniqueIdentifier>{ad01d6a8-f299-42bb-970a-81e45156972d}</UniqueIdentifier>
    </Filter>
    <Filter Include="Animals\Rats">
      <UniqueIdentifier>{4dbbe03a-2698-455a-82af-59b9a1ede67e}</UniqueIdentifier>
    </Filter>
    <Filter Include="Animals\Lizards">
      <UniqueIdentifier>{0eb94448-8da5-44e8-af09-b79d33d22b8d}</UniqueIdentifier>
    </Filter>
    <Filter Include="Animals\Eagle">
      <UniqueIdentifier>{67b3572b-75f4-4f7c-b4f1-53bc1a6c3355}</UniqueIdentifier>
    </Filter>
    <Filter Include="Effects">
      <UniqueIdentifier>{dce87da4-ed31-4498-899b-068177a7c4e1}</UniqueIdentifier>
    </Filter>
    <Filter Include="Effects\Fader">
      <UniqueIdentifier>{a18b9e20-b03c-410f-af2e-dc8f263fe5c7}</UniqueIdentifier>
    </Filter>
    <Filter Include="Effects\WideScreen">
      <UniqueIdentifier>{aedb0310-b8a3-4f23-a97d-9573205339fb}</UniqueIdentifier>
    </Filter>
    <Filter Include="Effects\Grass">
      <UniqueIdentifier>{ef4b52af-e0c7-44ac-b1b1-9bd7afd0ef04}</UniqueIdentifier>
    </Filter>
    <Filter Include="Effects\CharacterAnimationKipper">
      <UniqueIdentifier>{25481181-7377-452c-a0ed-eba6dc63f61e}</UniqueIdentifier>
    </Filter>
    <Filter Include="Effects\Blood">
      <UniqueIdentifier>{c5c75f0f-30b9-4755-8597-8de27a1fe075}</UniqueIdentifier>
    </Filter>
    <Filter Include="Data">
      <UniqueIdentifier>{e4f9d31c-309e-4e00-a53c-03ba4a21d4f2}</UniqueIdentifier>
    </Filter>
    <Filter Include="Animals\Crabs">
      <UniqueIdentifier>{20fc38d8-71be-4b1b-89b8-a76db82525fd}</UniqueIdentifier>
    </Filter>
  </ItemGroup>
  <ItemGroup>
    <ClCompile Include="LocationMain.cpp">
      <Filter>Location</Filter>
    </ClCompile>
    <ClCompile Include="Location.cpp">
      <Filter>Location\Location</Filter>
    </ClCompile>
    <ClCompile Include="ModelArray.cpp">
      <Filter>Location\ModelArray</Filter>
    </ClCompile>
    <ClCompile Include="ModelRealizer.cpp">
      <Filter>Location\ModelArray</Filter>
    </ClCompile>
    <ClCompile Include="LocatorArray.cpp">
      <Filter>Location\LocatorArray</Filter>
    </ClCompile>
    <ClCompile Include="LocationEffects.cpp">
      <Filter>Location\LocationEffects</Filter>
    </ClCompile>
    <ClCompile Include="Lights.cpp">
      <Filter>Location\Lights</Filter>
    </ClCompile>
    <ClCompile Include="PtcData.cpp">
      <Filter>Location\Ptc</Filter>
    </ClCompile>
    <ClCompile Include="LocationScriptLib.cpp">
      <Filter>Location\LocationScriptLib</Filter>
    </ClCompile>
    <ClCompile Include="Character.cpp">
      <Filter>Character\Character</Filter>
    </ClCompile>
    <ClCompile Include="AICharacter.cpp">
      <Filter>Character\AICharacter</Filter>
    </ClCompile>
    <ClCompile Include="NPCharacter.cpp">
      <Filter>Character\NPCharacter</Filter>
    </ClCompile>
    <ClCompile Include="Player.cpp">
      <Filter>Character\Player</Filter>
    </ClCompile>
    <ClCompile Include="CharactersGroups.cpp">
      <Filter>Character\CharactersGroups</Filter>
    </ClCompile>
    <ClCompile Include="Supervisor.cpp">
      <Filter>Character\Supervisor</Filter>
    </ClCompile>
    <ClCompile Include="CameraFollow.cpp">
      <Filter>Camera</Filter>
    </ClCompile>
    <ClCompile Include="LocationCamera.cpp">
      <Filter>Camera</Filter>
    </ClCompile>
    <ClCompile Include="PathTracks.cpp">
      <Filter>Camera</Filter>
    </ClCompile>
    <ClCompile Include="LocLife.cpp">
      <Filter>Animals\LocLife</Filter>
    </ClCompile>
    <ClCompile Include="LocRat.cpp">
      <Filter>Animals\Rats</Filter>
    </ClCompile>
    <ClCompile Include="LocRats.cpp">
      <Filter>Animals\Rats</Filter>
    </ClCompile>
    <ClCompile Include="Lizard.cpp">
      <Filter>Animals\Lizards</Filter>
    </ClCompile>
    <ClCompile Include="Lizards.cpp">
      <Filter>Animals\Lizards</Filter>
    </ClCompile>
    <ClCompile Include="LocEagle.cpp">
      <Filter>Animals\Eagle</Filter>
    </ClCompile>
    <ClCompile Include="Fader.cpp">
      <Filter>Effects\Fader</Filter>
    </ClCompile>
    <ClCompile Include="WideScreen.cpp">
      <Filter>Effects\WideScreen</Filter>
    </ClCompile>
    <ClCompile Include="Grass.cpp">
      <Filter>Effects\Grass</Filter>
    </ClCompile>
    <ClCompile Include="CharacterAnimationKipper.cpp">
      <Filter>Effects\CharacterAnimationKipper</Filter>
    </ClCompile>
    <ClCompile Include="Blood.cpp">
      <Filter>Effects\Blood</Filter>
    </ClCompile>
    <ClCompile Include="LocCrab.cpp">
      <Filter>Animals\Crabs</Filter>
    </ClCompile>
    <ClCompile Include="LocCrabs.cpp">
      <Filter>Animals\Crabs</Filter>
    </ClCompile>
  </ItemGroup>
  <ItemGroup>
    <ClInclude Include="Location.h">
      <Filter>Location\Location</Filter>
    </ClInclude>
    <ClInclude Include="ModelArray.h">
      <Filter>Location\ModelArray</Filter>
    </ClInclude>
    <ClInclude Include="ModelRealizer.h">
      <Filter>Location\ModelArray</Filter>
    </ClInclude>
    <ClInclude Include="LocatorArray.h">
      <Filter>Location\LocatorArray</Filter>
    </ClInclude>
    <ClInclude Include="LocationEffects.h">
      <Filter>Location\LocationEffects</Filter>
    </ClInclude>
    <ClInclude Include="Lights.h">
      <Filter>Location\Lights</Filter>
    </ClInclude>
    <ClInclude Include="ptc.h">
      <Filter>Location\Ptc</Filter>
    </ClInclude>
    <ClInclude Include="PtcData.h">
      <Filter>Location\Ptc</Filter>
    </ClInclude>
    <ClInclude Include="LocationScriptLib.h">
      <Filter>Location\LocationScriptLib</Filter>
    </ClInclude>
    <ClInclude Include="Character.h">
      <Filter>Character\Character</Filter>
    </ClInclude>
    <ClInclude Include="AICharacter.h">
      <Filter>Character\AICharacter</Filter>
    </ClInclude>
    <ClInclude Include="NPCharacter.h">
      <Filter>Character\NPCharacter</Filter>
    </ClInclude>
    <ClInclude Include="Player.h">
      <Filter>Character\Player</Filter>
    </ClInclude>
    <ClInclude Include="CharactersGroups.h">
      <Filter>Character\CharactersGroups</Filter>
    </ClInclude>
    <ClInclude Include="Supervisor.h">
      <Filter>Character\Supervisor</Filter>
    </ClInclude>
    <ClInclude Include="CameraFollow.h">
      <Filter>Camera</Filter>
    </ClInclude>
    <ClInclude Include="CameraTracksFile.h">
      <Filter>Camera</Filter>
    </ClInclude>
    <ClInclude Include="LocationCamera.h">
      <Filter>Camera</Filter>
    </ClInclude>
    <ClInclude Include="PathTracks.h">
      <Filter>Camera</Filter>
    </ClInclude>
    <ClInclude Include="LocLife.h">
      <Filter>Animals\LocLife</Filter>
    </ClInclude>
    <ClInclude Include="LocRat.h">
      <Filter>Animals\Rats</Filter>
    </ClInclude>
    <ClInclude Include="LocRats.h">
      <Filter>Animals\Rats</Filter>
    </ClInclude>
    <ClInclude Include="Lizard.h">
      <Filter>Animals\Lizards</Filter>
    </ClInclude>
    <ClInclude Include="Lizards.h">
      <Filter>Animals\Lizards</Filter>
    </ClInclude>
    <ClInclude Include="LocEagle.h">
      <Filter>Animals\Eagle</Filter>
    </ClInclude>
    <ClInclude Include="Fader.h">
      <Filter>Effects\Fader</Filter>
    </ClInclude>
    <ClInclude Include="WideScreen.h">
      <Filter>Effects\WideScreen</Filter>
    </ClInclude>
    <ClInclude Include="Grass.h">
      <Filter>Effects\Grass</Filter>
    </ClInclude>
    <ClInclude Include="grs.h">
      <Filter>Effects\Grass</Filter>
    </ClInclude>
    <ClInclude Include="CharacterAnimationKipper.h">
      <Filter>Effects\CharacterAnimationKipper</Filter>
    </ClInclude>
    <ClInclude Include="Blood.h">
      <Filter>Effects\Blood</Filter>
    </ClInclude>
    <ClInclude Include="LocCrab.h">
      <Filter>Animals\Crabs</Filter>
    </ClInclude>
    <ClInclude Include="LocCrabs.h">
      <Filter>Animals\Crabs</Filter>
    </ClInclude>
  </ItemGroup>
  <ItemGroup>
    <None Include="..\Engine\Resource\animation\ani.txt">
      <Filter>Data</Filter>
    </None>
    <None Include="..\Engine\Modules\Techniques\Effects\GrassEx.sha">
      <Filter>Data</Filter>
    </None>
    <None Include="HLSL.fx">
      <Filter>Data</Filter>
    </None>
  </ItemGroup>
</Project>