
Microsoft Visual Studio Solution File, Format Version 12.00
# Visual Studio Version 16
Project("{8BC9CEB8-8B4A-11D0-8D11-00A0C91BC942}") = "ALL_BUILD", "ALL_BUILD.vcxproj", "{1716A179-6822-3F9C-B9A0-97955056A67A}"
	ProjectSection(ProjectDependencies) = postProject
		{61DAB0E7-5D7C-3C0E-AAF2-568B1951580E} = {61DAB0E7-5D7C-3C0E-AAF2-568B1951580E}
		{5EC6FC33-EB87-3357-80FD-DF2F358ADDBC} = {5EC6FC33-EB87-3357-80FD-DF2F358ADDBC}
	EndProjectSection
EndProject
Project("{8BC9CEB8-8B4A-11D0-8D11-00A0C91BC942}") = "ZERO_CHECK", "..\..\..\\ZERO_CHECK.vcxproj", "{61DAB0E7-5D7C-3C0E-AAF2-568B1951580E}"
	ProjectSection(ProjectDependencies) = postProject
	EndProjectSection
EndProject
Project("{8BC9CEB8-8B4A-11D0-8D11-00A0C91BC942}") = "sound", "sound.vcxproj", "{5EC6FC33-EB87-3357-80FD-DF2F358ADDBC}"
	ProjectSection(ProjectDependencies) = postProject
		{61DAB0E7-5D7C-3C0E-AAF2-568B1951580E} = {61DAB0E7-5D7C-3C0E-AAF2-568B1951580E}
	EndProjectSection
EndProject
Global
	GlobalSection(SolutionConfigurationPlatforms) = preSolution
		Debug|x64 = Debug|x64
		Release|x64 = Release|x64
		MinSizeRel|x64 = MinSizeRel|x64
		RelWithDebInfo|x64 = RelWithDebInfo|x64
	EndGlobalSection
	GlobalSection(ProjectConfigurationPlatforms) = postSolution
		{1716A179-6822-3F9C-B9A0-97955056A67A}.Debug|x64.ActiveCfg = Debug|x64
		{1716A179-6822-3F9C-B9A0-97955056A67A}.Release|x64.ActiveCfg = Release|x64
		{1716A179-6822-3F9C-B9A0-97955056A67A}.MinSizeRel|x64.ActiveCfg = MinSizeRel|x64
		{1716A179-6822-3F9C-B9A0-97955056A67A}.RelWithDebInfo|x64.ActiveCfg = RelWithDebInfo|x64
		{61DAB0E7-5D7C-3C0E-AAF2-568B1951580E}.Debug|x64.ActiveCfg = Debug|x64
		{61DAB0E7-5D7C-3C0E-AAF2-568B1951580E}.Debug|x64.Build.0 = Debug|x64
		{61DAB0E7-5D7C-3C0E-AAF2-568B1951580E}.Release|x64.ActiveCfg = Release|x64
		{61DAB0E7-5D7C-3C0E-AAF2-568B1951580E}.Release|x64.Build.0 = Release|x64
		{61DAB0E7-5D7C-3C0E-AAF2-568B1951580E}.MinSizeRel|x64.ActiveCfg = MinSizeRel|x64
		{61DAB0E7-5D7C-3C0E-AAF2-568B1951580E}.MinSizeRel|x64.Build.0 = MinSizeRel|x64
		{61DAB0E7-5D7C-3C0E-AAF2-568B1951580E}.RelWithDebInfo|x64.ActiveCfg = RelWithDebInfo|x64
		{61DAB0E7-5D7C-3C0E-AAF2-568B1951580E}.RelWithDebInfo|x64.Build.0 = RelWithDebInfo|x64
		{5EC6FC33-EB87-3357-80FD-DF2F358ADDBC}.Debug|x64.ActiveCfg = Debug|x64
		{5EC6FC33-EB87-3357-80FD-DF2F358ADDBC}.Debug|x64.Build.0 = Debug|x64
		{5EC6FC33-EB87-3357-80FD-DF2F358ADDBC}.Release|x64.ActiveCfg = Release|x64
		{5EC6FC33-EB87-3357-80FD-DF2F358ADDBC}.Release|x64.Build.0 = Release|x64
		{5EC6FC33-EB87-3357-80FD-DF2F358ADDBC}.MinSizeRel|x64.ActiveCfg = MinSizeRel|x64
		{5EC6FC33-EB87-3357-80FD-DF2F358ADDBC}.MinSizeRel|x64.Build.0 = MinSizeRel|x64
		{5EC6FC33-EB87-3357-80FD-DF2F358ADDBC}.RelWithDebInfo|x64.ActiveCfg = RelWithDebInfo|x64
		{5EC6FC33-EB87-3357-80FD-DF2F358ADDBC}.RelWithDebInfo|x64.Build.0 = RelWithDebInfo|x64
	EndGlobalSection
	GlobalSection(ExtensibilityGlobals) = postSolution
		SolutionGuid = {A0CFEB0E-6288-3A4E-8A1E-1DF7CEA96346}
	EndGlobalSection
	GlobalSection(ExtensibilityAddIns) = postSolution
	EndGlobalSection
EndGlobal
