<?xml version="1.0" encoding="utf-8"?>
<Project ToolsVersion="4.0" xmlns="http://schemas.microsoft.com/developer/msbuild/2003">
  <ItemGroup>
    <Filter Include="Source Files">
      <UniqueIdentifier>{e6c0f10d-3f67-4a6f-8e98-e094ac9d96e4}</UniqueIdentifier>
      <Extensions>cpp;c;cxx;rc;def;r;odl;idl;hpj;bat</Extensions>
    </Filter>
    <Filter Include="Header Files">
      <UniqueIdentifier>{375b09ea-fe97-4e02-b363-7b14bb4a1959}</UniqueIdentifier>
      <Extensions>h;hpp;hxx;hm;inl</Extensions>
    </Filter>
    <Filter Include="Resource Files">
      <UniqueIdentifier>{8c830ff2-cec5-4d15-9bfe-a78d032d9cd0}</UniqueIdentifier>
      <Extensions>ico;cur;bmp;dlg;rc2;rct;bin;rgs;gif;jpg;jpeg;jpe</Extensions>
    </Filter>
  </ItemGroup>
  <ItemGroup>
    <ClCompile Include="Animals.cpp">
      <Filter>Source Files</Filter>
    </ClCompile>
    <ClCompile Include="AnimalsDefines.cpp">
      <Filter>Source Files</Filter>
    </ClCompile>
    <ClCompile Include="..\COMMON_H\rands.cpp">
      <Filter>Source Files</Filter>
    </ClCompile>
    <ClCompile Include="TButterflies.cpp">
      <Filter>Source Files</Filter>
    </ClCompile>
    <ClCompile Include="TButterfly.cpp">
      <Filter>Source Files</Filter>
    </ClCompile>
    <ClCompile Include="TDynamicObject.cpp">
      <Filter>Source Files</Filter>
    </ClCompile>
    <ClCompile Include="TDynamicSystem.cpp">
      <Filter>Source Files</Filter>
    </ClCompile>
    <ClCompile Include="TFishSchools.cpp">
      <Filter>Source Files</Filter>
    </ClCompile>
    <ClCompile Include="TIVBufferManager.cpp">
      <Filter>Source Files</Filter>
    </ClCompile>
    <ClCompile Include="TSeagulls.cpp">
      <Filter>Source Files</Filter>
    </ClCompile>
    <ClCompile Include="TSharks.cpp">
      <Filter>Source Files</Filter>
    </ClCompile>
  </ItemGroup>
  <ItemGroup>
    <ClInclude Include="Animals.H">
      <Filter>Header Files</Filter>
    </ClInclude>
    <ClInclude Include="AnimalsDefines.h">
      <Filter>Header Files</Filter>
    </ClInclude>
    <ClInclude Include="TButterflies.h">
      <Filter>Header Files</Filter>
    </ClInclude>
    <ClInclude Include="TButterfly.h">
      <Filter>Header Files</Filter>
    </ClInclude>
    <ClInclude Include="TDynamicObject.h">
      <Filter>Header Files</Filter>
    </ClInclude>
    <ClInclude Include="TDynamicSystem.h">
      <Filter>Header Files</Filter>
    </ClInclude>
    <ClInclude Include="TFishSchools.h">
      <Filter>Header Files</Filter>
    </ClInclude>
    <ClInclude Include="TIVBufferManager.h">
      <Filter>Header Files</Filter>
    </ClInclude>
    <ClInclude Include="TSeagulls.h">
      <Filter>Header Files</Filter>
    </ClInclude>
    <ClInclude Include="TSharks.h">
      <Filter>Header Files</Filter>
    </ClInclude>
  </ItemGroup>
</Project>