<?xml version="1.0" encoding="utf-8"?>
<Project ToolsVersion="16.0" xmlns="http://schemas.microsoft.com/developer/msbuild/2003">
  <ItemGroup>
    <ClCompile Include="C:\Source\storm-engine\src\libs\Xinterface\aviplayer\aviplayer.cpp">
      <Filter>Source Files</Filter>
    </ClCompile>
    <ClCompile Include="C:\Source\storm-engine\src\libs\Xinterface\BackScene\backscene.cpp">
      <Filter>Source Files</Filter>
    </ClCompile>
    <ClCompile Include="C:\Source\storm-engine\src\libs\Xinterface\editor\editor_defines.cpp">
      <Filter>Source Files</Filter>
    </ClCompile>
    <ClCompile Include="C:\Source\storm-engine\src\libs\Xinterface\editor\editor.cpp">
      <Filter>Source Files</Filter>
    </ClCompile>
    <ClCompile Include="C:\Source\storm-engine\src\libs\Xinterface\editor\list.cpp">
      <Filter>Source Files</Filter>
    </ClCompile>
    <ClCompile Include="C:\Source\storm-engine\src\libs\Xinterface\editor\xfont.cpp">
      <Filter>Source Files</Filter>
    </ClCompile>
    <ClCompile Include="C:\Source\storm-engine\src\libs\Xinterface\HelpChooser\HelpChooser.cpp">
      <Filter>Source Files</Filter>
    </ClCompile>
    <ClCompile Include="C:\Source\storm-engine\src\libs\Xinterface\Nodes\xi_2picture.cpp">
      <Filter>Source Files</Filter>
    </ClCompile>
    <ClCompile Include="C:\Source\storm-engine\src\libs\Xinterface\Nodes\xi_VImgScroll.cpp">
      <Filter>Source Files</Filter>
    </ClCompile>
    <ClCompile Include="C:\Source\storm-engine\src\libs\Xinterface\Nodes\xi_border.cpp">
      <Filter>Source Files</Filter>
    </ClCompile>
    <ClCompile Include="C:\Source\storm-engine\src\libs\Xinterface\Nodes\xi_bounder.cpp">
      <Filter>Source Files</Filter>
    </ClCompile>
    <ClCompile Include="C:\Source\storm-engine\src\libs\Xinterface\Nodes\xi_button.cpp">
      <Filter>Source Files</Filter>
    </ClCompile>
    <ClCompile Include="C:\Source\storm-engine\src\libs\Xinterface\Nodes\xi_changer.cpp">
      <Filter>Source Files</Filter>
    </ClCompile>
    <ClCompile Include="C:\Source\storm-engine\src\libs\Xinterface\Nodes\xi_checkbuttons.cpp">
      <Filter>Source Files</Filter>
    </ClCompile>
    <ClCompile Include="C:\Source\storm-engine\src\libs\Xinterface\Nodes\xi_conthelp.cpp">
      <Filter>Source Files</Filter>
    </ClCompile>
    <ClCompile Include="C:\Source\storm-engine\src\libs\Xinterface\Nodes\xi_editbox.cpp">
      <Filter>Source Files</Filter>
    </ClCompile>
    <ClCompile Include="C:\Source\storm-engine\src\libs\Xinterface\Nodes\xi_formttext.cpp">
      <Filter>Source Files</Filter>
    </ClCompile>
    <ClCompile Include="C:\Source\storm-engine\src\libs\Xinterface\Nodes\xi_fourimg.cpp">
      <Filter>Source Files</Filter>
    </ClCompile>
    <ClCompile Include="C:\Source\storm-engine\src\libs\Xinterface\Nodes\xi_glowCursor.cpp">
      <Filter>Source Files</Filter>
    </ClCompile>
    <ClCompile Include="C:\Source\storm-engine\src\libs\Xinterface\Nodes\xi_glower.cpp">
      <Filter>Source Files</Filter>
    </ClCompile>
    <ClCompile Include="C:\Source\storm-engine\src\libs\Xinterface\Nodes\xi_image.cpp">
      <Filter>Source Files</Filter>
    </ClCompile>
    <ClCompile Include="C:\Source\storm-engine\src\libs\Xinterface\Nodes\xi_imgcollection.cpp">
      <Filter>Source Files</Filter>
    </ClCompile>
    <ClCompile Include="C:\Source\storm-engine\src\libs\Xinterface\Nodes\xi_keychanger.cpp">
      <Filter>Source Files</Filter>
    </ClCompile>
    <ClCompile Include="C:\Source\storm-engine\src\libs\Xinterface\Nodes\xi_linecollection.cpp">
      <Filter>Source Files</Filter>
    </ClCompile>
    <ClCompile Include="C:\Source\storm-engine\src\libs\Xinterface\Nodes\xi_lrchanger.cpp">
      <Filter>Source Files</Filter>
    </ClCompile>
    <ClCompile Include="C:\Source\storm-engine\src\libs\Xinterface\Nodes\xi_pceditbox.cpp">
      <Filter>Source Files</Filter>
    </ClCompile>
    <ClCompile Include="C:\Source\storm-engine\src\libs\Xinterface\Nodes\xi_picture.cpp">
      <Filter>Source Files</Filter>
    </ClCompile>
    <ClCompile Include="C:\Source\storm-engine\src\libs\Xinterface\Nodes\xi_questtexts.cpp">
      <Filter>Source Files</Filter>
    </ClCompile>
    <ClCompile Include="C:\Source\storm-engine\src\libs\Xinterface\Nodes\xi_questtitles.cpp">
      <Filter>Source Files</Filter>
    </ClCompile>
    <ClCompile Include="C:\Source\storm-engine\src\libs\Xinterface\Nodes\xi_rectangle.cpp">
      <Filter>Source Files</Filter>
    </ClCompile>
    <ClCompile Include="C:\Source\storm-engine\src\libs\Xinterface\Nodes\xi_scrollbar.cpp">
      <Filter>Source Files</Filter>
    </ClCompile>
    <ClCompile Include="C:\Source\storm-engine\src\libs\Xinterface\Nodes\xi_scrolledpic.cpp">
      <Filter>Source Files</Filter>
    </ClCompile>
    <ClCompile Include="C:\Source\storm-engine\src\libs\Xinterface\Nodes\xi_scroller.cpp">
      <Filter>Source Files</Filter>
    </ClCompile>
    <ClCompile Include="C:\Source\storm-engine\src\libs\Xinterface\Nodes\xi_scrollimage.cpp">
      <Filter>Source Files</Filter>
    </ClCompile>
    <ClCompile Include="C:\Source\storm-engine\src\libs\Xinterface\Nodes\xi_scrolltext.cpp">
      <Filter>Source Files</Filter>
    </ClCompile>
    <ClCompile Include="C:\Source\storm-engine\src\libs\Xinterface\Nodes\xi_slideLine.cpp">
      <Filter>Source Files</Filter>
    </ClCompile>
    <ClCompile Include="C:\Source\storm-engine\src\libs\Xinterface\Nodes\xi_slidepicture.cpp">
      <Filter>Source Files</Filter>
    </ClCompile>
    <ClCompile Include="C:\Source\storm-engine\src\libs\Xinterface\Nodes\xi_statusline.cpp">
      <Filter>Source Files</Filter>
    </ClCompile>
    <ClCompile Include="C:\Source\storm-engine\src\libs\Xinterface\Nodes\xi_strcollection.cpp">
      <Filter>Source Files</Filter>
    </ClCompile>
    <ClCompile Include="C:\Source\storm-engine\src\libs\Xinterface\Nodes\xi_table.cpp">
      <Filter>Source Files</Filter>
    </ClCompile>
    <ClCompile Include="C:\Source\storm-engine\src\libs\Xinterface\Nodes\xi_tabsection.cpp">
      <Filter>Source Files</Filter>
    </ClCompile>
    <ClCompile Include="C:\Source\storm-engine\src\libs\Xinterface\Nodes\xi_textbutton.cpp">
      <Filter>Source Files</Filter>
    </ClCompile>
    <ClCompile Include="C:\Source\storm-engine\src\libs\Xinterface\Nodes\xi_title.cpp">
      <Filter>Source Files</Filter>
    </ClCompile>
    <ClCompile Include="C:\Source\storm-engine\src\libs\Xinterface\Nodes\xi_tooltips.cpp">
      <Filter>Source Files</Filter>
    </ClCompile>
    <ClCompile Include="C:\Source\storm-engine\src\libs\Xinterface\Nodes\xi_util.cpp">
      <Filter>Source Files</Filter>
    </ClCompile>
    <ClCompile Include="C:\Source\storm-engine\src\libs\Xinterface\Nodes\xi_video.cpp">
      <Filter>Source Files</Filter>
    </ClCompile>
    <ClCompile Include="C:\Source\storm-engine\src\libs\Xinterface\Nodes\xi_videorect.cpp">
      <Filter>Source Files</Filter>
    </ClCompile>
    <ClCompile Include="C:\Source\storm-engine\src\libs\Xinterface\Nodes\xi_window.cpp">
      <Filter>Source Files</Filter>
    </ClCompile>
    <ClCompile Include="C:\Source\storm-engine\src\libs\Xinterface\QuestFileReader\QuestFileReader.cpp">
      <Filter>Source Files</Filter>
    </ClCompile>
    <ClCompile Include="C:\Source\storm-engine\src\libs\Xinterface\Scrshoter\scrshoter.cpp">
      <Filter>Source Files</Filter>
    </ClCompile>
    <ClCompile Include="C:\Source\storm-engine\src\libs\Xinterface\Stringservice\obj_strservice.cpp">
      <Filter>Source Files</Filter>
    </ClCompile>
    <ClCompile Include="C:\Source\storm-engine\src\libs\Xinterface\Stringservice\strservice.cpp">
      <Filter>Source Files</Filter>
    </ClCompile>
    <ClCompile Include="C:\Source\storm-engine\src\libs\Xinterface\TextureSequence\TextureSequence.cpp">
      <Filter>Source Files</Filter>
    </ClCompile>
    <ClCompile Include="C:\Source\storm-engine\src\libs\Xinterface\InfoHandler.cpp">
      <Filter>Source Files</Filter>
    </ClCompile>
    <ClCompile Include="C:\Source\storm-engine\src\libs\Xinterface\inode.cpp">
      <Filter>Source Files</Filter>
    </ClCompile>
    <ClCompile Include="C:\Source\storm-engine\src\libs\Xinterface\xinterface.cpp">
      <Filter>Source Files</Filter>
    </ClCompile>
    <ClCompile Include="C:\Source\storm-engine\src\libs\Xinterface\xiutil.cpp">
      <Filter>Source Files</Filter>
    </ClCompile>
    <ClCompile Include="C:\Source\storm-engine\src\libs\Xinterface\xservice.cpp">
      <Filter>Source Files</Filter>
    </ClCompile>
  </ItemGroup>
  <ItemGroup>
    <ClInclude Include="C:\Source\storm-engine\src\libs\Xinterface\aviplayer\aviplayer.h">
      <Filter>Header Files</Filter>
    </ClInclude>
    <ClInclude Include="C:\Source\storm-engine\src\libs\Xinterface\BackScene\backscene.h">
      <Filter>Header Files</Filter>
    </ClInclude>
    <ClInclude Include="C:\Source\storm-engine\src\libs\Xinterface\editor\editor_defines.h">
      <Filter>Header Files</Filter>
    </ClInclude>
    <ClInclude Include="C:\Source\storm-engine\src\libs\Xinterface\editor\editor.h">
      <Filter>Header Files</Filter>
    </ClInclude>
    <ClInclude Include="C:\Source\storm-engine\src\libs\Xinterface\editor\font.h">
      <Filter>Header Files</Filter>
    </ClInclude>
    <ClInclude Include="C:\Source\storm-engine\src\libs\Xinterface\editor\list.h">
      <Filter>Header Files</Filter>
    </ClInclude>
    <ClInclude Include="C:\Source\storm-engine\src\libs\Xinterface\HelpChooser\HelpChooser.h">
      <Filter>Header Files</Filter>
    </ClInclude>
    <ClInclude Include="C:\Source\storm-engine\src\libs\Xinterface\Nodes\all_xinode.h">
      <Filter>Header Files</Filter>
    </ClInclude>
    <ClInclude Include="C:\Source\storm-engine\src\libs\Xinterface\Nodes\xi_2picture.h">
      <Filter>Header Files</Filter>
    </ClInclude>
    <ClInclude Include="C:\Source\storm-engine\src\libs\Xinterface\Nodes\xi_VImgScroll.h">
      <Filter>Header Files</Filter>
    </ClInclude>
    <ClInclude Include="C:\Source\storm-engine\src\libs\Xinterface\Nodes\xi_border.h">
      <Filter>Header Files</Filter>
    </ClInclude>
    <ClInclude Include="C:\Source\storm-engine\src\libs\Xinterface\Nodes\xi_bounder.h">
      <Filter>Header Files</Filter>
    </ClInclude>
    <ClInclude Include="C:\Source\storm-engine\src\libs\Xinterface\Nodes\xi_button.h">
      <Filter>Header Files</Filter>
    </ClInclude>
    <ClInclude Include="C:\Source\storm-engine\src\libs\Xinterface\Nodes\xi_changer.h">
      <Filter>Header Files</Filter>
    </ClInclude>
    <ClInclude Include="C:\Source\storm-engine\src\libs\Xinterface\Nodes\xi_checkbuttons.h">
      <Filter>Header Files</Filter>
    </ClInclude>
    <ClInclude Include="C:\Source\storm-engine\src\libs\Xinterface\Nodes\xi_conthelp.h">
      <Filter>Header Files</Filter>
    </ClInclude>
    <ClInclude Include="C:\Source\storm-engine\src\libs\Xinterface\Nodes\xi_editbox.h">
      <Filter>Header Files</Filter>
    </ClInclude>
    <ClInclude Include="C:\Source\storm-engine\src\libs\Xinterface\Nodes\xi_formttext.h">
      <Filter>Header Files</Filter>
    </ClInclude>
    <ClInclude Include="C:\Source\storm-engine\src\libs\Xinterface\Nodes\xi_fourimg.h">
      <Filter>Header Files</Filter>
    </ClInclude>
    <ClInclude Include="C:\Source\storm-engine\src\libs\Xinterface\Nodes\xi_glowCursor.h">
      <Filter>Header Files</Filter>
    </ClInclude>
    <ClInclude Include="C:\Source\storm-engine\src\libs\Xinterface\Nodes\xi_glower.h">
      <Filter>Header Files</Filter>
    </ClInclude>
    <ClInclude Include="C:\Source\storm-engine\src\libs\Xinterface\Nodes\xi_image.h">
      <Filter>Header Files</Filter>
    </ClInclude>
    <ClInclude Include="C:\Source\storm-engine\src\libs\Xinterface\Nodes\xi_imgcollection.h">
      <Filter>Header Files</Filter>
    </ClInclude>
    <ClInclude Include="C:\Source\storm-engine\src\libs\Xinterface\Nodes\xi_keychanger.h">
      <Filter>Header Files</Filter>
    </ClInclude>
    <ClInclude Include="C:\Source\storm-engine\src\libs\Xinterface\Nodes\xi_linecollection.h">
      <Filter>Header Files</Filter>
    </ClInclude>
    <ClInclude Include="C:\Source\storm-engine\src\libs\Xinterface\Nodes\xi_lrchanger.h">
      <Filter>Header Files</Filter>
    </ClInclude>
    <ClInclude Include="C:\Source\storm-engine\src\libs\Xinterface\Nodes\xi_pceditbox.h">
      <Filter>Header Files</Filter>
    </ClInclude>
    <ClInclude Include="C:\Source\storm-engine\src\libs\Xinterface\Nodes\xi_picture.h">
      <Filter>Header Files</Filter>
    </ClInclude>
    <ClInclude Include="C:\Source\storm-engine\src\libs\Xinterface\Nodes\xi_questtexts.h">
      <Filter>Header Files</Filter>
    </ClInclude>
    <ClInclude Include="C:\Source\storm-engine\src\libs\Xinterface\Nodes\xi_questtitles.h">
      <Filter>Header Files</Filter>
    </ClInclude>
    <ClInclude Include="C:\Source\storm-engine\src\libs\Xinterface\Nodes\xi_rectangle.h">
      <Filter>Header Files</Filter>
    </ClInclude>
    <ClInclude Include="C:\Source\storm-engine\src\libs\Xinterface\Nodes\xi_scrollbar.h">
      <Filter>Header Files</Filter>
    </ClInclude>
    <ClInclude Include="C:\Source\storm-engine\src\libs\Xinterface\Nodes\xi_scrolledpic.h">
      <Filter>Header Files</Filter>
    </ClInclude>
    <ClInclude Include="C:\Source\storm-engine\src\libs\Xinterface\Nodes\xi_scroller.h">
      <Filter>Header Files</Filter>
    </ClInclude>
    <ClInclude Include="C:\Source\storm-engine\src\libs\Xinterface\Nodes\xi_scrollimage.h">
      <Filter>Header Files</Filter>
    </ClInclude>
    <ClInclude Include="C:\Source\storm-engine\src\libs\Xinterface\Nodes\xi_scrolltext.h">
      <Filter>Header Files</Filter>
    </ClInclude>
    <ClInclude Include="C:\Source\storm-engine\src\libs\Xinterface\Nodes\xi_slideLine.h">
      <Filter>Header Files</Filter>
    </ClInclude>
    <ClInclude Include="C:\Source\storm-engine\src\libs\Xinterface\Nodes\xi_slidepicture.h">
      <Filter>Header Files</Filter>
    </ClInclude>
    <ClInclude Include="C:\Source\storm-engine\src\libs\Xinterface\Nodes\xi_statusline.h">
      <Filter>Header Files</Filter>
    </ClInclude>
    <ClInclude Include="C:\Source\storm-engine\src\libs\Xinterface\Nodes\xi_strcollection.h">
      <Filter>Header Files</Filter>
    </ClInclude>
    <ClInclude Include="C:\Source\storm-engine\src\libs\Xinterface\Nodes\xi_table.h">
      <Filter>Header Files</Filter>
    </ClInclude>
    <ClInclude Include="C:\Source\storm-engine\src\libs\Xinterface\Nodes\xi_tabsection.h">
      <Filter>Header Files</Filter>
    </ClInclude>
    <ClInclude Include="C:\Source\storm-engine\src\libs\Xinterface\Nodes\xi_textbutton.h">
      <Filter>Header Files</Filter>
    </ClInclude>
    <ClInclude Include="C:\Source\storm-engine\src\libs\Xinterface\Nodes\xi_title.h">
      <Filter>Header Files</Filter>
    </ClInclude>
    <ClInclude Include="C:\Source\storm-engine\src\libs\Xinterface\Nodes\xi_tooltips.h">
      <Filter>Header Files</Filter>
    </ClInclude>
    <ClInclude Include="C:\Source\storm-engine\src\libs\Xinterface\Nodes\xi_util.h">
      <Filter>Header Files</Filter>
    </ClInclude>
    <ClInclude Include="C:\Source\storm-engine\src\libs\Xinterface\Nodes\xi_video.h">
      <Filter>Header Files</Filter>
    </ClInclude>
    <ClInclude Include="C:\Source\storm-engine\src\libs\Xinterface\Nodes\xi_videorect.h">
      <Filter>Header Files</Filter>
    </ClInclude>
    <ClInclude Include="C:\Source\storm-engine\src\libs\Xinterface\Nodes\xi_window.h">
      <Filter>Header Files</Filter>
    </ClInclude>
    <ClInclude Include="C:\Source\storm-engine\src\libs\Xinterface\QuestFileReader\QuestFileReader.h">
      <Filter>Header Files</Filter>
    </ClInclude>
    <ClInclude Include="C:\Source\storm-engine\src\libs\Xinterface\Scrshoter\scrshoter.h">
      <Filter>Header Files</Filter>
    </ClInclude>
    <ClInclude Include="C:\Source\storm-engine\src\libs\Xinterface\Stringservice\obj_strservice.h">
      <Filter>Header Files</Filter>
    </ClInclude>
    <ClInclude Include="C:\Source\storm-engine\src\libs\Xinterface\Stringservice\strservice.h">
      <Filter>Header Files</Filter>
    </ClInclude>
    <ClInclude Include="C:\Source\storm-engine\src\libs\Xinterface\TextureSequence\TextureSequence.h">
      <Filter>Header Files</Filter>
    </ClInclude>
    <ClInclude Include="C:\Source\storm-engine\src\libs\Xinterface\base_video.h">
      <Filter>Header Files</Filter>
    </ClInclude>
    <ClInclude Include="C:\Source\storm-engine\src\libs\Xinterface\InfoHandler.h">
      <Filter>Header Files</Filter>
    </ClInclude>
    <ClInclude Include="C:\Source\storm-engine\src\libs\Xinterface\inode.h">
      <Filter>Header Files</Filter>
    </ClInclude>
    <ClInclude Include="C:\Source\storm-engine\src\libs\Xinterface\vxservice.h">
      <Filter>Header Files</Filter>
    </ClInclude>
    <ClInclude Include="C:\Source\storm-engine\src\libs\Xinterface\xdefines.h">
      <Filter>Header Files</Filter>
    </ClInclude>
    <ClInclude Include="C:\Source\storm-engine\src\libs\Xinterface\xinterface.h">
      <Filter>Header Files</Filter>
    </ClInclude>
    <ClInclude Include="C:\Source\storm-engine\src\libs\Xinterface\xpictures.h">
      <Filter>Header Files</Filter>
    </ClInclude>
    <ClInclude Include="C:\Source\storm-engine\src\libs\Xinterface\xservice.h">
      <Filter>Header Files</Filter>
    </ClInclude>
  </ItemGroup>
  <ItemGroup>
    <CustomBuild Include="C:\Source\storm-engine\src\libs\Xinterface\CMakeLists.txt" />
  </ItemGroup>
  <ItemGroup>
    <Filter Include="Header Files">
      <UniqueIdentifier>{CDD6755F-4D0F-3B12-B32A-D47DAF79F630}</UniqueIdentifier>
    </Filter>
    <Filter Include="Source Files">
      <UniqueIdentifier>{D270B47B-1C4E-327F-AD9D-6B10CA9C257F}</UniqueIdentifier>
    </Filter>
  </ItemGroup>
</Project>
