<?xml version="1.0" encoding="utf-8"?>
<Project ToolsVersion="16.0" xmlns="http://schemas.microsoft.com/developer/msbuild/2003">
  <ItemGroup>
    <CustomBuild Include="C:\Source\storm-engine\platform\win64\CMakeFiles\3ed0d1bf6c781f2a67c0d4b5f6c716bc\INSTALL_force.rule">
      <Filter>CMake Rules</Filter>
    </CustomBuild>
  </ItemGroup>
  <ItemGroup>
    <Filter Include="CMake Rules">
      <UniqueIdentifier>{F7553C6F-42F6-31E6-831D-A83FE41B0303}</UniqueIdentifier>
    </Filter>
  </ItemGroup>
</Project>
