<?xml version="1.0" encoding="utf-8"?>
<Project ToolsVersion="4.0" xmlns="http://schemas.microsoft.com/developer/msbuild/2003">
  <ItemGroup>
    <Filter Include="Source Files">
      <UniqueIdentifier>{35717616-ab0a-4049-9a61-e71129fb5938}</UniqueIdentifier>
      <Extensions>cpp;c;cxx;rc;def;r;odl;idl;hpj;bat</Extensions>
    </Filter>
    <Filter Include="Header Files">
      <UniqueIdentifier>{dc1a43ad-eaf6-4558-bc5a-0057fae31dab}</UniqueIdentifier>
      <Extensions>h;hpp;hxx;hm;inl</Extensions>
    </Filter>
    <Filter Include="Resource Files">
      <UniqueIdentifier>{36835688-a736-4bbd-998b-75f399981301}</UniqueIdentifier>
      <Extensions>ico;cur;bmp;dlg;rc2;rct;bin;rgs;gif;jpg;jpeg;jpe</Extensions>
    </Filter>
  </ItemGroup>
  <ItemGroup>
    <ClCompile Include="Seafoam.cpp">
      <Filter>Source Files</Filter>
    </ClCompile>
    <ClCompile Include="seafoam_ps.cpp">
      <Filter>Source Files</Filter>
    </ClCompile>
    <ClCompile Include="SeafoamDefines.cpp">
      <Filter>Source Files</Filter>
    </ClCompile>
    <ClCompile Include="TCarcass.cpp">
      <Filter>Source Files</Filter>
    </ClCompile>
    <ClCompile Include="TIVBufferManager.cpp">
      <Filter>Source Files</Filter>
    </ClCompile>
  </ItemGroup>
  <ItemGroup>
    <ClInclude Include="Seafoam.H">
      <Filter>Header Files</Filter>
    </ClInclude>
    <ClInclude Include="seafoam_ps.h">
      <Filter>Header Files</Filter>
    </ClInclude>
    <ClInclude Include="SeafoamDefines.h">
      <Filter>Header Files</Filter>
    </ClInclude>
    <ClInclude Include="TCarcass.h">
      <Filter>Header Files</Filter>
    </ClInclude>
    <ClInclude Include="TIVBufferManager.h">
      <Filter>Header Files</Filter>
    </ClInclude>
  </ItemGroup>
</Project>