<?xml version="1.0" encoding="utf-8"?>
<Project ToolsVersion="4.0" xmlns="http://schemas.microsoft.com/developer/msbuild/2003">
  <ItemGroup>
    <Filter Include="DataCache">
      <UniqueIdentifier>{88ddba0f-8da2-4176-93cc-49ba3cb1479f}</UniqueIdentifier>
    </Filter>
    <Filter Include="GeomCache">
      <UniqueIdentifier>{8af03ec4-cca2-49cf-9f38-0fea326a5071}</UniqueIdentifier>
    </Filter>
    <Filter Include="ICommon">
      <UniqueIdentifier>{c705074b-f458-43d3-8d6a-fc63faf0db66}</UniqueIdentifier>
    </Filter>
    <Filter Include="K2Wrapper">
      <UniqueIdentifier>{9cda5489-3d18-4eee-9b41-60fee9627f30}</UniqueIdentifier>
    </Filter>
    <Filter Include="Manager">
      <UniqueIdentifier>{08ce1247-73cf-401e-a81f-93cc2c675da0}</UniqueIdentifier>
    </Filter>
    <Filter Include="Service">
      <UniqueIdentifier>{d752d063-a790-4fb5-97e5-35ae87d92f63}</UniqueIdentifier>
    </Filter>
    <Filter Include="System">
      <UniqueIdentifier>{d366ab19-e4b0-4404-a4c1-97c7716ada40}</UniqueIdentifier>
    </Filter>
    <Filter Include="System\DataDesc">
      <UniqueIdentifier>{2d5c8aa1-b106-4a9b-a43c-319c1303c31d}</UniqueIdentifier>
    </Filter>
    <Filter Include="System\DataSource">
      <UniqueIdentifier>{806de79d-1cbc-492d-b621-823732cd1b44}</UniqueIdentifier>
    </Filter>
    <Filter Include="System\Emitters">
      <UniqueIdentifier>{de2d2d93-a332-4600-9b6b-46ef3f7f5a1d}</UniqueIdentifier>
    </Filter>
    <Filter Include="System\ParticleProcessor">
      <UniqueIdentifier>{d682ee9b-9820-4a4c-8cba-2a9894b4859b}</UniqueIdentifier>
    </Filter>
    <Filter Include="System\ParticleSystem">
      <UniqueIdentifier>{873fbf85-fc85-4262-b059-290ac59ed3e5}</UniqueIdentifier>
    </Filter>
    <Filter Include="Common_H">
      <UniqueIdentifier>{c1a6ac59-b9e6-432b-ad1f-9b60e36eecd5}</UniqueIdentifier>
    </Filter>
    <Filter Include="Common_H\Particles">
      <UniqueIdentifier>{6c8a8eff-fd94-40fa-bf24-9058d6064f84}</UniqueIdentifier>
    </Filter>
    <Filter Include="Common_H\Math3D">
      <UniqueIdentifier>{a358bd51-3462-4dd9-ae10-4a27bce52606}</UniqueIdentifier>
    </Filter>
    <Filter Include="Technique">
      <UniqueIdentifier>{fc928bd9-598f-4b44-82b4-aabe4d80c9fe}</UniqueIdentifier>
    </Filter>
  </ItemGroup>
  <ItemGroup>
    <ClCompile Include="DataCache\DataCache.cpp">
      <Filter>DataCache</Filter>
    </ClCompile>
    <ClCompile Include="GeomCache\GeomCache.cpp">
      <Filter>GeomCache</Filter>
    </ClCompile>
    <ClCompile Include="K2Wrapper\particles.cpp">
      <Filter>K2Wrapper</Filter>
    </ClCompile>
    <ClCompile Include="K2Wrapper\psystem.cpp">
      <Filter>K2Wrapper</Filter>
    </ClCompile>
    <ClCompile Include="Manager\particlemanager.cpp">
      <Filter>Manager</Filter>
    </ClCompile>
    <ClCompile Include="Service\particleservice.cpp">
      <Filter>Service</Filter>
    </ClCompile>
    <ClCompile Include="System\DataDesc\data_desc.cpp">
      <Filter>System\DataDesc</Filter>
    </ClCompile>
    <ClCompile Include="System\DataSource\DataBool.cpp">
      <Filter>System\DataSource</Filter>
    </ClCompile>
    <ClCompile Include="System\DataSource\DataColor.cpp">
      <Filter>System\DataSource</Filter>
    </ClCompile>
    <ClCompile Include="System\DataSource\DataFloat.cpp">
      <Filter>System\DataSource</Filter>
    </ClCompile>
    <ClCompile Include="System\DataSource\DataGraph.cpp">
      <Filter>System\DataSource</Filter>
    </ClCompile>
    <ClCompile Include="System\DataSource\DataPosition.cpp">
      <Filter>System\DataSource</Filter>
    </ClCompile>
    <ClCompile Include="System\DataSource\DataSource.cpp">
      <Filter>System\DataSource</Filter>
    </ClCompile>
    <ClCompile Include="System\DataSource\DataString.cpp">
      <Filter>System\DataSource</Filter>
    </ClCompile>
    <ClCompile Include="System\DataSource\DataUV.cpp">
      <Filter>System\DataSource</Filter>
    </ClCompile>
    <ClCompile Include="System\DataSource\FieldList.cpp">
      <Filter>System\DataSource</Filter>
    </ClCompile>
    <ClCompile Include="System\Emitters\base.cpp">
      <Filter>System\Emitters</Filter>
    </ClCompile>
    <ClCompile Include="System\Emitters\point.cpp">
      <Filter>System\Emitters</Filter>
    </ClCompile>
    <ClCompile Include="System\ParticleProcessor\bb_processor.cpp">
      <Filter>System\ParticleProcessor</Filter>
    </ClCompile>
    <ClCompile Include="System\ParticleProcessor\mdl_processor.cpp">
      <Filter>System\ParticleProcessor</Filter>
    </ClCompile>
    <ClCompile Include="System\ParticleSystem\particlesystem.cpp">
      <Filter>System\ParticleSystem</Filter>
    </ClCompile>
  </ItemGroup>
  <ItemGroup>
    <ClInclude Include="DataCache\DataCache.h">
      <Filter>DataCache</Filter>
    </ClInclude>
    <ClInclude Include="GeomCache\GeomCache.h">
      <Filter>GeomCache</Filter>
    </ClInclude>
    <ClInclude Include="ICommon\BillBoard.h">
      <Filter>ICommon</Filter>
    </ClInclude>
    <ClInclude Include="ICommon\ColorVertex.h">
      <Filter>ICommon</Filter>
    </ClInclude>
    <ClInclude Include="ICommon\EditorTypes.h">
      <Filter>ICommon</Filter>
    </ClInclude>
    <ClInclude Include="ICommon\GraphTime.h">
      <Filter>ICommon</Filter>
    </ClInclude>
    <ClInclude Include="ICommon\GraphVertex.h">
      <Filter>ICommon</Filter>
    </ClInclude>
    <ClInclude Include="ICommon\IEmitter.h">
      <Filter>ICommon</Filter>
    </ClInclude>
    <ClInclude Include="ICommon\MemFile.h">
      <Filter>ICommon</Filter>
    </ClInclude>
    <ClInclude Include="ICommon\Names.h">
      <Filter>ICommon</Filter>
    </ClInclude>
    <ClInclude Include="ICommon\Particle.h">
      <Filter>ICommon</Filter>
    </ClInclude>
    <ClInclude Include="ICommon\Types.h">
      <Filter>ICommon</Filter>
    </ClInclude>
    <ClInclude Include="K2Wrapper\particles.h">
      <Filter>K2Wrapper</Filter>
    </ClInclude>
    <ClInclude Include="K2Wrapper\psystem.h">
      <Filter>K2Wrapper</Filter>
    </ClInclude>
    <ClInclude Include="Manager\particlemanager.h">
      <Filter>Manager</Filter>
    </ClInclude>
    <ClInclude Include="Service\particleservice.h">
      <Filter>Service</Filter>
    </ClInclude>
    <ClInclude Include="System\DataDesc\data_desc.h">
      <Filter>System\DataDesc</Filter>
    </ClInclude>
    <ClInclude Include="System\DataSource\DataBool.h">
      <Filter>System\DataSource</Filter>
    </ClInclude>
    <ClInclude Include="System\DataSource\DataColor.h">
      <Filter>System\DataSource</Filter>
    </ClInclude>
    <ClInclude Include="System\DataSource\DataFloat.h">
      <Filter>System\DataSource</Filter>
    </ClInclude>
    <ClInclude Include="System\DataSource\DataGraph.h">
      <Filter>System\DataSource</Filter>
    </ClInclude>
    <ClInclude Include="System\DataSource\DataPosition.h">
      <Filter>System\DataSource</Filter>
    </ClInclude>
    <ClInclude Include="System\DataSource\DataSource.h">
      <Filter>System\DataSource</Filter>
    </ClInclude>
    <ClInclude Include="System\DataSource\DataString.h">
      <Filter>System\DataSource</Filter>
    </ClInclude>
    <ClInclude Include="System\DataSource\DataUV.h">
      <Filter>System\DataSource</Filter>
    </ClInclude>
    <ClInclude Include="System\DataSource\FieldList.h">
      <Filter>System\DataSource</Filter>
    </ClInclude>
    <ClInclude Include="System\Emitters\base.h">
      <Filter>System\Emitters</Filter>
    </ClInclude>
    <ClInclude Include="System\Emitters\point.h">
      <Filter>System\Emitters</Filter>
    </ClInclude>
    <ClInclude Include="System\ParticleProcessor\bb_processor.h">
      <Filter>System\ParticleProcessor</Filter>
    </ClInclude>
    <ClInclude Include="System\ParticleProcessor\mdl_processor.h">
      <Filter>System\ParticleProcessor</Filter>
    </ClInclude>
    <ClInclude Include="System\ParticleProcessor\nameparser.h">
      <Filter>System\ParticleProcessor</Filter>
    </ClInclude>
    <ClInclude Include="System\ParticleProcessor\physic.h">
      <Filter>System\ParticleProcessor</Filter>
    </ClInclude>
    <ClInclude Include="System\ParticleSystem\particlesystem.h">
      <Filter>System\ParticleSystem</Filter>
    </ClInclude>
    <ClInclude Include="..\Common_h\math3D.h">
      <Filter>Common_H</Filter>
    </ClInclude>
    <ClInclude Include="..\Common_h\particles.h">
      <Filter>Common_H</Filter>
    </ClInclude>
    <ClInclude Include="..\Common_h\particles\gmx_QSort.h">
      <Filter>Common_H\Particles</Filter>
    </ClInclude>
    <ClInclude Include="..\Common_h\particles\iparticlemanager.h">
      <Filter>Common_H\Particles</Filter>
    </ClInclude>
    <ClInclude Include="..\Common_h\particles\iparticlesservice.h">
      <Filter>Common_H\Particles</Filter>
    </ClInclude>
    <ClInclude Include="..\Common_h\particles\iparticlesystem.h">
      <Filter>Common_H\Particles</Filter>
    </ClInclude>
    <ClInclude Include="..\Common_h\math3d\Box.h">
      <Filter>Common_H\Math3D</Filter>
    </ClInclude>
    <ClInclude Include="..\Common_h\math3d\Capsule.h">
      <Filter>Common_H\Math3D</Filter>
    </ClInclude>
    <ClInclude Include="..\Common_h\math3d\Color.h">
      <Filter>Common_H\Math3D</Filter>
    </ClInclude>
    <ClInclude Include="..\Common_h\math3d\Line.h">
      <Filter>Common_H\Math3D</Filter>
    </ClInclude>
    <ClInclude Include="..\Common_h\math3d\Matrix.h">
      <Filter>Common_H\Math3D</Filter>
    </ClInclude>
    <ClInclude Include="..\Common_h\math3d\Plane.h">
      <Filter>Common_H\Math3D</Filter>
    </ClInclude>
    <ClInclude Include="..\Common_h\math3d\Quaternion.h">
      <Filter>Common_H\Math3D</Filter>
    </ClInclude>
    <ClInclude Include="..\Common_h\math3d\Sphere.h">
      <Filter>Common_H\Math3D</Filter>
    </ClInclude>
    <ClInclude Include="..\Common_h\math3d\Triangle.h">
      <Filter>Common_H\Math3D</Filter>
    </ClInclude>
    <ClInclude Include="..\Common_h\math3d\Vector.h">
      <Filter>Common_H\Math3D</Filter>
    </ClInclude>
    <ClInclude Include="..\Common_h\math3d\Vector4.h">
      <Filter>Common_H\Math3D</Filter>
    </ClInclude>
  </ItemGroup>
  <ItemGroup>
    <None Include="..\Engine\Modules\Techniques\Particles\Particles.sha">
      <Filter>Technique</Filter>
    </None>
    <None Include="..\Engine\Modules\Techniques\Particles\PSys.sha">
      <Filter>Technique</Filter>
    </None>
  </ItemGroup>
</Project>