
Microsoft Visual Studio Solution File, Format Version 12.00
# Visual Studio Version 16
Project("{2150E333-8FDC-42A3-9474-1A3956D46DE8}") = "CMakePredefinedTargets", "CMakePredefinedTargets", "{D551FFF4-BFC4-38FA-AC85-A183D8DFBA98}"
EndProject
Project("{8BC9CEB8-8B4A-11D0-8D11-00A0C91BC942}") = "ALL_BUILD", "ALL_BUILD.vcxproj", "{1716A179-6822-3F9C-B9A0-97955056A67A}"
	ProjectSection(ProjectDependencies) = postProject
		{61DAB0E7-5D7C-3C0E-AAF2-568B1951580E} = {61DAB0E7-5D7C-3C0E-AAF2-568B1951580E}
		{90F5A05F-4463-31F2-8C2B-D47AD49D4D4C} = {90F5A05F-4463-31F2-8C2B-D47AD49D4D4C}
	EndProjectSection
EndProject
Project("{8BC9CEB8-8B4A-11D0-8D11-00A0C91BC942}") = "INSTALL", "INSTALL.vcxproj", "{36FB5D9B-FCA0-3B72-98C2-C7AD4D5482B6}"
	ProjectSection(ProjectDependencies) = postProject
		{1716A179-6822-3F9C-B9A0-97955056A67A} = {1716A179-6822-3F9C-B9A0-97955056A67A}
		{61DAB0E7-5D7C-3C0E-AAF2-568B1951580E} = {61DAB0E7-5D7C-3C0E-AAF2-568B1951580E}
	EndProjectSection
EndProject
Project("{8BC9CEB8-8B4A-11D0-8D11-00A0C91BC942}") = "ZERO_CHECK", "..\..\..\\ZERO_CHECK.vcxproj", "{61DAB0E7-5D7C-3C0E-AAF2-568B1951580E}"
	ProjectSection(ProjectDependencies) = postProject
	EndProjectSection
EndProject
Project("{8BC9CEB8-8B4A-11D0-8D11-00A0C91BC942}") = "worldmap", "worldmap.vcxproj", "{90F5A05F-4463-31F2-8C2B-D47AD49D4D4C}"
	ProjectSection(ProjectDependencies) = postProject
		{61DAB0E7-5D7C-3C0E-AAF2-568B1951580E} = {61DAB0E7-5D7C-3C0E-AAF2-568B1951580E}
	EndProjectSection
EndProject
Global
	GlobalSection(SolutionConfigurationPlatforms) = preSolution
		Debug|x64 = Debug|x64
		Release|x64 = Release|x64
		MinSizeRel|x64 = MinSizeRel|x64
		RelWithDebInfo|x64 = RelWithDebInfo|x64
	EndGlobalSection
	GlobalSection(ProjectConfigurationPlatforms) = postSolution
		{1716A179-6822-3F9C-B9A0-97955056A67A}.Debug|x64.ActiveCfg = Debug|x64
		{1716A179-6822-3F9C-B9A0-97955056A67A}.Debug|x64.Build.0 = Debug|x64
		{1716A179-6822-3F9C-B9A0-97955056A67A}.Release|x64.ActiveCfg = Release|x64
		{1716A179-6822-3F9C-B9A0-97955056A67A}.Release|x64.Build.0 = Release|x64
		{1716A179-6822-3F9C-B9A0-97955056A67A}.MinSizeRel|x64.ActiveCfg = MinSizeRel|x64
		{1716A179-6822-3F9C-B9A0-97955056A67A}.MinSizeRel|x64.Build.0 = MinSizeRel|x64
		{1716A179-6822-3F9C-B9A0-97955056A67A}.RelWithDebInfo|x64.ActiveCfg = RelWithDebInfo|x64
		{1716A179-6822-3F9C-B9A0-97955056A67A}.RelWithDebInfo|x64.Build.0 = RelWithDebInfo|x64
		{36FB5D9B-FCA0-3B72-98C2-C7AD4D5482B6}.Debug|x64.ActiveCfg = Debug|x64
		{36FB5D9B-FCA0-3B72-98C2-C7AD4D5482B6}.Release|x64.ActiveCfg = Release|x64
		{36FB5D9B-FCA0-3B72-98C2-C7AD4D5482B6}.MinSizeRel|x64.ActiveCfg = MinSizeRel|x64
		{36FB5D9B-FCA0-3B72-98C2-C7AD4D5482B6}.RelWithDebInfo|x64.ActiveCfg = RelWithDebInfo|x64
		{61DAB0E7-5D7C-3C0E-AAF2-568B1951580E}.Debug|x64.ActiveCfg = Debug|x64
		{61DAB0E7-5D7C-3C0E-AAF2-568B1951580E}.Debug|x64.Build.0 = Debug|x64
		{61DAB0E7-5D7C-3C0E-AAF2-568B1951580E}.Release|x64.ActiveCfg = Release|x64
		{61DAB0E7-5D7C-3C0E-AAF2-568B1951580E}.Release|x64.Build.0 = Release|x64
		{61DAB0E7-5D7C-3C0E-AAF2-568B1951580E}.MinSizeRel|x64.ActiveCfg = MinSizeRel|x64
		{61DAB0E7-5D7C-3C0E-AAF2-568B1951580E}.MinSizeRel|x64.Build.0 = MinSizeRel|x64
		{61DAB0E7-5D7C-3C0E-AAF2-568B1951580E}.RelWithDebInfo|x64.ActiveCfg = RelWithDebInfo|x64
		{61DAB0E7-5D7C-3C0E-AAF2-568B1951580E}.RelWithDebInfo|x64.Build.0 = RelWithDebInfo|x64
		{90F5A05F-4463-31F2-8C2B-D47AD49D4D4C}.Debug|x64.ActiveCfg = Debug|x64
		{90F5A05F-4463-31F2-8C2B-D47AD49D4D4C}.Debug|x64.Build.0 = Debug|x64
		{90F5A05F-4463-31F2-8C2B-D47AD49D4D4C}.Release|x64.ActiveCfg = Release|x64
		{90F5A05F-4463-31F2-8C2B-D47AD49D4D4C}.Release|x64.Build.0 = Release|x64
		{90F5A05F-4463-31F2-8C2B-D47AD49D4D4C}.MinSizeRel|x64.ActiveCfg = MinSizeRel|x64
		{90F5A05F-4463-31F2-8C2B-D47AD49D4D4C}.MinSizeRel|x64.Build.0 = MinSizeRel|x64
		{90F5A05F-4463-31F2-8C2B-D47AD49D4D4C}.RelWithDebInfo|x64.ActiveCfg = RelWithDebInfo|x64
		{90F5A05F-4463-31F2-8C2B-D47AD49D4D4C}.RelWithDebInfo|x64.Build.0 = RelWithDebInfo|x64
	EndGlobalSection
	GlobalSection(NestedProjects) = preSolution
		{1716A179-6822-3F9C-B9A0-97955056A67A} = {D551FFF4-BFC4-38FA-AC85-A183D8DFBA98}
		{36FB5D9B-FCA0-3B72-98C2-C7AD4D5482B6} = {D551FFF4-BFC4-38FA-AC85-A183D8DFBA98}
		{61DAB0E7-5D7C-3C0E-AAF2-568B1951580E} = {D551FFF4-BFC4-38FA-AC85-A183D8DFBA98}
	EndGlobalSection
	GlobalSection(ExtensibilityGlobals) = postSolution
		SolutionGuid = {0AFBCEDA-2AD9-3D22-84E5-C60DBA9DC9CC}
	EndGlobalSection
	GlobalSection(ExtensibilityAddIns) = postSolution
	EndGlobalSection
EndGlobal
