<?xml version="1.0" encoding="utf-8"?>
<Project ToolsVersion="16.0" xmlns="http://schemas.microsoft.com/developer/msbuild/2003">
  <ItemGroup>
    <ClCompile Include="C:\Source\storm-engine\src\libs\WORLDMAP\WdmCamera.cpp">
      <Filter>Source Files</Filter>
    </ClCompile>
    <ClCompile Include="C:\Source\storm-engine\src\libs\WORLDMAP\WdmCameraStdCtrl.cpp">
      <Filter>Source Files</Filter>
    </ClCompile>
    <ClCompile Include="C:\Source\storm-engine\src\libs\WORLDMAP\WdmCloud.cpp">
      <Filter>Source Files</Filter>
    </ClCompile>
    <ClCompile Include="C:\Source\storm-engine\src\libs\WORLDMAP\WdmClouds.cpp">
      <Filter>Source Files</Filter>
    </ClCompile>
    <ClCompile Include="C:\Source\storm-engine\src\libs\WORLDMAP\WdmCounter.cpp">
      <Filter>Source Files</Filter>
    </ClCompile>
    <ClCompile Include="C:\Source\storm-engine\src\libs\WORLDMAP\WdmEnemyShip.cpp">
      <Filter>Source Files</Filter>
    </ClCompile>
    <ClCompile Include="C:\Source\storm-engine\src\libs\WORLDMAP\WdmFollowShip.cpp">
      <Filter>Source Files</Filter>
    </ClCompile>
    <ClCompile Include="C:\Source\storm-engine\src\libs\WORLDMAP\WdmIcon.cpp">
      <Filter>Source Files</Filter>
    </ClCompile>
    <ClCompile Include="C:\Source\storm-engine\src\libs\WORLDMAP\WdmInterfaceObject.cpp">
      <Filter>Source Files</Filter>
    </ClCompile>
    <ClCompile Include="C:\Source\storm-engine\src\libs\WORLDMAP\WdmIslands.cpp">
      <Filter>Source Files</Filter>
    </ClCompile>
    <ClCompile Include="C:\Source\storm-engine\src\libs\WORLDMAP\WdmMerchantShip.cpp">
      <Filter>Source Files</Filter>
    </ClCompile>
    <ClCompile Include="C:\Source\storm-engine\src\libs\WORLDMAP\WdmObjects.cpp">
      <Filter>Source Files</Filter>
    </ClCompile>
    <ClCompile Include="C:\Source\storm-engine\src\libs\WORLDMAP\WdmPlayerShip.cpp">
      <Filter>Source Files</Filter>
    </ClCompile>
    <ClCompile Include="C:\Source\storm-engine\src\libs\WORLDMAP\WdmRenderModel.cpp">
      <Filter>Source Files</Filter>
    </ClCompile>
    <ClCompile Include="C:\Source\storm-engine\src\libs\WORLDMAP\WdmRenderObject.cpp">
      <Filter>Source Files</Filter>
    </ClCompile>
    <ClCompile Include="C:\Source\storm-engine\src\libs\WORLDMAP\WdmSea.cpp">
      <Filter>Source Files</Filter>
    </ClCompile>
    <ClCompile Include="C:\Source\storm-engine\src\libs\WORLDMAP\WdmShip.cpp">
      <Filter>Source Files</Filter>
    </ClCompile>
    <ClCompile Include="C:\Source\storm-engine\src\libs\WORLDMAP\WdmStorm.cpp">
      <Filter>Source Files</Filter>
    </ClCompile>
    <ClCompile Include="C:\Source\storm-engine\src\libs\WORLDMAP\WdmStormCloud.cpp">
      <Filter>Source Files</Filter>
    </ClCompile>
    <ClCompile Include="C:\Source\storm-engine\src\libs\WORLDMAP\WdmWarringShip.cpp">
      <Filter>Source Files</Filter>
    </ClCompile>
    <ClCompile Include="C:\Source\storm-engine\src\libs\WORLDMAP\WdmWindRose.cpp">
      <Filter>Source Files</Filter>
    </ClCompile>
    <ClCompile Include="C:\Source\storm-engine\src\libs\WORLDMAP\WdmWindUI.cpp">
      <Filter>Source Files</Filter>
    </ClCompile>
    <ClCompile Include="C:\Source\storm-engine\src\libs\WORLDMAP\WorldMap.cpp">
      <Filter>Source Files</Filter>
    </ClCompile>
  </ItemGroup>
  <ItemGroup>
    <ClInclude Include="C:\Source\storm-engine\src\libs\WORLDMAP\ptc.h">
      <Filter>Header Files</Filter>
    </ClInclude>
    <ClInclude Include="C:\Source\storm-engine\src\libs\WORLDMAP\WdmCamera.h">
      <Filter>Header Files</Filter>
    </ClInclude>
    <ClInclude Include="C:\Source\storm-engine\src\libs\WORLDMAP\WdmCameraStdCtrl.h">
      <Filter>Header Files</Filter>
    </ClInclude>
    <ClInclude Include="C:\Source\storm-engine\src\libs\WORLDMAP\WdmCloud.h">
      <Filter>Header Files</Filter>
    </ClInclude>
    <ClInclude Include="C:\Source\storm-engine\src\libs\WORLDMAP\WdmClouds.h">
      <Filter>Header Files</Filter>
    </ClInclude>
    <ClInclude Include="C:\Source\storm-engine\src\libs\WORLDMAP\WdmCounter.h">
      <Filter>Header Files</Filter>
    </ClInclude>
    <ClInclude Include="C:\Source\storm-engine\src\libs\WORLDMAP\WdmDateLabel.h">
      <Filter>Header Files</Filter>
    </ClInclude>
    <ClInclude Include="C:\Source\storm-engine\src\libs\WORLDMAP\WdmEnemyShip.h">
      <Filter>Header Files</Filter>
    </ClInclude>
    <ClInclude Include="C:\Source\storm-engine\src\libs\WORLDMAP\WdmFollowShip.h">
      <Filter>Header Files</Filter>
    </ClInclude>
    <ClInclude Include="C:\Source\storm-engine\src\libs\WORLDMAP\WdmIcon.h">
      <Filter>Header Files</Filter>
    </ClInclude>
    <ClInclude Include="C:\Source\storm-engine\src\libs\WORLDMAP\WdmInterfaceObject.h">
      <Filter>Header Files</Filter>
    </ClInclude>
    <ClInclude Include="C:\Source\storm-engine\src\libs\WORLDMAP\WdmIslands.h">
      <Filter>Header Files</Filter>
    </ClInclude>
    <ClInclude Include="C:\Source\storm-engine\src\libs\WORLDMAP\WdmMerchantShip.h">
      <Filter>Header Files</Filter>
    </ClInclude>
    <ClInclude Include="C:\Source\storm-engine\src\libs\WORLDMAP\WdmObjects.h">
      <Filter>Header Files</Filter>
    </ClInclude>
    <ClInclude Include="C:\Source\storm-engine\src\libs\WORLDMAP\WdmObjectsWind.h">
      <Filter>Header Files</Filter>
    </ClInclude>
    <ClInclude Include="C:\Source\storm-engine\src\libs\WORLDMAP\WdmPlayerShip.h">
      <Filter>Header Files</Filter>
    </ClInclude>
    <ClInclude Include="C:\Source\storm-engine\src\libs\WORLDMAP\WdmRenderModel.h">
      <Filter>Header Files</Filter>
    </ClInclude>
    <ClInclude Include="C:\Source\storm-engine\src\libs\WORLDMAP\WdmRenderObject.h">
      <Filter>Header Files</Filter>
    </ClInclude>
    <ClInclude Include="C:\Source\storm-engine\src\libs\WORLDMAP\WdmSea.h">
      <Filter>Header Files</Filter>
    </ClInclude>
    <ClInclude Include="C:\Source\storm-engine\src\libs\WORLDMAP\WdmShip.h">
      <Filter>Header Files</Filter>
    </ClInclude>
    <ClInclude Include="C:\Source\storm-engine\src\libs\WORLDMAP\WdmStorm.h">
      <Filter>Header Files</Filter>
    </ClInclude>
    <ClInclude Include="C:\Source\storm-engine\src\libs\WORLDMAP\WdmStormCloud.h">
      <Filter>Header Files</Filter>
    </ClInclude>
    <ClInclude Include="C:\Source\storm-engine\src\libs\WORLDMAP\WdmWarringShip.h">
      <Filter>Header Files</Filter>
    </ClInclude>
    <ClInclude Include="C:\Source\storm-engine\src\libs\WORLDMAP\WdmWindRose.h">
      <Filter>Header Files</Filter>
    </ClInclude>
    <ClInclude Include="C:\Source\storm-engine\src\libs\WORLDMAP\WdmWindUI.h">
      <Filter>Header Files</Filter>
    </ClInclude>
    <ClInclude Include="C:\Source\storm-engine\src\libs\WORLDMAP\WorldMap.h">
      <Filter>Header Files</Filter>
    </ClInclude>
  </ItemGroup>
  <ItemGroup>
    <CustomBuild Include="C:\Source\storm-engine\src\libs\WORLDMAP\CMakeLists.txt" />
  </ItemGroup>
  <ItemGroup>
    <Filter Include="Header Files">
      <UniqueIdentifier>{CDD6755F-4D0F-3B12-B32A-D47DAF79F630}</UniqueIdentifier>
    </Filter>
    <Filter Include="Source Files">
      <UniqueIdentifier>{D270B47B-1C4E-327F-AD9D-6B10CA9C257F}</UniqueIdentifier>
    </Filter>
  </ItemGroup>
</Project>
