<?xml version="1.0" encoding="utf-8"?>
<Project ToolsVersion="16.0" xmlns="http://schemas.microsoft.com/developer/msbuild/2003">
  <ItemGroup>
    <ClCompile Include="C:\Source\storm-engine\src\libs\Particles\DataCache\DataCache.cpp">
      <Filter>Source Files</Filter>
    </ClCompile>
    <ClCompile Include="C:\Source\storm-engine\src\libs\Particles\GeomCache\GeomCache.cpp">
      <Filter>Source Files</Filter>
    </ClCompile>
    <ClCompile Include="C:\Source\storm-engine\src\libs\Particles\K2Wrapper\particles.cpp">
      <Filter>Source Files</Filter>
    </ClCompile>
    <ClCompile Include="C:\Source\storm-engine\src\libs\Particles\K2Wrapper\psystem.cpp">
      <Filter>Source Files</Filter>
    </ClCompile>
    <ClCompile Include="C:\Source\storm-engine\src\libs\Particles\Manager\particlemanager.cpp">
      <Filter>Source Files</Filter>
    </ClCompile>
    <ClCompile Include="C:\Source\storm-engine\src\libs\Particles\Service\particleservice.cpp">
      <Filter>Source Files</Filter>
    </ClCompile>
    <ClCompile Include="C:\Source\storm-engine\src\libs\Particles\System\DataDesc\data_desc.cpp">
      <Filter>Source Files</Filter>
    </ClCompile>
    <ClCompile Include="C:\Source\storm-engine\src\libs\Particles\System\DataSource\DataBool.cpp">
      <Filter>Source Files</Filter>
    </ClCompile>
    <ClCompile Include="C:\Source\storm-engine\src\libs\Particles\System\DataSource\DataColor.cpp">
      <Filter>Source Files</Filter>
    </ClCompile>
    <ClCompile Include="C:\Source\storm-engine\src\libs\Particles\System\DataSource\DataFloat.cpp">
      <Filter>Source Files</Filter>
    </ClCompile>
    <ClCompile Include="C:\Source\storm-engine\src\libs\Particles\System\DataSource\DataGraph.cpp">
      <Filter>Source Files</Filter>
    </ClCompile>
    <ClCompile Include="C:\Source\storm-engine\src\libs\Particles\System\DataSource\DataPosition.cpp">
      <Filter>Source Files</Filter>
    </ClCompile>
    <ClCompile Include="C:\Source\storm-engine\src\libs\Particles\System\DataSource\DataSource.cpp">
      <Filter>Source Files</Filter>
    </ClCompile>
    <ClCompile Include="C:\Source\storm-engine\src\libs\Particles\System\DataSource\DataString.cpp">
      <Filter>Source Files</Filter>
    </ClCompile>
    <ClCompile Include="C:\Source\storm-engine\src\libs\Particles\System\DataSource\DataUV.cpp">
      <Filter>Source Files</Filter>
    </ClCompile>
    <ClCompile Include="C:\Source\storm-engine\src\libs\Particles\System\DataSource\FieldList.cpp">
      <Filter>Source Files</Filter>
    </ClCompile>
    <ClCompile Include="C:\Source\storm-engine\src\libs\Particles\System\Emitters\base.cpp">
      <Filter>Source Files</Filter>
    </ClCompile>
    <ClCompile Include="C:\Source\storm-engine\src\libs\Particles\System\Emitters\point.cpp">
      <Filter>Source Files</Filter>
    </ClCompile>
    <ClCompile Include="C:\Source\storm-engine\src\libs\Particles\System\ParticleProcessor\bb_processor.cpp">
      <Filter>Source Files</Filter>
    </ClCompile>
    <ClCompile Include="C:\Source\storm-engine\src\libs\Particles\System\ParticleProcessor\mdl_processor.cpp">
      <Filter>Source Files</Filter>
    </ClCompile>
    <ClCompile Include="C:\Source\storm-engine\src\libs\Particles\System\ParticleSystem\particlesystem.cpp">
      <Filter>Source Files</Filter>
    </ClCompile>
  </ItemGroup>
  <ItemGroup>
    <ClInclude Include="C:\Source\storm-engine\src\libs\Particles\DataCache\DataCache.h">
      <Filter>Header Files</Filter>
    </ClInclude>
    <ClInclude Include="C:\Source\storm-engine\src\libs\Particles\GeomCache\GeomCache.h">
      <Filter>Header Files</Filter>
    </ClInclude>
    <ClInclude Include="C:\Source\storm-engine\src\libs\Particles\ICommon\BillBoard.h">
      <Filter>Header Files</Filter>
    </ClInclude>
    <ClInclude Include="C:\Source\storm-engine\src\libs\Particles\ICommon\ColorVertex.h">
      <Filter>Header Files</Filter>
    </ClInclude>
    <ClInclude Include="C:\Source\storm-engine\src\libs\Particles\ICommon\EditorTypes.h">
      <Filter>Header Files</Filter>
    </ClInclude>
    <ClInclude Include="C:\Source\storm-engine\src\libs\Particles\ICommon\GraphTime.h">
      <Filter>Header Files</Filter>
    </ClInclude>
    <ClInclude Include="C:\Source\storm-engine\src\libs\Particles\ICommon\GraphVertex.h">
      <Filter>Header Files</Filter>
    </ClInclude>
    <ClInclude Include="C:\Source\storm-engine\src\libs\Particles\ICommon\IEmitter.h">
      <Filter>Header Files</Filter>
    </ClInclude>
    <ClInclude Include="C:\Source\storm-engine\src\libs\Particles\ICommon\MemFile.h">
      <Filter>Header Files</Filter>
    </ClInclude>
    <ClInclude Include="C:\Source\storm-engine\src\libs\Particles\ICommon\Names.h">
      <Filter>Header Files</Filter>
    </ClInclude>
    <ClInclude Include="C:\Source\storm-engine\src\libs\Particles\ICommon\Particle.h">
      <Filter>Header Files</Filter>
    </ClInclude>
    <ClInclude Include="C:\Source\storm-engine\src\libs\Particles\ICommon\Types.h">
      <Filter>Header Files</Filter>
    </ClInclude>
    <ClInclude Include="C:\Source\storm-engine\src\libs\Particles\K2Wrapper\particles.h">
      <Filter>Header Files</Filter>
    </ClInclude>
    <ClInclude Include="C:\Source\storm-engine\src\libs\Particles\K2Wrapper\psystem.h">
      <Filter>Header Files</Filter>
    </ClInclude>
    <ClInclude Include="C:\Source\storm-engine\src\libs\Particles\Manager\particlemanager.h">
      <Filter>Header Files</Filter>
    </ClInclude>
    <ClInclude Include="C:\Source\storm-engine\src\libs\Particles\Service\particleservice.h">
      <Filter>Header Files</Filter>
    </ClInclude>
    <ClInclude Include="C:\Source\storm-engine\src\libs\Particles\System\DataDesc\data_desc.h">
      <Filter>Header Files</Filter>
    </ClInclude>
    <ClInclude Include="C:\Source\storm-engine\src\libs\Particles\System\DataSource\DataBool.h">
      <Filter>Header Files</Filter>
    </ClInclude>
    <ClInclude Include="C:\Source\storm-engine\src\libs\Particles\System\DataSource\DataColor.h">
      <Filter>Header Files</Filter>
    </ClInclude>
    <ClInclude Include="C:\Source\storm-engine\src\libs\Particles\System\DataSource\DataFloat.h">
      <Filter>Header Files</Filter>
    </ClInclude>
    <ClInclude Include="C:\Source\storm-engine\src\libs\Particles\System\DataSource\DataGraph.h">
      <Filter>Header Files</Filter>
    </ClInclude>
    <ClInclude Include="C:\Source\storm-engine\src\libs\Particles\System\DataSource\DataPosition.h">
      <Filter>Header Files</Filter>
    </ClInclude>
    <ClInclude Include="C:\Source\storm-engine\src\libs\Particles\System\DataSource\DataSource.h">
      <Filter>Header Files</Filter>
    </ClInclude>
    <ClInclude Include="C:\Source\storm-engine\src\libs\Particles\System\DataSource\DataString.h">
      <Filter>Header Files</Filter>
    </ClInclude>
    <ClInclude Include="C:\Source\storm-engine\src\libs\Particles\System\DataSource\DataUV.h">
      <Filter>Header Files</Filter>
    </ClInclude>
    <ClInclude Include="C:\Source\storm-engine\src\libs\Particles\System\DataSource\FieldList.h">
      <Filter>Header Files</Filter>
    </ClInclude>
    <ClInclude Include="C:\Source\storm-engine\src\libs\Particles\System\Emitters\base.h">
      <Filter>Header Files</Filter>
    </ClInclude>
    <ClInclude Include="C:\Source\storm-engine\src\libs\Particles\System\Emitters\point.h">
      <Filter>Header Files</Filter>
    </ClInclude>
    <ClInclude Include="C:\Source\storm-engine\src\libs\Particles\System\ParticleProcessor\bb_processor.h">
      <Filter>Header Files</Filter>
    </ClInclude>
    <ClInclude Include="C:\Source\storm-engine\src\libs\Particles\System\ParticleProcessor\mdl_processor.h">
      <Filter>Header Files</Filter>
    </ClInclude>
    <ClInclude Include="C:\Source\storm-engine\src\libs\Particles\System\ParticleProcessor\nameparser.h">
      <Filter>Header Files</Filter>
    </ClInclude>
    <ClInclude Include="C:\Source\storm-engine\src\libs\Particles\System\ParticleProcessor\physic.h">
      <Filter>Header Files</Filter>
    </ClInclude>
    <ClInclude Include="C:\Source\storm-engine\src\libs\Particles\System\ParticleSystem\particlesystem.h">
      <Filter>Header Files</Filter>
    </ClInclude>
  </ItemGroup>
  <ItemGroup>
    <CustomBuild Include="C:\Source\storm-engine\src\libs\Particles\CMakeLists.txt" />
  </ItemGroup>
  <ItemGroup>
    <Filter Include="Header Files">
      <UniqueIdentifier>{CDD6755F-4D0F-3B12-B32A-D47DAF79F630}</UniqueIdentifier>
    </Filter>
    <Filter Include="Source Files">
      <UniqueIdentifier>{D270B47B-1C4E-327F-AD9D-6B10CA9C257F}</UniqueIdentifier>
    </Filter>
  </ItemGroup>
</Project>
