<?xml version="1.0" encoding="utf-8"?>
<Project ToolsVersion="4.0" xmlns="http://schemas.microsoft.com/developer/msbuild/2003">
  <ItemGroup>
    <Filter Include="Source Files">
      <UniqueIdentifier>{58b0d716-0c14-4501-a8fa-45508d1387c9}</UniqueIdentifier>
      <Extensions>cpp;c;cxx;rc;def;r;odl;idl;hpj;bat</Extensions>
    </Filter>
    <Filter Include="Header Files">
      <UniqueIdentifier>{b910ee1d-e1b9-48d7-84ad-ec273285fc3b}</UniqueIdentifier>
      <Extensions>h;hpp;hxx;hm;inl</Extensions>
    </Filter>
    <Filter Include="Resource Files">
      <UniqueIdentifier>{3aa80803-77cc-4e4a-8ca8-501e43dba8ba}</UniqueIdentifier>
      <Extensions>ico;cur;bmp;dlg;rc2;rct;bin;rgs;gif;jpg;jpeg;jpe</Extensions>
    </Filter>
  </ItemGroup>
  <ItemGroup>
    <ClCompile Include="LGeometry.cpp">
      <Filter>Source Files</Filter>
    </ClCompile>
    <ClCompile Include="Lighter.cpp">
      <Filter>Source Files</Filter>
    </ClCompile>
    <ClCompile Include="LighterMain.cpp">
      <Filter>Source Files</Filter>
    </ClCompile>
    <ClCompile Include="LightProcessor.cpp">
      <Filter>Source Files</Filter>
    </ClCompile>
    <ClCompile Include="Lights.cpp">
      <Filter>Source Files</Filter>
    </ClCompile>
    <ClCompile Include="LObject.cpp">
      <Filter>Source Files</Filter>
    </ClCompile>
    <ClCompile Include="OctTree.cpp">
      <Filter>Source Files</Filter>
    </ClCompile>
    <ClCompile Include="Window.cpp">
      <Filter>Source Files</Filter>
    </ClCompile>
  </ItemGroup>
  <ItemGroup>
    <ClInclude Include="LGeometry.h">
      <Filter>Header Files</Filter>
    </ClInclude>
    <ClInclude Include="Lighter.h">
      <Filter>Header Files</Filter>
    </ClInclude>
    <ClInclude Include="LightProcessor.h">
      <Filter>Header Files</Filter>
    </ClInclude>
    <ClInclude Include="Lights.h">
      <Filter>Header Files</Filter>
    </ClInclude>
    <ClInclude Include="LObject.h">
      <Filter>Header Files</Filter>
    </ClInclude>
    <ClInclude Include="LTypes.h">
      <Filter>Header Files</Filter>
    </ClInclude>
    <ClInclude Include="OctTree.h">
      <Filter>Header Files</Filter>
    </ClInclude>
    <ClInclude Include="Window.h">
      <Filter>Header Files</Filter>
    </ClInclude>
  </ItemGroup>
</Project>