<?xml version="1.0" encoding="utf-8"?>
<Project ToolsVersion="4.0" xmlns="http://schemas.microsoft.com/developer/msbuild/2003">
  <ItemGroup>
    <Filter Include="Source Files">
      <UniqueIdentifier>{e01ffc13-3890-44fd-abe3-369e09ba2de2}</UniqueIdentifier>
      <Extensions>cpp;c;cxx;rc;def;r;odl;idl;hpj;bat</Extensions>
    </Filter>
    <Filter Include="Header Files">
      <UniqueIdentifier>{faa0d2c5-f2d2-4cf5-930b-9c52f9da6b1e}</UniqueIdentifier>
      <Extensions>h;hpp;hxx;hm;inl</Extensions>
    </Filter>
    <Filter Include="FMOD">
      <UniqueIdentifier>{130cb8e2-9e55-400c-b8f2-7613cef11c1a}</UniqueIdentifier>
    </Filter>
    <Filter Include="DLL">
      <UniqueIdentifier>{01e2424f-8044-4622-ba28-a81b15663f7e}</UniqueIdentifier>
    </Filter>
  </ItemGroup>
  <ItemGroup>
    <ClCompile Include="DebugEntity.cpp">
      <Filter>Source Files</Filter>
    </ClCompile>
    <ClCompile Include="..\Common_h\rands.cpp">
      <Filter>Source Files</Filter>
    </ClCompile>
    <ClCompile Include="SoundService.cpp">
      <Filter>Source Files</Filter>
    </ClCompile>
    <ClCompile Include="VSoundService.cpp">
      <Filter>Source Files</Filter>
    </ClCompile>
  </ItemGroup>
  <ItemGroup>
    <ClInclude Include="DebugEntity.h">
      <Filter>Header Files</Filter>
    </ClInclude>
    <ClInclude Include="SoundDefines.h">
      <Filter>Header Files</Filter>
    </ClInclude>
    <ClInclude Include="SoundService.h">
      <Filter>Header Files</Filter>
    </ClInclude>
    <ClInclude Include="VSound.h">
      <Filter>Header Files</Filter>
    </ClInclude>
    <ClInclude Include="VSoundService.h">
      <Filter>Header Files</Filter>
    </ClInclude>
    <ClInclude Include="Fmod20000\api\inc\fmod.h">
      <Filter>Header Files</Filter>
    </ClInclude>
    <ClInclude Include="Fmod20000\api\inc\fmod.hpp">
      <Filter>Header Files</Filter>
    </ClInclude>
    <ClInclude Include="Fmod20000\api\inc\fmod_codec.h">
      <Filter>Header Files</Filter>
    </ClInclude>
    <ClInclude Include="Fmod20000\api\inc\fmod_common.h">
      <Filter>Header Files</Filter>
    </ClInclude>
    <ClInclude Include="Fmod20000\api\inc\fmod_dsp.h">
      <Filter>Header Files</Filter>
    </ClInclude>
    <ClInclude Include="Fmod20000\api\inc\fmod_dsp_effects.h">
      <Filter>Header Files</Filter>
    </ClInclude>
    <ClInclude Include="Fmod20000\api\inc\fmod_errors.h">
      <Filter>Header Files</Filter>
    </ClInclude>
    <ClInclude Include="Fmod20000\api\inc\fmod_output.h">
      <Filter>Header Files</Filter>
    </ClInclude>
  </ItemGroup>
  <ItemGroup>
    <Library Include="Fmod20000\api\lib\x86\fmod_vc.lib" />
  </ItemGroup>
  <ItemGroup>
    <None Include="Fmod4\api\lib\which library do I use.txt">
      <Filter>FMOD</Filter>
    </None>
    <None Include="..\Engine\fmodex.dll">
      <Filter>DLL</Filter>
    </None>
  </ItemGroup>
</Project>