<?xml version="1.0" encoding="utf-8"?>
<Project ToolsVersion="4.0" xmlns="http://schemas.microsoft.com/developer/msbuild/2003">
  <ItemGroup>
    <Filter Include="Source">
      <UniqueIdentifier>{dff8c458-9cb0-4d24-962d-af9444c0b487}</UniqueIdentifier>
    </Filter>
    <Filter Include="Source\Ships">
      <UniqueIdentifier>{525b49e4-7ae9-4b6f-ba85-905ae131aa71}</UniqueIdentifier>
    </Filter>
    <Filter Include="Source\Ships\Base ship">
      <UniqueIdentifier>{b8aa052a-11f7-4aeb-a41f-48076d85eefe}</UniqueIdentifier>
    </Filter>
    <Filter Include="Source\Ships\Player ship">
      <UniqueIdentifier>{bb2e2beb-b001-46a5-9be8-9c5a9591fef4}</UniqueIdentifier>
    </Filter>
    <Filter Include="Source\Ships\Encounter ships">
      <UniqueIdentifier>{6c5ec97b-b7e2-4ccb-96c0-ac7a020a6c01}</UniqueIdentifier>
    </Filter>
    <Filter Include="Source\Ships\Encounter ships\Base enc. ship">
      <UniqueIdentifier>{76944928-ceea-4315-a63c-b8f845aec83b}</UniqueIdentifier>
    </Filter>
    <Filter Include="Source\Ships\Encounter ships\Merchant">
      <UniqueIdentifier>{7e2ca794-67d7-4efa-8ee0-499d595a15d1}</UniqueIdentifier>
    </Filter>
    <Filter Include="Source\Ships\Encounter ships\Follow">
      <UniqueIdentifier>{484472af-ac3a-479b-8211-4bb3d16de1db}</UniqueIdentifier>
    </Filter>
    <Filter Include="Source\Ships\Encounter ships\Warring">
      <UniqueIdentifier>{2d8bdec6-2e84-4b60-95f2-88126cf26d55}</UniqueIdentifier>
    </Filter>
    <Filter Include="Source\Camera">
      <UniqueIdentifier>{2b9e1acb-9629-4c5d-8931-fc71d3d4f8ff}</UniqueIdentifier>
    </Filter>
    <Filter Include="Source\Interface">
      <UniqueIdentifier>{28146406-3c24-4d84-955f-e98dc978610b}</UniqueIdentifier>
    </Filter>
    <Filter Include="Source\Interface\Base interface">
      <UniqueIdentifier>{f86b5872-1051-49b6-9cde-40ce3b3ff919}</UniqueIdentifier>
    </Filter>
    <Filter Include="Source\Interface\Icon">
      <UniqueIdentifier>{40e945f8-727b-41d3-af6f-9014a2e36889}</UniqueIdentifier>
    </Filter>
    <Filter Include="Source\Interface\Counter">
      <UniqueIdentifier>{4fb53182-ab6d-47e8-a3a3-c057a155f55d}</UniqueIdentifier>
    </Filter>
    <Filter Include="Source\Interface\Wind rose">
      <UniqueIdentifier>{326a8d54-d842-4cc3-bc64-69422a3b1b5a}</UniqueIdentifier>
    </Filter>
    <Filter Include="Source\Interface\Old interfaces">
      <UniqueIdentifier>{fa2ed2f8-1923-4fbf-9669-936c74623db1}</UniqueIdentifier>
    </Filter>
    <Filter Include="Source\Interface\Old interfaces\Date label">
      <UniqueIdentifier>{072f8f93-415a-463e-ba87-5cb5257d0988}</UniqueIdentifier>
    </Filter>
    <Filter Include="Source\Interface\Old interfaces\Event window">
      <UniqueIdentifier>{1a307795-9ea7-4372-989f-b98e57ecbdc6}</UniqueIdentifier>
    </Filter>
    <Filter Include="Source\Interface\Wind UI">
      <UniqueIdentifier>{1f87e8ac-ac39-442e-bd81-c87e0f5bd50d}</UniqueIdentifier>
    </Filter>
    <Filter Include="Source\Islands">
      <UniqueIdentifier>{7ac74c6a-5d03-4f80-9d73-e71e215c0550}</UniqueIdentifier>
    </Filter>
    <Filter Include="Source\Clouds">
      <UniqueIdentifier>{3d0fb470-1cbd-426d-9ba0-f2c6fb6bb67f}</UniqueIdentifier>
    </Filter>
    <Filter Include="Source\Clouds\Storm">
      <UniqueIdentifier>{29dd49f6-db32-4b6c-9de5-a18156903b43}</UniqueIdentifier>
    </Filter>
    <Filter Include="Source\Sea">
      <UniqueIdentifier>{e545125f-396e-43a5-803c-b29a7a5d8305}</UniqueIdentifier>
    </Filter>
    <Filter Include="Source\Base">
      <UniqueIdentifier>{010b714f-eba2-4108-8b03-b056a68c6a74}</UniqueIdentifier>
    </Filter>
    <Filter Include="Source\Base\Base objects">
      <UniqueIdentifier>{dc7187b7-5ecb-4afb-bf48-3724f0a4bc38}</UniqueIdentifier>
    </Filter>
    <Filter Include="Source\Base\Global">
      <UniqueIdentifier>{bcce50a9-8db7-4651-8f8b-531c68b218b5}</UniqueIdentifier>
    </Filter>
    <Filter Include="Source\templates">
      <UniqueIdentifier>{a158f3fc-f779-4f50-b308-dd36993065f1}</UniqueIdentifier>
    </Filter>
    <Filter Include="Source\math">
      <UniqueIdentifier>{833e5139-06e0-4128-a3e0-3fa679027ad4}</UniqueIdentifier>
    </Filter>
    <Filter Include="Source\PtcData">
      <UniqueIdentifier>{0acfaf48-f7bd-4436-aa1a-7f558c616a1d}</UniqueIdentifier>
    </Filter>
    <Filter Include="Techniques">
      <UniqueIdentifier>{17298eed-6597-4eb5-a9c5-cfa7b2f3d396}</UniqueIdentifier>
    </Filter>
  </ItemGroup>
  <ItemGroup>
    <ClCompile Include="WdmShip.cpp">
      <Filter>Source\Ships\Base ship</Filter>
    </ClCompile>
    <ClCompile Include="WdmPlayerShip.cpp">
      <Filter>Source\Ships\Player ship</Filter>
    </ClCompile>
    <ClCompile Include="WdmEnemyShip.cpp">
      <Filter>Source\Ships\Encounter ships\Base enc. ship</Filter>
    </ClCompile>
    <ClCompile Include="WdmMerchantShip.cpp">
      <Filter>Source\Ships\Encounter ships\Merchant</Filter>
    </ClCompile>
    <ClCompile Include="WdmFollowShip.cpp">
      <Filter>Source\Ships\Encounter ships\Follow</Filter>
    </ClCompile>
    <ClCompile Include="WdmWarringShip.cpp">
      <Filter>Source\Ships\Encounter ships\Warring</Filter>
    </ClCompile>
    <ClCompile Include="WdmCamera.cpp">
      <Filter>Source\Camera</Filter>
    </ClCompile>
    <ClCompile Include="WdmCameraStdCtrl.cpp">
      <Filter>Source\Camera</Filter>
    </ClCompile>
    <ClCompile Include="WdmInterfaceObject.cpp">
      <Filter>Source\Interface\Base interface</Filter>
    </ClCompile>
    <ClCompile Include="WdmIcon.cpp">
      <Filter>Source\Interface\Icon</Filter>
    </ClCompile>
    <ClCompile Include="WdmCounter.cpp">
      <Filter>Source\Interface\Counter</Filter>
    </ClCompile>
    <ClCompile Include="WdmWindRose.cpp">
      <Filter>Source\Interface\Wind rose</Filter>
    </ClCompile>
    <ClCompile Include="WdmDateLabel.cpp">
      <Filter>Source\Interface\Old interfaces\Date label</Filter>
    </ClCompile>
    <ClCompile Include="WdmEventWindow.cpp">
      <Filter>Source\Interface\Old interfaces\Event window</Filter>
    </ClCompile>
    <ClCompile Include="WdmWindUI.cpp">
      <Filter>Source\Interface\Wind UI</Filter>
    </ClCompile>
    <ClCompile Include="WdmIslands.cpp">
      <Filter>Source\Islands</Filter>
    </ClCompile>
    <ClCompile Include="WdmClouds.cpp">
      <Filter>Source\Clouds</Filter>
    </ClCompile>
    <ClCompile Include="WdmCloud.cpp">
      <Filter>Source\Clouds\Storm</Filter>
    </ClCompile>
    <ClCompile Include="WdmStorm.cpp">
      <Filter>Source\Clouds\Storm</Filter>
    </ClCompile>
    <ClCompile Include="WdmSea.cpp">
      <Filter>Source\Sea</Filter>
    </ClCompile>
    <ClCompile Include="WoldMapMain.cpp">
      <Filter>Source\Base</Filter>
    </ClCompile>
    <ClCompile Include="WorldMap.cpp">
      <Filter>Source\Base</Filter>
    </ClCompile>
    <ClCompile Include="WdmRenderModel.cpp">
      <Filter>Source\Base\Base objects</Filter>
    </ClCompile>
    <ClCompile Include="WdmRenderObject.cpp">
      <Filter>Source\Base\Base objects</Filter>
    </ClCompile>
    <ClCompile Include="WdmObjects.cpp">
      <Filter>Source\Base\Global</Filter>
    </ClCompile>
    <ClCompile Include="PtcData.cpp">
      <Filter>Source\PtcData</Filter>
    </ClCompile>
  </ItemGroup>
  <ItemGroup>
    <ClInclude Include="WdmShip.h">
      <Filter>Source\Ships\Base ship</Filter>
    </ClInclude>
    <ClInclude Include="WdmPlayerShip.h">
      <Filter>Source\Ships\Player ship</Filter>
    </ClInclude>
    <ClInclude Include="WdmEnemyShip.h">
      <Filter>Source\Ships\Encounter ships\Base enc. ship</Filter>
    </ClInclude>
    <ClInclude Include="WdmMerchantShip.h">
      <Filter>Source\Ships\Encounter ships\Merchant</Filter>
    </ClInclude>
    <ClInclude Include="WdmFollowShip.h">
      <Filter>Source\Ships\Encounter ships\Follow</Filter>
    </ClInclude>
    <ClInclude Include="WdmWarringShip.h">
      <Filter>Source\Ships\Encounter ships\Warring</Filter>
    </ClInclude>
    <ClInclude Include="WdmCamera.h">
      <Filter>Source\Camera</Filter>
    </ClInclude>
    <ClInclude Include="WdmCameraStdCtrl.h">
      <Filter>Source\Camera</Filter>
    </ClInclude>
    <ClInclude Include="WdmInterfaceObject.h">
      <Filter>Source\Interface\Base interface</Filter>
    </ClInclude>
    <ClInclude Include="WdmIcon.h">
      <Filter>Source\Interface\Icon</Filter>
    </ClInclude>
    <ClInclude Include="WdmCounter.h">
      <Filter>Source\Interface\Counter</Filter>
    </ClInclude>
    <ClInclude Include="WdmWindRose.h">
      <Filter>Source\Interface\Wind rose</Filter>
    </ClInclude>
    <ClInclude Include="WdmDateLabel.h">
      <Filter>Source\Interface\Old interfaces\Date label</Filter>
    </ClInclude>
    <ClInclude Include="WdmEventWindow.h">
      <Filter>Source\Interface\Old interfaces\Event window</Filter>
    </ClInclude>
    <ClInclude Include="WdmWindUI.h">
      <Filter>Source\Interface\Wind UI</Filter>
    </ClInclude>
    <ClInclude Include="WdmIslands.h">
      <Filter>Source\Islands</Filter>
    </ClInclude>
    <ClInclude Include="WdmClouds.h">
      <Filter>Source\Clouds</Filter>
    </ClInclude>
    <ClInclude Include="WdmCloud.h">
      <Filter>Source\Clouds\Storm</Filter>
    </ClInclude>
    <ClInclude Include="WdmStorm.h">
      <Filter>Source\Clouds\Storm</Filter>
    </ClInclude>
    <ClInclude Include="WdmSea.h">
      <Filter>Source\Sea</Filter>
    </ClInclude>
    <ClInclude Include="WorldMap.h">
      <Filter>Source\Base</Filter>
    </ClInclude>
    <ClInclude Include="WdmRenderModel.h">
      <Filter>Source\Base\Base objects</Filter>
    </ClInclude>
    <ClInclude Include="WdmRenderObject.h">
      <Filter>Source\Base\Base objects</Filter>
    </ClInclude>
    <ClInclude Include="WdmObjects.h">
      <Filter>Source\Base\Global</Filter>
    </ClInclude>
    <ClInclude Include="WdmObjectsWind.h">
      <Filter>Source\Base\Global</Filter>
    </ClInclude>
    <ClInclude Include="..\Common_h\templates\Array.h">
      <Filter>Source\templates</Filter>
    </ClInclude>
    <ClInclude Include="..\Common_h\templates\dtimer.h">
      <Filter>Source\templates</Filter>
    </ClInclude>
    <ClInclude Include="..\Common_h\templates\HTable.h">
      <Filter>Source\templates</Filter>
    </ClInclude>
    <ClInclude Include="..\Common_h\templates\map.h">
      <Filter>Source\templates</Filter>
    </ClInclude>
    <ClInclude Include="..\Common_h\templates\stack.h">
      <Filter>Source\templates</Filter>
    </ClInclude>
    <ClInclude Include="..\Common_h\templates\string.h">
      <Filter>Source\templates</Filter>
    </ClInclude>
    <ClInclude Include="..\Common_h\templates\tcommon.h">
      <Filter>Source\templates</Filter>
    </ClInclude>
    <ClInclude Include="..\Common_h\Cvector.h">
      <Filter>Source\math</Filter>
    </ClInclude>
    <ClInclude Include="..\Common_h\CVector4.h">
      <Filter>Source\math</Filter>
    </ClInclude>
    <ClInclude Include="..\Common_h\Matrix.h">
      <Filter>Source\math</Filter>
    </ClInclude>
    <ClInclude Include="ptc.h">
      <Filter>Source\PtcData</Filter>
    </ClInclude>
    <ClInclude Include="PtcData.h">
      <Filter>Source\PtcData</Filter>
    </ClInclude>
  </ItemGroup>
  <ItemGroup>
    <None Include="..\ENGINE\Modules\Techniques\worldmap.sha">
      <Filter>Techniques</Filter>
    </None>
    <None Include="..\Engine\Modules\Techniques\Effects\worldmap.sha">
      <Filter>Techniques</Filter>
    </None>
  </ItemGroup>
</Project>